{
  "version": 4,
  "terraform_version": "1.4.2",
  "serial": 123,
  "lineage": "ff5d267d-af46-414c-3f9e-1a65c167c052",
  "outputs": {},
  "resources": [
    {
      "module": "module.Rg-Dev",
      "mode": "managed",
      "type": "azurerm_resource_group",
      "name": "main",
      "provider": "provider[\"registry.terraform.io/hashicorp/azurerm\"]",
      "instances": [
        {
          "schema_version": 0,
          "attributes": {
            "id": "/subscriptions/645e3697-d061-4897-b45f-c300b23e9b77/resourceGroups/Rg-Dev",
            "location": "eastus",
            "name": "Rg-Dev",
            "tags": {},
            "timeouts": null
          },
          "sensitive_attributes": [],
          "private": "eyJlMmJmYjczMC1lY2FhLTExZTYtOGY4OC0zNDM2M2JjN2M0YzAiOnsiY3JlYXRlIjo1NDAwMDAwMDAwMDAwLCJkZWxldGUiOjU0MDAwMDAwMDAwMDAsInJlYWQiOjMwMDAwMDAwMDAwMCwidXBkYXRlIjo1NDAwMDAwMDAwMDAwfX0="
        }
      ]
    },
    {
      "module": "module.Rg-Integration",
      "mode": "managed",
      "type": "azurerm_resource_group",
      "name": "main",
      "provider": "provider[\"registry.terraform.io/hashicorp/azurerm\"]",
      "instances": [
        {
          "schema_version": 0,
          "attributes": {
            "id": "/subscriptions/645e3697-d061-4897-b45f-c300b23e9b77/resourceGroups/Rg-Integration",
            "location": "eastus",
            "name": "Rg-Integration",
            "tags": {},
            "timeouts": null
          },
          "sensitive_attributes": [],
          "private": "eyJlMmJmYjczMC1lY2FhLTExZTYtOGY4OC0zNDM2M2JjN2M0YzAiOnsiY3JlYXRlIjo1NDAwMDAwMDAwMDAwLCJkZWxldGUiOjU0MDAwMDAwMDAwMDAsInJlYWQiOjMwMDAwMDAwMDAwMCwidXBkYXRlIjo1NDAwMDAwMDAwMDAwfX0="
        }
      ]
    },
    {
      "module": "module.Rg-Production",
      "mode": "managed",
      "type": "azurerm_resource_group",
      "name": "main",
      "provider": "provider[\"registry.terraform.io/hashicorp/azurerm\"]",
      "instances": [
        {
          "schema_version": 0,
          "attributes": {
            "id": "/subscriptions/645e3697-d061-4897-b45f-c300b23e9b77/resourceGroups/Rg-Production",
            "location": "eastus",
            "name": "Rg-Production",
            "tags": {},
            "timeouts": null
          },
          "sensitive_attributes": [],
          "private": "eyJlMmJmYjczMC1lY2FhLTExZTYtOGY4OC0zNDM2M2JjN2M0YzAiOnsiY3JlYXRlIjo1NDAwMDAwMDAwMDAwLCJkZWxldGUiOjU0MDAwMDAwMDAwMDAsInJlYWQiOjMwMDAwMDAwMDAwMCwidXBkYXRlIjo1NDAwMDAwMDAwMDAwfX0="
        }
      ]
    },
    {
      "module": "module.aks-Integration",
      "mode": "managed",
      "type": "azurerm_kubernetes_cluster",
      "name": "aks",
      "provider": "provider[\"registry.terraform.io/hashicorp/azurerm\"]",
      "instances": [
        {
          "schema_version": 2,
          "attributes": {
            "aci_connector_linux": [],
            "api_server_access_profile": [],
            "api_server_authorized_ip_ranges": [],
            "auto_scaler_profile": [],
            "automatic_channel_upgrade": "",
            "azure_active_directory_role_based_access_control": [],
            "azure_policy_enabled": null,
            "confidential_computing": [],
            "default_node_pool": [
              {
                "capacity_reservation_group_id": "",
                "custom_ca_trust_enabled": false,
                "enable_auto_scaling": false,
                "enable_host_encryption": false,
                "enable_node_public_ip": false,
                "fips_enabled": false,
                "host_group_id": "",
                "kubelet_config": [],
                "kubelet_disk_type": "OS",
                "linux_os_config": [],
                "max_count": 0,
                "max_pods": 110,
                "message_of_the_day": "",
                "min_count": 0,
                "name": "default",
                "node_count": 3,
                "node_labels": {},
                "node_network_profile": [],
                "node_public_ip_prefix_id": "",
                "node_taints": [],
                "only_critical_addons_enabled": false,
                "orchestrator_version": "1.24.9",
                "os_disk_size_gb": 50,
                "os_disk_type": "Managed",
                "os_sku": "Ubuntu",
                "pod_subnet_id": "",
                "proximity_placement_group_id": "",
                "scale_down_mode": "Delete",
                "tags": {},
                "type": "VirtualMachineScaleSets",
                "ultra_ssd_enabled": false,
                "upgrade_settings": [],
                "vm_size": "Standard_D4s_v3",
                "vnet_subnet_id": "/subscriptions/645e3697-d061-4897-b45f-c300b23e9b77/resourceGroups/Rg-Integration/providers/Microsoft.Network/virtualNetworks/vnet-Integration/subnets/subnet1-integration",
                "workload_runtime": "",
                "zones": []
              }
            ],
            "disk_encryption_set_id": "",
            "dns_prefix": "myaks",
            "dns_prefix_private_cluster": "",
            "edge_zone": "",
            "enable_pod_security_policy": false,
            "fqdn": "myaks-gt788qnl.hcp.eastus.azmk8s.io",
            "http_application_routing_enabled": null,
            "http_application_routing_zone_name": null,
            "http_proxy_config": [],
            "id": "/subscriptions/645e3697-d061-4897-b45f-c300b23e9b77/resourceGroups/Rg-Integration/providers/Microsoft.ContainerService/managedClusters/integration",
            "identity": [
              {
                "identity_ids": [],
                "principal_id": "4813d22c-94cd-436c-8d25-98a398448a71",
                "tenant_id": "d988d051-932a-4d07-822d-318e35596111",
                "type": "SystemAssigned"
              }
            ],
            "image_cleaner_enabled": false,
            "image_cleaner_interval_hours": 48,
            "ingress_application_gateway": [],
            "key_management_service": [],
            "key_vault_secrets_provider": [],
            "kube_admin_config": [],
            "kube_admin_config_raw": "",
            "kube_config": [
              {
                "client_certificate": "LS0tLS1CRUdJTiBDRVJUSUZJQ0FURS0tLS0tCk1JSUZIVENDQXdXZ0F3SUJBZ0lRSEExbUw5ekFSRXJ1cWwyZ01jdTErREFOQmdrcWhraUc5dzBCQVFzRkFEQU4KTVFzd0NRWURWUVFERXdKallUQWVGdzB5TXpBek1qUXhPRFEzTXpOYUZ3MHlOVEF6TWpReE9EVTNNek5hTURBeApGekFWQmdOVkJBb1REbk41YzNSbGJUcHRZWE4wWlhKek1SVXdFd1lEVlFRREV3eHRZWE4wWlhKamJHbGxiblF3CmdnSWlNQTBHQ1NxR1NJYjNEUUVCQVFVQUE0SUNEd0F3Z2dJS0FvSUNBUURnWTBiTWdlYnZGbXY4d2lKRk5td1gKZVMyL2h4TUpnYXo1YVNvYjJTN3VhTm5iTC9Za3dBTXV1dEttcmRMRzBSSmtBTElhdjhaVXdkc2VFSFFzcURtcApzUWtHd211M3dmQ25zNVVXWVVMYlgzdmVPV1VsaW9QU3NpQkYwTWZZTHQ4V0ErMGtEa3UwNVNTT2V0Z1lkeDRsCjBDNEQyMW85NTczM0NHbm9XTUM1ZGNKRGNERkVaM000MkNISzZua0JnZHRYY0w2OWRScmMyWU9QYThxUjhCUzMKSEhvbnFQSkloSE80b2gralJUZzB4U09yTVczZ1BydEU2TmdsY0NBOWdNN3V1RTNVVzRmLytwMC8vMGw5L01RUgpxd0VSUU4rOTNiZEcycjV2VXdMRFl3NUdKcUtWOC9ZWUswV2dDZVArWEJBQ1JRWW1Na2lRMmFrUHNpRFJ6N2p0CmV1Y0ZOTG1GaHhqZ2N3YnFzNXhoQStMVEgraS9HbElwNmxhVU5Ka1ljYjZsTWRSRm1NWnUzMkpidjE2NHBkOFIKV04rUEQxQlJjczVZUEpTUmhDSHRFR3J0YnplRDhMUHlPY2t0ekRzL000UE9sS25zWUNmOXhkanFnK0JEV1I1cgppUGpOVTYzQzBjQkl6cFBNSXJRekZSVnVxVWdBTDRxYmN2MEt5Q3ZFMTJBZklOeVM4N1VuZ1F2Yk54V20yc1l0CmNyakxoeXN4d0pONzRIQlVCdi9KeEh5WjJDc0hQSVZJcUhyV2RMSnJBcHFMdmh0NDQzN3VhbXhSdGR3ejBvRlYKcjV6RlhwVlFyQUwyYVJ3eGZYZkk0b20vdWFJbjdxbHpkdVROWWN6VXE4S3pPSVN2c1BNS0M1ZlJ1ZVZ5amRhRgpDRDM4Si9yeEYrVXNUYUFoY3Bxc2NRSURBUUFCbzFZd1ZEQU9CZ05WSFE4QkFmOEVCQU1DQmFBd0V3WURWUjBsCkJBd3dDZ1lJS3dZQkJRVUhBd0l3REFZRFZSMFRBUUgvQkFJd0FEQWZCZ05WSFNNRUdEQVdnQlNhV2RMOXNESTgKRTRiN0p0bzYrVSt6RFdEeWNUQU5CZ2txaGtpRzl3MEJBUXNGQUFPQ0FnRUFjcUNBUyt4Z2dxQkFZZ0hXMy9ZNgpGeEtqRG5KOEN5Y1JlYk1OM09wWk9qNWRMUU1jOXZrYnprTzM5QXFQVkhFdlcrRVFIcWx6VVRtaVYvMGNvK0tNCmpxUGFoVUR6bGVubHZJcWcrY1ZnZHBoZGZ2RlMrdEJaNVAxT3pidm1oM0Z2Zks5elEzK3VZWVVFdXdzLzM2VXAKY2d2bUJicWtaU3ZYU3JiWnVJQmIxQ1ErVXY5NkswZmpqRFNqMUNFWDdvL05NQlcxcFdYcjVDM016NHg4WDk0Qgo3THJLMFN5NDRjakxSZksxVWo1eFZOVFRwSWh0YWFLTSsraGxMRm8wWXVxRnczNlA1SDBKcTlud0QrNmFqdlFtClhlM2cvREI5SXFvQm42STdZZ21YR3kzV1lmM0c0d0RIeHprc0k0YzRrVkdoQ0E5SUZ3QXhXYWg1ZnFwYy9FaUkKb0p2eUpTUFJ4Y3ZlMHIzRGpFOVV1WkEwMERKcUtNTTRtS2pCZFgwM2l6TEI2cU5xWmVWK05PMTdEVnh6QW9DOQpkWEE0dXFxV2NNRFYxamxBa1VZOFVudGtuSW5nbEh5aEVVUDR3UzNGR085dHFxK2lEYk0rMmpGUGhKY3lGbXNYCitmc2t5enErZU1ZeGljMm5RbHMwNTkvdUF3cmYwVERVd0pHaDUyekxZeWFMUFdQQzZvRXNkVHVYcUQrczRJeDYKK1pFUWJmaTNwQXpqMXJMYVJLbWlLRllUY3Z2bklPZ1piSlBCTC82Tld3QzVSLzJYSGcxZGtuRS84U21DOGRvUgp0RjcwRjBVWmRZZmdaNng3MVFkR0M0ZjdGcWsycjJOYktpMzJxalB0T1dUNzFLTGgyZnpYbDIxdGtobk1RZXR1CjAxOXowVzIwZ3dEWFo4VHdUdUIwWkxjPQotLS0tLUVORCBDRVJUSUZJQ0FURS0tLS0tCg==",
                "client_key": "LS0tLS1CRUdJTiBSU0EgUFJJVkFURSBLRVktLS0tLQpNSUlKS1FJQkFBS0NBZ0VBNEdOR3pJSG03eFpyL01JaVJUWnNGM2t0djRjVENZR3MrV2txRzlrdTdtaloyeS8yCkpNQURMcnJTcHEzU3h0RVNaQUN5R3IvR1ZNSGJIaEIwTEtnNXFiRUpCc0pydDhId3A3T1ZGbUZDMjE5NzNqbGwKSllxRDBySWdSZERIMkM3ZkZnUHRKQTVMdE9Va2pucllHSGNlSmRBdUE5dGFQZWU5OXdocDZGakF1WFhDUTNBeApSR2R6T05naHl1cDVBWUhiVjNDK3ZYVWEzTm1EajJ2S2tmQVV0eHg2SjZqeVNJUnp1S0lmbzBVNE5NVWpxekZ0CjRENjdST2pZSlhBZ1BZRE83cmhOMUZ1SC8vcWRQLzlKZmZ6RUVhc0JFVURmdmQyM1J0cStiMU1DdzJNT1JpYWkKbGZQMkdDdEZvQW5qL2x3UUFrVUdKakpJa05tcEQ3SWcwYys0N1hybkJUUzVoWWNZNEhNRzZyT2NZUVBpMHgvbwp2eHBTS2VwV2xEU1pHSEcrcFRIVVJaakdidDlpVzc5ZXVLWGZFVmpmanc5UVVYTE9XRHlVa1lRaDdSQnE3VzgzCmcvQ3o4am5KTGN3N1B6T0R6cFNwN0dBbi9jWFk2b1BnUTFrZWE0ajR6Vk90d3RIQVNNNlR6Q0swTXhVVmJxbEkKQUMrS20zTDlDc2dyeE5kZ0h5RGNrdk8xSjRFTDJ6Y1ZwdHJHTFhLNHk0Y3JNY0NUZStCd1ZBYi95Y1I4bWRncgpCenlGU0toNjFuU3lhd0thaTc0YmVPTis3bXBzVWJYY005S0JWYStjeFY2VlVLd0M5bWtjTVgxM3lPS0p2N21pCkorNnBjM2JreldITTFLdkNzemlFcjdEekNndVgwYm5sY28zV2hRZzkvQ2Y2OFJmbExFMmdJWEthckhFQ0F3RUEKQVFLQ0FnQXhjWTdETjRpVWZHTlZNYzN0WkYyVEdvK2JHWDkzWTh5aXRLcWpza3FtSEJLTk90ZEpKOHBMdkx6NApIMnRIaGdCQWF1clQvQmdPeXh5bVZrZlRJMHA1ZXRvYlZESDZMdEVCa3creCs4S0lwbFNjRmhlVW14NExDbGNVCkt6b3VCNzMra3VUcFFnRXFuaWRkQWZLbUNYRnFNYUpDRlU2Z1AzVmJmczRmZFpjYUJybkV0RzhXdkpqbUdMSHgKalpNV1l1L2JKNnZRQVlMbTBVTXRFanB6eCt3NG9SekZxbk9neVJiYXcxYW5XblJWSkcrRXBJS3FuQWdWMmh6dQp1dk5QdWhkZkFOdWRoSUhHUlFucmRTeFRoNlFJcEo2Nmw0bjF3MnBFUWFVZTBMTFdMUGlUT3FZdTFyQU9pVkp4ClBseXZ5c2Q0U0k5ZlVVc3VKOWdaN2sxUERpK1lNeENRUXB3dWdYUVVlYWJOZlRodm1sOFZIdUZMVzlaTFJPekIKSmVFSVB5RjRlQURVdDZFTEY5bmgyOGtqaGJ4Rm1YTitGSGRIMnFHK0dkcmRPcGJVMkNHNFlUYk1IRXFZN3R0cApHYnBGUURsRjZkMk9WUUNzRTNVUEFMNFJrdVkzQ2I3N2E0SnV4VWtkTldETm1vM1FQeDJYc1dPL2xzRTJ5Y3NCCmhZVEdUT25aTFcyeWlhVCtiaC9wZzFRTEF5RU1BSXUxOENSdUhBMkVpTHlmNXlRd01kZjlSSmtHeE1qYklSUlQKdUxtK3dMUFNYSHY5VE9pS1AraFUzdmlreFd2UFhVak4zZHhLZElkdDMxZ2NocWJOa1hYTWVxM3ZYOVFYZTh4cgoyTFFoS3lZd25tWnNmbEF4anJkRUdtYVpoZ1dwUTgyT282RTV3blEvTFZ6aWNVNGxsUUtDQVFFQThlbDFCYlFSCmxaWXluSmpCSURoZUx6V0pXNmQrUUgveDNKczMyeFh6VEdpRWlxRVBWeWo2ampSVlM4ZWNZcWE4aG92bDlyYXYKWWZaOU14R2R5NUxaSUJwb3BiU2tLYk5RZmNjTmRhMlNKTWk1bExsNHpPYUQ4NWRBRUdDbnpTVFZhcFNpekIxZApUZkVjeDBMTFVmNDFSRzV0RXAyVWRRYU53V09TRlQ3SmNDS204cTdCK3JvNU9rVmxUMHk2VW1pZ0I0UmVLZENHCklaMkNzV0JQQkdwUkl5VW1rSmZWZHZyamREMHRpSURydnFtSnpxd1Y0eXBsNklOQmlmZGplTEtRWmRJaS9WZXgKWWpLQkNMdCtLMUNCY0lTbHJob3kyN2xzSno2dytkQU0wSDVaWTc4VVVKNXYrYmpDOUQ0RHlqUjczZ3lHWXZOVwpyOWRQVGtGMjdVNmZhd0tDQVFFQTdYU1BrKzljMVYzcDlLYUQxNytjZFlFc2hHbFpKeFU1N2NsdlY1T3FLeXg1CnVYUXYvWXZrTzBCbFZYMUd1TUYydlNRYlFydEdHUng3bFMrQ0ZMUlF0V1dOVENQOTZZWFFJdTFNS0ZUdWFNcy8KTkwyV25MalpvcFhjdzhpK3J0QVdnQ09uVGFiTWcvaUo2OS9WRitvQnhQMmJnOWxtQjNrNjd3Yzd2aitLa3hPOAozbWlIbkdZWFM1dlZOQUNkK3QxejNQdlZSRm9tM3MydndMbWErREd0b21KZVREdG0vZ3RQVDk2Z2x3Rmdjb2xOClBFYlpJMHFSVStYU3NCUENwWDQwTUVkcUExR1QyMy9UM2ZWUGprdmRSWnRGVTU3bFAyZzdYRVc3NFBvSkJHTlQKR2g3UUIvS2Jpdk95QytVVzdwNU8xN1lSOWl3VU8vTFJaS0NHeDNIbWt3S0NBUUVBdWpjTGJhaC9JTGJObnQyMwpUQ1lYMmg5TDdOR3h6ZFN2U1RIeWZTTVlkZWkrbmpmOHB3dFVVOExWSmRBeUFYNTRBTm9QMnlvbE56T1dqSWt5Ci9sRzc4WXBpbzZ1NThwK2xoaXlEbitKTWJTUldOclhPMTJ0YWgxZ1dhSVQrcGx1RUxOYmR1bUdnUVM4cEIvblMKcVBzVjVlZGE3c2wrVGRjTnA2QU9BMnloZzBBcFl3WkRLODNOMzUwcnJ5OVEvYjZyOFIxam5xeDFrOHE3bis2Uwo1TU15VWV0M0ZEYk1peG4xbkxTN0tDaVZUOThSeFpXU0E1dlBkbndUSnpEWDBVRWpCajRMMFJoLzR5Y2RUS3VICkk3Q0U4eWdvb1N4cG1kblI5eU82OTVHL1MzNzNNR0VXTWpqRDJXYndLekxSbUFWdWxDN3dBNXR0VDA1ZUxjOFcKelBXSW9RS0NBUUVBcnNNODhOb1lid2pocWFmc0hSdnZJU1JqQ1VrbnpuWDIzcVdFaHVZdE5mMVQwVVJNRmNXaAp3bUlRc3F5eklrTnhDcC9LV0lEUWhLYkw1ZTdEUkUyNW9PZ082RjBOQVpQMHJlQU1UeHJESk9tQnFXVm50Z3p1ClVKVVBtQ0RsQm5Bc1B6NytZVTVEODFVMjNSMHVEcDJ4azdRN2d2eTc5UUFxZWNYUEdLUlhid3YxMDVNSFMvcHYKWnJ4WVhCK2dKZ1Jhdytlcy9OT0ZEREpDQ2d3UW5GNmp0b0hEZVVPMjkzNkhidmNoSmtKakk2a2Q2U0VUcXIrMAoyaFNwemVHZFBvUDJFUnBlVWZiMlpYUmRFRno5b25ML2RiMWpkcm5aYTZOaEhQWk40clRqY2hGUUZrZGJRSjQwCkVENXZhZ1cvclB0aWQ2eU81NmxsY3dHeFR1ZytpZ2V3ZFFLQ0FRQjBRSDNFeHFyRTF5MWFYa0dDOFlmQzFTekcKT21NY1dWMTF2WGsxemF0RExUdWpiaytlaDlaQzlLRFlKYTA2VWNTSUtFVnRVbHhzelZDRGwxbVFDdjY1UU9xbgpQMjZiaElOOWJCNkdubGI0amNJQ2hoNlRsaEJyNWwwNlhjZ0hSMlJkQUNEZkM3blMyRFlDSmJkUXo2eUptejd3CnNkaDEvZGUzc3YvSjZOWVBqZlZwMm02QXQ4NEd4WkRIOXBkV0JkN05VUzFrTGg2K0wzU2RCMk5Fa3Q3ZFVvR2cKQkJIOXJlTE1xRW1aT01ZWnNDVllHVlpQWEFhY1M4Tk91TlUxeWludDVMWDFkVkVQZzZhWXNqazhYWkhKK3FQRwpWYzN3eEJiZk0vN2dqTWpmVElMWEowZHZlZ0ljYndoRnJUZEtBNEs2Nzc4eW1IN3IwTXRwUzJOdHZBTG4KLS0tLS1FTkQgUlNBIFBSSVZBVEUgS0VZLS0tLS0K",
                "cluster_ca_certificate": "LS0tLS1CRUdJTiBDRVJUSUZJQ0FURS0tLS0tCk1JSUU2VENDQXRHZ0F3SUJBZ0lSQU04QjRyWnZWY2taeTRJRWJuVTYrSE13RFFZSktvWklodmNOQVFFTEJRQXcKRFRFTE1Ba0dBMVVFQXhNQ1kyRXdJQmNOTWpNd016STBNVGcwTnpNeldoZ1BNakExTXpBek1qUXhPRFUzTXpOYQpNQTB4Q3pBSkJnTlZCQU1UQW1OaE1JSUNJakFOQmdrcWhraUc5dzBCQVFFRkFBT0NBZzhBTUlJQ0NnS0NBZ0VBCnZCSkxRN2tDL0F1RWp0bFc1S01LSVhZbUIwaWRBT0p6d25sa0FGOXBFSm51bi9OaUJPSlpFMW9oc0x0RW5NalcKK01rOXZqNkg3ZDc5U1kzWXdSWkg5SUlVYlZvQ1dZWmxSRnloeEEyK1NjalErcmhpNkRFNGRnbFdhV1B2elNuZgp2K2h4WUdDNngwaHVDdGt0RGx6ZE5Uc1ZaYnA3dlc2N3RMaEFsRjV5S0t5YVJ6L2pFWGJYS0dhczVuRWp5dlBmCmFsR2NydmVPWi9wdlZWcFMxMXZvN0ZHb1d5OHliVkhxemZ1VDBlTHFXUzc0eHdlVXRmelFUc2VFTllRR2VyaXgKaGVMWno5VHFIR00vY3NLWVlIN0hDamtZLy92SkMya3d0RDBxVWJFOTEzeEFRNG5YT1Y3Z2lZWUJERGxoaHJyUAo3TXZ6SHA5cS9OZUZXWGNFYUc1ZW1oYjZuVStnS1lnbkVZdjBycDZ3cGprQXJVcytlZkw4V3A3QnNHUlprbjZBCnIxRXJuaENtOWg1R3NPZHRiSWx0S3FNdUttWmJmZE0xS2ZyaEMwVnJlQ2RMZmlsc2l4RXRYWHNEbC9NME5MTEMKNGV3bzM5SEl0eDlZRGxIRTRFbXhYMzdJYitIS2twNUhOcTF6M2tuZXVhbTMrNkU5djNRQ1VyUE9heXB0ckpHagp3T3VJVXJOYmJsdEl0bFcrUm5VODJEa3dsbjljaVZDU2VvTlNFN2piU0UyWTZla1RiNFEybjl2aFdTVzJGdzgwCnREN3VVNUxmYkc5QUIrdzlBemtYY3gvdFRwWUZYcFlBTXdvTzgyM21LNGIyWHp1Q2hLYXpaSTk4TGVpc0tUTFoKQzU2S0szWHRMMXdVenl1YW9OZjZ4cTJ1ZUVNbG9pNWRFKy9tang5R1NKTUNBd0VBQWFOQ01FQXdEZ1lEVlIwUApBUUgvQkFRREFnS2tNQThHQTFVZEV3RUIvd1FGTUFNQkFmOHdIUVlEVlIwT0JCWUVGSnBaMHYyd01qd1RodnNtCjJqcjVUN01OWVBKeE1BMEdDU3FHU0liM0RRRUJDd1VBQTRJQ0FRQTNMWWRsODBVR1lBWXpqRkhtSGo0dCtTdFoKTmc0SC9CZ0xCTGoyODB6MFRIWERFckxkSTBtanZySWZNM1M5UmQ3dXNHcDRhT0hlUFZmRHp5d05lSzdjbUltVwpyOEppYXczREtMT1BmczcySnNrRWpnbHJmeC9kT0VRbUl3cU5EWXdkSFVZRTRjYlpxdWJpMm11L21KYk9DT0g1CjRpaGlqT21URkx0RWpUZXZqc2xCME03Y2FHNmxSRFpGZTM1aVFxUzJzTHp1Z2s3dkI5VGhZVDNqQ2ZyMjNMSWYKUEk0WlVKOHQvV3MrSWYrd3BreTFJelZuSnd0MHNkZVVsenRPVVBKcHlvM2tXa0RycW1DYTF2dXRVVXg4RW9XNQo1MW13M0pIWWZRY2I5bUpQb1JGbk9WdmpSS2JaZUJ6ZGpwNHlhR0Z2U09rQ1F6Nm1yRXNIRW00VGtCY0Y1ZEZDCnB1Um5CRVBlWUV4ejFicDUyYm1qWmVuWE56N2wxdGRzc0lSb1NBem81SkNiZnJ3c3FQT2w5UllaNWZ5d0Z5SzkKSjA0TE1QUVJHbHJ4UjRWTGpHQUMraENqamM1d2I4WklOVUhMQjdraW5KQVFZejlkbDFBL1VhUXMvYXpVRnZMSgpTUVZVZXJDMlRIUUZET1R4SXA5cWsrRDlxVE9BbWlHS0hHQ011bkpvWm95c1MyV0pORWY3L0doR1c0NTl6THJzCkZreDkvOEg2Zlp3RWhKTVl1YWRjZXAzcFVxWFFHN2RqNEd0S2I0cnlkeFZTVWFMRzR5NDZ4R1l5a1RaNmQvSzgKN1EwR1NqdW9mRVI0ajk3N0tGZ1FMSkMwNGNWTy9rN3lBdHZLR3hRUzY2UmdvQytsdTd1bXhhWnQ3S2EyV1huUQp4YW00a29ycmlpTDNrZFRmNlE9PQotLS0tLUVORCBDRVJUSUZJQ0FURS0tLS0tCg==",
                "host": "https://myaks-gt788qnl.hcp.eastus.azmk8s.io:443",
                "password": "j8bqb964ps32mkwtqluj6jwuj4svfbag055phmdqylrgj2s9hhfl3n9w0ntgsympgidjujp78yaccr0aoi0sg8euvcqlbse19zro2pry8khnt36yu49pm5yd732yggvi",
                "username": "clusterUser_Rg-Integration_integration"
              }
            ],
            "kube_config_raw": "apiVersion: v1\nclusters:\n- cluster:\n    certificate-authority-data: LS0tLS1CRUdJTiBDRVJUSUZJQ0FURS0tLS0tCk1JSUU2VENDQXRHZ0F3SUJBZ0lSQU04QjRyWnZWY2taeTRJRWJuVTYrSE13RFFZSktvWklodmNOQVFFTEJRQXcKRFRFTE1Ba0dBMVVFQXhNQ1kyRXdJQmNOTWpNd016STBNVGcwTnpNeldoZ1BNakExTXpBek1qUXhPRFUzTXpOYQpNQTB4Q3pBSkJnTlZCQU1UQW1OaE1JSUNJakFOQmdrcWhraUc5dzBCQVFFRkFBT0NBZzhBTUlJQ0NnS0NBZ0VBCnZCSkxRN2tDL0F1RWp0bFc1S01LSVhZbUIwaWRBT0p6d25sa0FGOXBFSm51bi9OaUJPSlpFMW9oc0x0RW5NalcKK01rOXZqNkg3ZDc5U1kzWXdSWkg5SUlVYlZvQ1dZWmxSRnloeEEyK1NjalErcmhpNkRFNGRnbFdhV1B2elNuZgp2K2h4WUdDNngwaHVDdGt0RGx6ZE5Uc1ZaYnA3dlc2N3RMaEFsRjV5S0t5YVJ6L2pFWGJYS0dhczVuRWp5dlBmCmFsR2NydmVPWi9wdlZWcFMxMXZvN0ZHb1d5OHliVkhxemZ1VDBlTHFXUzc0eHdlVXRmelFUc2VFTllRR2VyaXgKaGVMWno5VHFIR00vY3NLWVlIN0hDamtZLy92SkMya3d0RDBxVWJFOTEzeEFRNG5YT1Y3Z2lZWUJERGxoaHJyUAo3TXZ6SHA5cS9OZUZXWGNFYUc1ZW1oYjZuVStnS1lnbkVZdjBycDZ3cGprQXJVcytlZkw4V3A3QnNHUlprbjZBCnIxRXJuaENtOWg1R3NPZHRiSWx0S3FNdUttWmJmZE0xS2ZyaEMwVnJlQ2RMZmlsc2l4RXRYWHNEbC9NME5MTEMKNGV3bzM5SEl0eDlZRGxIRTRFbXhYMzdJYitIS2twNUhOcTF6M2tuZXVhbTMrNkU5djNRQ1VyUE9heXB0ckpHagp3T3VJVXJOYmJsdEl0bFcrUm5VODJEa3dsbjljaVZDU2VvTlNFN2piU0UyWTZla1RiNFEybjl2aFdTVzJGdzgwCnREN3VVNUxmYkc5QUIrdzlBemtYY3gvdFRwWUZYcFlBTXdvTzgyM21LNGIyWHp1Q2hLYXpaSTk4TGVpc0tUTFoKQzU2S0szWHRMMXdVenl1YW9OZjZ4cTJ1ZUVNbG9pNWRFKy9tang5R1NKTUNBd0VBQWFOQ01FQXdEZ1lEVlIwUApBUUgvQkFRREFnS2tNQThHQTFVZEV3RUIvd1FGTUFNQkFmOHdIUVlEVlIwT0JCWUVGSnBaMHYyd01qd1RodnNtCjJqcjVUN01OWVBKeE1BMEdDU3FHU0liM0RRRUJDd1VBQTRJQ0FRQTNMWWRsODBVR1lBWXpqRkhtSGo0dCtTdFoKTmc0SC9CZ0xCTGoyODB6MFRIWERFckxkSTBtanZySWZNM1M5UmQ3dXNHcDRhT0hlUFZmRHp5d05lSzdjbUltVwpyOEppYXczREtMT1BmczcySnNrRWpnbHJmeC9kT0VRbUl3cU5EWXdkSFVZRTRjYlpxdWJpMm11L21KYk9DT0g1CjRpaGlqT21URkx0RWpUZXZqc2xCME03Y2FHNmxSRFpGZTM1aVFxUzJzTHp1Z2s3dkI5VGhZVDNqQ2ZyMjNMSWYKUEk0WlVKOHQvV3MrSWYrd3BreTFJelZuSnd0MHNkZVVsenRPVVBKcHlvM2tXa0RycW1DYTF2dXRVVXg4RW9XNQo1MW13M0pIWWZRY2I5bUpQb1JGbk9WdmpSS2JaZUJ6ZGpwNHlhR0Z2U09rQ1F6Nm1yRXNIRW00VGtCY0Y1ZEZDCnB1Um5CRVBlWUV4ejFicDUyYm1qWmVuWE56N2wxdGRzc0lSb1NBem81SkNiZnJ3c3FQT2w5UllaNWZ5d0Z5SzkKSjA0TE1QUVJHbHJ4UjRWTGpHQUMraENqamM1d2I4WklOVUhMQjdraW5KQVFZejlkbDFBL1VhUXMvYXpVRnZMSgpTUVZVZXJDMlRIUUZET1R4SXA5cWsrRDlxVE9BbWlHS0hHQ011bkpvWm95c1MyV0pORWY3L0doR1c0NTl6THJzCkZreDkvOEg2Zlp3RWhKTVl1YWRjZXAzcFVxWFFHN2RqNEd0S2I0cnlkeFZTVWFMRzR5NDZ4R1l5a1RaNmQvSzgKN1EwR1NqdW9mRVI0ajk3N0tGZ1FMSkMwNGNWTy9rN3lBdHZLR3hRUzY2UmdvQytsdTd1bXhhWnQ3S2EyV1huUQp4YW00a29ycmlpTDNrZFRmNlE9PQotLS0tLUVORCBDRVJUSUZJQ0FURS0tLS0tCg==\n    server: https://myaks-gt788qnl.hcp.eastus.azmk8s.io:443\n  name: integration\ncontexts:\n- context:\n    cluster: integration\n    user: clusterUser_Rg-Integration_integration\n  name: integration\ncurrent-context: integration\nkind: Config\npreferences: {}\nusers:\n- name: clusterUser_Rg-Integration_integration\n  user:\n    client-certificate-data: LS0tLS1CRUdJTiBDRVJUSUZJQ0FURS0tLS0tCk1JSUZIVENDQXdXZ0F3SUJBZ0lRSEExbUw5ekFSRXJ1cWwyZ01jdTErREFOQmdrcWhraUc5dzBCQVFzRkFEQU4KTVFzd0NRWURWUVFERXdKallUQWVGdzB5TXpBek1qUXhPRFEzTXpOYUZ3MHlOVEF6TWpReE9EVTNNek5hTURBeApGekFWQmdOVkJBb1REbk41YzNSbGJUcHRZWE4wWlhKek1SVXdFd1lEVlFRREV3eHRZWE4wWlhKamJHbGxiblF3CmdnSWlNQTBHQ1NxR1NJYjNEUUVCQVFVQUE0SUNEd0F3Z2dJS0FvSUNBUURnWTBiTWdlYnZGbXY4d2lKRk5td1gKZVMyL2h4TUpnYXo1YVNvYjJTN3VhTm5iTC9Za3dBTXV1dEttcmRMRzBSSmtBTElhdjhaVXdkc2VFSFFzcURtcApzUWtHd211M3dmQ25zNVVXWVVMYlgzdmVPV1VsaW9QU3NpQkYwTWZZTHQ4V0ErMGtEa3UwNVNTT2V0Z1lkeDRsCjBDNEQyMW85NTczM0NHbm9XTUM1ZGNKRGNERkVaM000MkNISzZua0JnZHRYY0w2OWRScmMyWU9QYThxUjhCUzMKSEhvbnFQSkloSE80b2gralJUZzB4U09yTVczZ1BydEU2TmdsY0NBOWdNN3V1RTNVVzRmLytwMC8vMGw5L01RUgpxd0VSUU4rOTNiZEcycjV2VXdMRFl3NUdKcUtWOC9ZWUswV2dDZVArWEJBQ1JRWW1Na2lRMmFrUHNpRFJ6N2p0CmV1Y0ZOTG1GaHhqZ2N3YnFzNXhoQStMVEgraS9HbElwNmxhVU5Ka1ljYjZsTWRSRm1NWnUzMkpidjE2NHBkOFIKV04rUEQxQlJjczVZUEpTUmhDSHRFR3J0YnplRDhMUHlPY2t0ekRzL000UE9sS25zWUNmOXhkanFnK0JEV1I1cgppUGpOVTYzQzBjQkl6cFBNSXJRekZSVnVxVWdBTDRxYmN2MEt5Q3ZFMTJBZklOeVM4N1VuZ1F2Yk54V20yc1l0CmNyakxoeXN4d0pONzRIQlVCdi9KeEh5WjJDc0hQSVZJcUhyV2RMSnJBcHFMdmh0NDQzN3VhbXhSdGR3ejBvRlYKcjV6RlhwVlFyQUwyYVJ3eGZYZkk0b20vdWFJbjdxbHpkdVROWWN6VXE4S3pPSVN2c1BNS0M1ZlJ1ZVZ5amRhRgpDRDM4Si9yeEYrVXNUYUFoY3Bxc2NRSURBUUFCbzFZd1ZEQU9CZ05WSFE4QkFmOEVCQU1DQmFBd0V3WURWUjBsCkJBd3dDZ1lJS3dZQkJRVUhBd0l3REFZRFZSMFRBUUgvQkFJd0FEQWZCZ05WSFNNRUdEQVdnQlNhV2RMOXNESTgKRTRiN0p0bzYrVSt6RFdEeWNUQU5CZ2txaGtpRzl3MEJBUXNGQUFPQ0FnRUFjcUNBUyt4Z2dxQkFZZ0hXMy9ZNgpGeEtqRG5KOEN5Y1JlYk1OM09wWk9qNWRMUU1jOXZrYnprTzM5QXFQVkhFdlcrRVFIcWx6VVRtaVYvMGNvK0tNCmpxUGFoVUR6bGVubHZJcWcrY1ZnZHBoZGZ2RlMrdEJaNVAxT3pidm1oM0Z2Zks5elEzK3VZWVVFdXdzLzM2VXAKY2d2bUJicWtaU3ZYU3JiWnVJQmIxQ1ErVXY5NkswZmpqRFNqMUNFWDdvL05NQlcxcFdYcjVDM016NHg4WDk0Qgo3THJLMFN5NDRjakxSZksxVWo1eFZOVFRwSWh0YWFLTSsraGxMRm8wWXVxRnczNlA1SDBKcTlud0QrNmFqdlFtClhlM2cvREI5SXFvQm42STdZZ21YR3kzV1lmM0c0d0RIeHprc0k0YzRrVkdoQ0E5SUZ3QXhXYWg1ZnFwYy9FaUkKb0p2eUpTUFJ4Y3ZlMHIzRGpFOVV1WkEwMERKcUtNTTRtS2pCZFgwM2l6TEI2cU5xWmVWK05PMTdEVnh6QW9DOQpkWEE0dXFxV2NNRFYxamxBa1VZOFVudGtuSW5nbEh5aEVVUDR3UzNGR085dHFxK2lEYk0rMmpGUGhKY3lGbXNYCitmc2t5enErZU1ZeGljMm5RbHMwNTkvdUF3cmYwVERVd0pHaDUyekxZeWFMUFdQQzZvRXNkVHVYcUQrczRJeDYKK1pFUWJmaTNwQXpqMXJMYVJLbWlLRllUY3Z2bklPZ1piSlBCTC82Tld3QzVSLzJYSGcxZGtuRS84U21DOGRvUgp0RjcwRjBVWmRZZmdaNng3MVFkR0M0ZjdGcWsycjJOYktpMzJxalB0T1dUNzFLTGgyZnpYbDIxdGtobk1RZXR1CjAxOXowVzIwZ3dEWFo4VHdUdUIwWkxjPQotLS0tLUVORCBDRVJUSUZJQ0FURS0tLS0tCg==\n    client-key-data: LS0tLS1CRUdJTiBSU0EgUFJJVkFURSBLRVktLS0tLQpNSUlKS1FJQkFBS0NBZ0VBNEdOR3pJSG03eFpyL01JaVJUWnNGM2t0djRjVENZR3MrV2txRzlrdTdtaloyeS8yCkpNQURMcnJTcHEzU3h0RVNaQUN5R3IvR1ZNSGJIaEIwTEtnNXFiRUpCc0pydDhId3A3T1ZGbUZDMjE5NzNqbGwKSllxRDBySWdSZERIMkM3ZkZnUHRKQTVMdE9Va2pucllHSGNlSmRBdUE5dGFQZWU5OXdocDZGakF1WFhDUTNBeApSR2R6T05naHl1cDVBWUhiVjNDK3ZYVWEzTm1EajJ2S2tmQVV0eHg2SjZqeVNJUnp1S0lmbzBVNE5NVWpxekZ0CjRENjdST2pZSlhBZ1BZRE83cmhOMUZ1SC8vcWRQLzlKZmZ6RUVhc0JFVURmdmQyM1J0cStiMU1DdzJNT1JpYWkKbGZQMkdDdEZvQW5qL2x3UUFrVUdKakpJa05tcEQ3SWcwYys0N1hybkJUUzVoWWNZNEhNRzZyT2NZUVBpMHgvbwp2eHBTS2VwV2xEU1pHSEcrcFRIVVJaakdidDlpVzc5ZXVLWGZFVmpmanc5UVVYTE9XRHlVa1lRaDdSQnE3VzgzCmcvQ3o4am5KTGN3N1B6T0R6cFNwN0dBbi9jWFk2b1BnUTFrZWE0ajR6Vk90d3RIQVNNNlR6Q0swTXhVVmJxbEkKQUMrS20zTDlDc2dyeE5kZ0h5RGNrdk8xSjRFTDJ6Y1ZwdHJHTFhLNHk0Y3JNY0NUZStCd1ZBYi95Y1I4bWRncgpCenlGU0toNjFuU3lhd0thaTc0YmVPTis3bXBzVWJYY005S0JWYStjeFY2VlVLd0M5bWtjTVgxM3lPS0p2N21pCkorNnBjM2JreldITTFLdkNzemlFcjdEekNndVgwYm5sY28zV2hRZzkvQ2Y2OFJmbExFMmdJWEthckhFQ0F3RUEKQVFLQ0FnQXhjWTdETjRpVWZHTlZNYzN0WkYyVEdvK2JHWDkzWTh5aXRLcWpza3FtSEJLTk90ZEpKOHBMdkx6NApIMnRIaGdCQWF1clQvQmdPeXh5bVZrZlRJMHA1ZXRvYlZESDZMdEVCa3creCs4S0lwbFNjRmhlVW14NExDbGNVCkt6b3VCNzMra3VUcFFnRXFuaWRkQWZLbUNYRnFNYUpDRlU2Z1AzVmJmczRmZFpjYUJybkV0RzhXdkpqbUdMSHgKalpNV1l1L2JKNnZRQVlMbTBVTXRFanB6eCt3NG9SekZxbk9neVJiYXcxYW5XblJWSkcrRXBJS3FuQWdWMmh6dQp1dk5QdWhkZkFOdWRoSUhHUlFucmRTeFRoNlFJcEo2Nmw0bjF3MnBFUWFVZTBMTFdMUGlUT3FZdTFyQU9pVkp4ClBseXZ5c2Q0U0k5ZlVVc3VKOWdaN2sxUERpK1lNeENRUXB3dWdYUVVlYWJOZlRodm1sOFZIdUZMVzlaTFJPekIKSmVFSVB5RjRlQURVdDZFTEY5bmgyOGtqaGJ4Rm1YTitGSGRIMnFHK0dkcmRPcGJVMkNHNFlUYk1IRXFZN3R0cApHYnBGUURsRjZkMk9WUUNzRTNVUEFMNFJrdVkzQ2I3N2E0SnV4VWtkTldETm1vM1FQeDJYc1dPL2xzRTJ5Y3NCCmhZVEdUT25aTFcyeWlhVCtiaC9wZzFRTEF5RU1BSXUxOENSdUhBMkVpTHlmNXlRd01kZjlSSmtHeE1qYklSUlQKdUxtK3dMUFNYSHY5VE9pS1AraFUzdmlreFd2UFhVak4zZHhLZElkdDMxZ2NocWJOa1hYTWVxM3ZYOVFYZTh4cgoyTFFoS3lZd25tWnNmbEF4anJkRUdtYVpoZ1dwUTgyT282RTV3blEvTFZ6aWNVNGxsUUtDQVFFQThlbDFCYlFSCmxaWXluSmpCSURoZUx6V0pXNmQrUUgveDNKczMyeFh6VEdpRWlxRVBWeWo2ampSVlM4ZWNZcWE4aG92bDlyYXYKWWZaOU14R2R5NUxaSUJwb3BiU2tLYk5RZmNjTmRhMlNKTWk1bExsNHpPYUQ4NWRBRUdDbnpTVFZhcFNpekIxZApUZkVjeDBMTFVmNDFSRzV0RXAyVWRRYU53V09TRlQ3SmNDS204cTdCK3JvNU9rVmxUMHk2VW1pZ0I0UmVLZENHCklaMkNzV0JQQkdwUkl5VW1rSmZWZHZyamREMHRpSURydnFtSnpxd1Y0eXBsNklOQmlmZGplTEtRWmRJaS9WZXgKWWpLQkNMdCtLMUNCY0lTbHJob3kyN2xzSno2dytkQU0wSDVaWTc4VVVKNXYrYmpDOUQ0RHlqUjczZ3lHWXZOVwpyOWRQVGtGMjdVNmZhd0tDQVFFQTdYU1BrKzljMVYzcDlLYUQxNytjZFlFc2hHbFpKeFU1N2NsdlY1T3FLeXg1CnVYUXYvWXZrTzBCbFZYMUd1TUYydlNRYlFydEdHUng3bFMrQ0ZMUlF0V1dOVENQOTZZWFFJdTFNS0ZUdWFNcy8KTkwyV25MalpvcFhjdzhpK3J0QVdnQ09uVGFiTWcvaUo2OS9WRitvQnhQMmJnOWxtQjNrNjd3Yzd2aitLa3hPOAozbWlIbkdZWFM1dlZOQUNkK3QxejNQdlZSRm9tM3MydndMbWErREd0b21KZVREdG0vZ3RQVDk2Z2x3Rmdjb2xOClBFYlpJMHFSVStYU3NCUENwWDQwTUVkcUExR1QyMy9UM2ZWUGprdmRSWnRGVTU3bFAyZzdYRVc3NFBvSkJHTlQKR2g3UUIvS2Jpdk95QytVVzdwNU8xN1lSOWl3VU8vTFJaS0NHeDNIbWt3S0NBUUVBdWpjTGJhaC9JTGJObnQyMwpUQ1lYMmg5TDdOR3h6ZFN2U1RIeWZTTVlkZWkrbmpmOHB3dFVVOExWSmRBeUFYNTRBTm9QMnlvbE56T1dqSWt5Ci9sRzc4WXBpbzZ1NThwK2xoaXlEbitKTWJTUldOclhPMTJ0YWgxZ1dhSVQrcGx1RUxOYmR1bUdnUVM4cEIvblMKcVBzVjVlZGE3c2wrVGRjTnA2QU9BMnloZzBBcFl3WkRLODNOMzUwcnJ5OVEvYjZyOFIxam5xeDFrOHE3bis2Uwo1TU15VWV0M0ZEYk1peG4xbkxTN0tDaVZUOThSeFpXU0E1dlBkbndUSnpEWDBVRWpCajRMMFJoLzR5Y2RUS3VICkk3Q0U4eWdvb1N4cG1kblI5eU82OTVHL1MzNzNNR0VXTWpqRDJXYndLekxSbUFWdWxDN3dBNXR0VDA1ZUxjOFcKelBXSW9RS0NBUUVBcnNNODhOb1lid2pocWFmc0hSdnZJU1JqQ1VrbnpuWDIzcVdFaHVZdE5mMVQwVVJNRmNXaAp3bUlRc3F5eklrTnhDcC9LV0lEUWhLYkw1ZTdEUkUyNW9PZ082RjBOQVpQMHJlQU1UeHJESk9tQnFXVm50Z3p1ClVKVVBtQ0RsQm5Bc1B6NytZVTVEODFVMjNSMHVEcDJ4azdRN2d2eTc5UUFxZWNYUEdLUlhid3YxMDVNSFMvcHYKWnJ4WVhCK2dKZ1Jhdytlcy9OT0ZEREpDQ2d3UW5GNmp0b0hEZVVPMjkzNkhidmNoSmtKakk2a2Q2U0VUcXIrMAoyaFNwemVHZFBvUDJFUnBlVWZiMlpYUmRFRno5b25ML2RiMWpkcm5aYTZOaEhQWk40clRqY2hGUUZrZGJRSjQwCkVENXZhZ1cvclB0aWQ2eU81NmxsY3dHeFR1ZytpZ2V3ZFFLQ0FRQjBRSDNFeHFyRTF5MWFYa0dDOFlmQzFTekcKT21NY1dWMTF2WGsxemF0RExUdWpiaytlaDlaQzlLRFlKYTA2VWNTSUtFVnRVbHhzelZDRGwxbVFDdjY1UU9xbgpQMjZiaElOOWJCNkdubGI0amNJQ2hoNlRsaEJyNWwwNlhjZ0hSMlJkQUNEZkM3blMyRFlDSmJkUXo2eUptejd3CnNkaDEvZGUzc3YvSjZOWVBqZlZwMm02QXQ4NEd4WkRIOXBkV0JkN05VUzFrTGg2K0wzU2RCMk5Fa3Q3ZFVvR2cKQkJIOXJlTE1xRW1aT01ZWnNDVllHVlpQWEFhY1M4Tk91TlUxeWludDVMWDFkVkVQZzZhWXNqazhYWkhKK3FQRwpWYzN3eEJiZk0vN2dqTWpmVElMWEowZHZlZ0ljYndoRnJUZEtBNEs2Nzc4eW1IN3IwTXRwUzJOdHZBTG4KLS0tLS1FTkQgUlNBIFBSSVZBVEUgS0VZLS0tLS0K\n    token: j8bqb964ps32mkwtqluj6jwuj4svfbag055phmdqylrgj2s9hhfl3n9w0ntgsympgidjujp78yaccr0aoi0sg8euvcqlbse19zro2pry8khnt36yu49pm5yd732yggvi\n",
            "kubelet_identity": [
              {
                "client_id": "c846a4fc-0aa4-4121-9d6e-503cd54fce0e",
                "object_id": "da1fb6e8-fdde-43b7-8114-00a145004810",
                "user_assigned_identity_id": "/subscriptions/645e3697-d061-4897-b45f-c300b23e9b77/resourceGroups/rg-integration-aks-nodes/providers/Microsoft.ManagedIdentity/userAssignedIdentities/integration-agentpool"
              }
            ],
            "kubernetes_version": "1.24.9",
            "linux_profile": [],
            "local_account_disabled": false,
            "location": "eastus",
            "maintenance_window": [],
            "microsoft_defender": [],
            "monitor_metrics": [],
            "name": "integration",
            "network_profile": [
              {
                "dns_service_ip": "10.0.0.10",
                "docker_bridge_cidr": "172.17.0.1/16",
                "ebpf_data_plane": "",
                "ip_versions": [
                  "IPv4"
                ],
                "load_balancer_profile": [
                  {
                    "effective_outbound_ips": [
                      "/subscriptions/645e3697-d061-4897-b45f-c300b23e9b77/resourceGroups/rg-integration-aks-nodes/providers/Microsoft.Network/publicIPAddresses/696851db-bb50-48ae-a989-3eafc91b3e64"
                    ],
                    "idle_timeout_in_minutes": 0,
                    "managed_outbound_ip_count": 1,
                    "managed_outbound_ipv6_count": 0,
                    "outbound_ip_address_ids": [],
                    "outbound_ip_prefix_ids": [],
                    "outbound_ports_allocated": 0
                  }
                ],
                "load_balancer_sku": "standard",
                "nat_gateway_profile": [],
                "network_mode": "",
                "network_plugin": "kubenet",
                "network_plugin_mode": "",
                "network_policy": "",
                "outbound_type": "loadBalancer",
                "pod_cidr": "10.244.0.0/16",
                "pod_cidrs": [
                  "10.244.0.0/16"
                ],
                "service_cidr": "10.0.0.0/16",
                "service_cidrs": [
                  "10.0.0.0/16"
                ]
              }
            ],
            "node_resource_group": "rg-integration-aks-nodes",
            "oidc_issuer_enabled": false,
            "oidc_issuer_url": "",
            "oms_agent": [],
            "open_service_mesh_enabled": null,
            "portal_fqdn": "myaks-gt788qnl.portal.hcp.eastus.azmk8s.io",
            "private_cluster_enabled": false,
            "private_cluster_public_fqdn_enabled": false,
            "private_dns_zone_id": null,
            "private_fqdn": "",
            "public_network_access_enabled": true,
            "resource_group_name": "Rg-Integration",
            "role_based_access_control_enabled": true,
            "run_command_enabled": true,
            "service_principal": [],
            "sku_tier": "Free",
            "storage_profile": [],
            "tags": {
              "environment": "dev"
            },
            "timeouts": null,
            "web_app_routing": [],
            "windows_profile": [],
            "workload_autoscaler_profile": [],
            "workload_identity_enabled": false
          },
          "sensitive_attributes": [],
          "private": "eyJlMmJmYjczMC1lY2FhLTExZTYtOGY4OC0zNDM2M2JjN2M0YzAiOnsiY3JlYXRlIjo1NDAwMDAwMDAwMDAwLCJkZWxldGUiOjU0MDAwMDAwMDAwMDAsInJlYWQiOjMwMDAwMDAwMDAwMCwidXBkYXRlIjo1NDAwMDAwMDAwMDAwfSwic2NoZW1hX3ZlcnNpb24iOiIyIn0=",
          "dependencies": [
            "module.Rg-Integration.azurerm_resource_group.main",
            "module.vnet-Integration.azurerm_subnet.subnets",
            "module.vnet-Integration.azurerm_virtual_network.vnet"
          ]
        }
      ]
    },
    {
      "module": "module.aks-Production",
      "mode": "managed",
      "type": "azurerm_kubernetes_cluster",
      "name": "aks",
      "provider": "provider[\"registry.terraform.io/hashicorp/azurerm\"]",
      "instances": [
        {
          "schema_version": 2,
          "attributes": {
            "aci_connector_linux": [],
            "api_server_access_profile": [],
            "api_server_authorized_ip_ranges": [],
            "auto_scaler_profile": [],
            "automatic_channel_upgrade": "",
            "azure_active_directory_role_based_access_control": [],
            "azure_policy_enabled": null,
            "confidential_computing": [],
            "default_node_pool": [
              {
                "capacity_reservation_group_id": "",
                "custom_ca_trust_enabled": false,
                "enable_auto_scaling": false,
                "enable_host_encryption": false,
                "enable_node_public_ip": false,
                "fips_enabled": false,
                "host_group_id": "",
                "kubelet_config": [],
                "kubelet_disk_type": "OS",
                "linux_os_config": [],
                "max_count": 0,
                "max_pods": 110,
                "message_of_the_day": "",
                "min_count": 0,
                "name": "default",
                "node_count": 2,
                "node_labels": {},
                "node_network_profile": [],
                "node_public_ip_prefix_id": "",
                "node_taints": [],
                "only_critical_addons_enabled": false,
                "orchestrator_version": "1.24.9",
                "os_disk_size_gb": 50,
                "os_disk_type": "Managed",
                "os_sku": "Ubuntu",
                "pod_subnet_id": "",
                "proximity_placement_group_id": "",
                "scale_down_mode": "Delete",
                "tags": {},
                "type": "VirtualMachineScaleSets",
                "ultra_ssd_enabled": false,
                "upgrade_settings": [],
                "vm_size": "Standard_D4s_v3",
                "vnet_subnet_id": "/subscriptions/645e3697-d061-4897-b45f-c300b23e9b77/resourceGroups/Rg-Production/providers/Microsoft.Network/virtualNetworks/vnet-Production/subnets/subnet1-production",
                "workload_runtime": "",
                "zones": []
              }
            ],
            "disk_encryption_set_id": "",
            "dns_prefix": "myaks",
            "dns_prefix_private_cluster": "",
            "edge_zone": "",
            "enable_pod_security_policy": false,
            "fqdn": "myaks-iinsizyn.hcp.eastus.azmk8s.io",
            "http_application_routing_enabled": null,
            "http_application_routing_zone_name": null,
            "http_proxy_config": [],
            "id": "/subscriptions/645e3697-d061-4897-b45f-c300b23e9b77/resourceGroups/Rg-Production/providers/Microsoft.ContainerService/managedClusters/production",
            "identity": [
              {
                "identity_ids": [],
                "principal_id": "6e17144c-6cab-4f4e-a2cb-7e1ac8ea5332",
                "tenant_id": "d988d051-932a-4d07-822d-318e35596111",
                "type": "SystemAssigned"
              }
            ],
            "image_cleaner_enabled": false,
            "image_cleaner_interval_hours": 48,
            "ingress_application_gateway": [],
            "key_management_service": [],
            "key_vault_secrets_provider": [],
            "kube_admin_config": [],
            "kube_admin_config_raw": "",
            "kube_config": [
              {
                "client_certificate": "LS0tLS1CRUdJTiBDRVJUSUZJQ0FURS0tLS0tCk1JSUZIakNDQXdhZ0F3SUJBZ0lSQUlwempyMGpqSWQ4SDBFdWRSMUk0L1V3RFFZSktvWklodmNOQVFFTEJRQXcKRFRFTE1Ba0dBMVVFQXhNQ1kyRXdIaGNOTWpNd016STBNVGN3TkRNeFdoY05NalV3TXpJME1UY3hORE14V2pBdwpNUmN3RlFZRFZRUUtFdzV6ZVhOMFpXMDZiV0Z6ZEdWeWN6RVZNQk1HQTFVRUF4TU1iV0Z6ZEdWeVkyeHBaVzUwCk1JSUNJakFOQmdrcWhraUc5dzBCQVFFRkFBT0NBZzhBTUlJQ0NnS0NBZ0VBN3lPcFRWdTJNVWdXK3FxbC9XTTIKZDg5QmVNTVd0Q1dPSmU3b2FaY3dhUWhSM242OFVHMHozcjE0NjB2QTNodm1PcHozSUlqZUs0aEw1MkxtL3FvOQphTFdPeFJCVFVaNTB4RG1xK2xkVWdKUHlMMzJMem9ucHYyVzJaOUdwMXpFS1JQalR6NUFudlBNV3o2TUsrWXFNCmFwSzJpOE94Y3p4TklWRk8yTE5QN1UvZ20zREFoREVBbGNtMDlTd3l5cGhWdEpTU1QyUTl2NFpuNGtuU1dTd1EKK0dLS3dZbktWNnFLQlZ0U2dtbzVvMHc5Z253RlgvS0tjOFE0N2FGZnRlMWdxMm9SWTlZSUdZR0RMYnpka0RvcApOOGpKUVlSTiszTEtGREZHQ3I2RFAyNVB4b1RSOEY0OUs2bHhiQUJtRG5MM3JSU0swbURSeVF5aDQwZHpRMk5BCkt4OVkxOEFObXZCRzdUcWIvSk1ETFI2bDBUSlpBK05PRWU0bmdvbWlMSkNZL1RrSDFpN0pwV2xjYjduTzhRc2YKbHJJY1drdi9KM0JZKzlDNU9sREE2eDVHVUIrNXVTc2FRQnFTQzVIQXJNRC9qeXdCUGpHNXRuNUFiTGtlZHR3aApjQWZFR0hxc2lFUWJ1L3piMnJFb0FxdFBkY21iSkhZM2pQZzdBS1AwLzlhbklaNmNWQTFjMitnN3BWaEZ4eGgwCnRWMG9pTWhYT2hmaDRpUFNPL29FWE5STDc2TEtVRmdhdi9ZMEVLZHVuWlpQOHNnN1dnZUJkam5RLy9IMDZWNEgKaWxRR0VFSGFKTmJyKzJZQ0ZTck4ySU1iMURlek1jaUFxMWtUdEt4T0pwQlNacHFqSWkvWWliK0c0RWMxSjcrRwpYUzRBUTR3aUNCdHJvNXZQK1J0bS95MENBd0VBQWFOV01GUXdEZ1lEVlIwUEFRSC9CQVFEQWdXZ01CTUdBMVVkCkpRUU1NQW9HQ0NzR0FRVUZCd01DTUF3R0ExVWRFd0VCL3dRQ01BQXdId1lEVlIwakJCZ3dGb0FVbmNOUFpIMUkKUEw2Z3BOVVZzcjdMb3RlenFkOHdEUVlKS29aSWh2Y05BUUVMQlFBRGdnSUJBSWM5MXVoOWVCTy8wSHhIYXpTWQo3YzFLRm5oTzNqQ2VieThKT3BFdmd0Ukx0eG9GZ2hKNkpTWEN6MlRhTy9hZSt3UlRCQ1ZNdFU3L0NwZzdGZVU3CnQ3ajdiWC9iNFA4c2laSkFLblFXREVicGFPcEJGOFhmcjV0S3pnNXQ3R0oyWmZ3N0Y2VDl6L3RxK1FJR1BTKzIKQlQ5dFc1b1NHbmdBUWpSaEt3dDM2cTEyaGFvVXkramNvNlZodkdiQ1BIRTh4eXlzakR5Z0J0dDJCaWpDLzkwNwpzOGdQV2Zaa2FBMjdRSTVQSHF5VW5iR2lEMjY3MkVITERYVkZObkJXZGZkMnpsc2R4WEU2OWFXT1d1akZtTk9jCmk4MVBzZXhyL1c2Qjh3Y0pRL21QRmxFbUVCdXcvL3cwVUxXYWc5T1BJcWM1Rm1pTHBkNy96dndVbzVTWCtPNjAKWTk1UU9XajB0aVp3NlRyZGVGcnRTcWxsSU5BMHlnK2RqQ1lDSFBTcVlCS3V0SHJ0bFhrK0V0Qlcrbm11cjZmZAo4Sm1rM0ZmL24rZ2VpTUtHeFNxa1RyYktieFIyM3ZiTHJtZFFyUjNpdHhoTVprT3gxQXpkRmxSQmV5aStCMTd2CkVBMkFQQlpQbU5qTWpiQnV6Z0R3SWExY0FwaGpIc3BVbyt2a3NJY2tndE5iUW9mMW9wOFkrQXNGWDl3V0h6WHIKRUY2WWVIalZLRnFYa1JqY3dKOFQweitVbW9IbTJwRThBbk8vTVVoUHhQS3JKZVRuWkFsYjlmcW9iYTl3UGtUZwpTWmphanFOUzYrcHN4MTVGcWx3V1NGa2JXZHE4bTVVdTVFamlBTGxLckJQSmVHSmJobzAwMmp0OE9hd1M2dmJ6Cm53ZlBKbnNoUHRDTS81QXVOeFZxc0EvcgotLS0tLUVORCBDRVJUSUZJQ0FURS0tLS0tCg==",
                "client_key": "LS0tLS1CRUdJTiBSU0EgUFJJVkFURSBLRVktLS0tLQpNSUlKS1FJQkFBS0NBZ0VBN3lPcFRWdTJNVWdXK3FxbC9XTTJkODlCZU1NV3RDV09KZTdvYVpjd2FRaFIzbjY4ClVHMHozcjE0NjB2QTNodm1PcHozSUlqZUs0aEw1MkxtL3FvOWFMV094UkJUVVo1MHhEbXErbGRVZ0pQeUwzMkwKem9ucHYyVzJaOUdwMXpFS1JQalR6NUFudlBNV3o2TUsrWXFNYXBLMmk4T3hjenhOSVZGTzJMTlA3VS9nbTNEQQpoREVBbGNtMDlTd3l5cGhWdEpTU1QyUTl2NFpuNGtuU1dTd1ErR0tLd1luS1Y2cUtCVnRTZ21vNW8wdzlnbndGClgvS0tjOFE0N2FGZnRlMWdxMm9SWTlZSUdZR0RMYnpka0RvcE44akpRWVJOKzNMS0ZERkdDcjZEUDI1UHhvVFIKOEY0OUs2bHhiQUJtRG5MM3JSU0swbURSeVF5aDQwZHpRMk5BS3g5WTE4QU5tdkJHN1RxYi9KTURMUjZsMFRKWgpBK05PRWU0bmdvbWlMSkNZL1RrSDFpN0pwV2xjYjduTzhRc2ZsckljV2t2L0ozQlkrOUM1T2xEQTZ4NUdVQis1CnVTc2FRQnFTQzVIQXJNRC9qeXdCUGpHNXRuNUFiTGtlZHR3aGNBZkVHSHFzaUVRYnUvemIyckVvQXF0UGRjbWIKSkhZM2pQZzdBS1AwLzlhbklaNmNWQTFjMitnN3BWaEZ4eGgwdFYwb2lNaFhPaGZoNGlQU08vb0VYTlJMNzZMSwpVRmdhdi9ZMEVLZHVuWlpQOHNnN1dnZUJkam5RLy9IMDZWNEhpbFFHRUVIYUpOYnIrMllDRlNyTjJJTWIxRGV6Ck1jaUFxMWtUdEt4T0pwQlNacHFqSWkvWWliK0c0RWMxSjcrR1hTNEFRNHdpQ0J0cm81dlArUnRtL3kwQ0F3RUEKQVFLQ0FnQXNIWTRNQVZFNUFpMkxESlFXaklqdHpVUXN2UUNoTnhSa0Z4QzArZmtxUnlpalBRb01aRGpmYkdDMApONE5hOWhhZzFYZ1pmbVpON1pUakdMRzRaVHR5NTV0dzZ6UVRxSUd0K1YxN1ZVVDNlMU9BUTA3WlNVUGYxU216Ck9WQjFyRXhTc1B5U0crdll4WmQ5c254QjBMZGFxYm9YU29DZjI0MzNDWUxjSXlncGhVVFFLQnE3eURadGE0cUEKZUNqZWl2KzBrbnZ6UFhET3RrTFAwZ0tHQk1VVXJVa2Zyd1d1Nm4wUHcrc1N0L251RUJDQTA5UkNBUUpkbk9OTApveXQrNmsyZEViSW5rc0pud2lhcTkxNkFUdHB2dWhDMmoydTdhVSt5TGV6WDZwRlgwRWZUUFlsbEtGMXNncE96Cjh0Ymc3NENWWTJiQXJLL0d3UmZVVDhnSnRIT1BwYWxYVnovZ3VnVURqcUdTdmMrQlFtMGRXdjNtblV4WVl5a0UKQkJRSk9QenFQSzl2OW45NlVGa3o5aWZnSG9TbW1ZUm1naHRmVDRpQTBqZ3lCVi9Zb1BXTmRqYVR6ei9EODUyWQpsdTYxUzM1akhpejh6bFM3VEp6OEZwNnplV1NKYVF3NUJWVngxVHJKckdvZVk3LzBBc0pxRGxrMjFQVGF0S3FkClBIQVVYajBNaUFRWkwwdStTWkpLMjRJQkNLQmpmTW5CSStWTWhna1l5aFBYRnZ4TnBIWVBjZXBhUGhxZ1UxL3IKUHptdWE3N3BjajlKNHFJVkJDa2Z2NnhxVlVTWHRwR2NndCtOaHJUV1V1Rld1RUtPVnpqNUt5S0UzZmtHVFdpMgpLaElGSXRrWlBDQUxZMjg2emdQOXEvQVJaQnhsNXRVZ3R2OVZvdlJ2dTdUVXAyRzZRUUtDQVFFQTgxUU0rR1RCCktjQVIwSE1YeXdkckF2UzI5cVZ4NzFueGJXeDBrV1RLVG5XTDVJVlU4WmhOUnlvNHVqUVMyU3FPWktUNkh3VlIKb0VYTGhXRnhHVGVhQU56VVBmRS9Ic1ZHeWtvaFVCS0R3c3AyS2VMUjJQREhTNkgwdUxVNXozU2Zhd01CRzYwaQpISTdoSFp6eHdqcnU5VHdoUEZjU2VOdkcwOHFhQVEvV3pjeWhMOGhBdkRBNWZSMXdCV3NOM0IzZTlWZjNVVi9ICmxtVkE0V0xKaFFSeE1vMU5JaC9VRk5idy9tTkFRNXBMODBNWG43eEVxVklWK3hSMjBaLyt5S0diQWxSRVI0bGcKREljZ0JwOVhQY1lJZW9BU0hodjZOdkkzNHEwRkNUeEZERGVURG03SCt5S0pZQk82V0NERWJmd2lTb25XQmJUSgpmZjVnc0xQZk43U0RaUUtDQVFFQSs1ZkRzZk40WC9aL2hsY2NHaUtuZzdGeUpjZkhhaFpQTHBZUEZ3YkVzcjNkCkhlM0M0YVZkREx4RUkrYkxRYnl2UFM3Zm9yVjBMZGIxOXVDY1ZnZlFPc3huQWtPVnY0VU9sZjg5WUdYelAyNkMKa3BHNENmdXRKYWQ1YUZHbDUxMkZQV1JZYmJtcTlSbHZSNjdTUjROV0pFMFR2ZHNQM2wyYUp0NExiOENDNUh6dgp0Q1AyY3FjZDRXTDVYSk9RMGtSZTlNK05xU1FUQmRYdE5YYVVVWnZXR2pFUVcwYXFWQytrSnpMM1NOVlh2MCtvClcyMUFjRVRQM3p5RU1tbEpQWXZ4aWYyZS9pcjhJcVJHSS9vbDhaUERkZTBFaXhlL0V6dEZqQVVmZHRxQlVxMncKN0M3RnlKU3E3YTd6bis5TjdhOTBYMXFvRElDMk05bGRLL29BcFJqa0tRS0NBUUVBcGd5ZWlVZWdkZEJIbDl0aQp5ajgycko2NDJOb1FSVWs0c3ZhSEdjMFJMYmVUam8vYVpzQUxSRnd3dUFqZkwrbVZvR0xnK1JoVkdxMW1kSkFKCmNTNzdYa2xVWVN6bmFTVXc2TXpyck12bHRLRWJQL3cwUGZvWjFxZ2Y2NGhvZWdUWTRWcjhmNW1IcEx0d0xoZ3kKOXR2bXc5MlR4S3lhdzNVZld0cHdlL2NHSEF6ZmxrN3V0ajJtalpYd0l4SnFNK01DaXFUTDluRUpMNzNMSjhPVgpSN3UvVDhNVGR3MEhXbTFQcWhtcStqY3FTMGhtcjYvM255Q1FOWFpDbTB5MnZzMWhqWlpadmdPbVV3WkhPWjIxCkdFZXk4MzNBWDJHeVA1ck52bGRhRDNKY29EaXdsdkhNY0xtaHk3bkt1V2NyQk85QnEySWlkbVJuK0I0R2Q2OVgKelpqVzdRS0NBUUErOUcvY2hHN1huR2UycHU5NlByZXFCV25wdUQ3VzlmUWtWUm83aWM4SVp1Z0FpREVlbzNGUQpNWC9mZCszZWFpZHphTm8rN2FhL25hMTRkQ1hLaFRQK3NvMElEUDlZcUNQSk50QVY0Z3puRDNFTzJmV3lVYzYyCndGeHAxUnh0YzRKV3BWaFhSSUZaeVY2R0VtRzkwVWhwMXZ1Y28wY3FQa1BIZkFKaW1VcG5nRGUrM016YlRhUDEKZFAydXc2SVdhMU5UY09naXJjc3d4NklPb2JobFgxaEl2NFEzUXN4Mk9tR2FDVy9GUXRVdEl2S2V4Z3k4eXdzMAo4Z0NtV0tBaURYV0lNUFZxNWppbk5uSHlxTEo3NjV5YVVvK3plbUt1bmtNOTBUNVpVRDNTQVhKbTl5RTRtckxXCnZOTnJic2NTTmJncDhCWmk0b1kxSFN2cVNDbUhKbDVaQW9JQkFRQ2RWaHQ0L0R5Z2tsSW9lZ2VlTDZaSGxqd28KSTFEOVpOQ3VMeUlhRWxEOEJXeEpVL0JpcDMvZXZPckpSVjNHUG0xWS9mQ01INjY2Z3ZuT3BwK1A5QnNtZ20vTgpsOFBrZGNFdHVMdW5aSFRqNHc1dDhDNHlpbHlQNE1LdEdrZjRmZVhjdUhPNUlweGloNVFrR1QvWmpEdWpVamROCm44NUZsSzdMZFcrNWhpaXdiRGxqWjhLb0VEV1NrUEtyNlRSNHVOemE1ZDErNFpVeFcvT2ZpbnFJMW12MEtoNWkKclBrUTZCK1p2N2o4VDdJMVJ3YnUzdzBsbWxWZVVUZjA0aDh3QlowNG5iaUxvVnZVS2lLdzQ5SWhzQlM0ZWpERQp2ekZ1Z1FEa1hrNlphUFR3RVU0UkdIR0NUZ3d2Vms0elorT1FZR2JFUys2TnpQYjdzOUo5b09HOFpqWmYKLS0tLS1FTkQgUlNBIFBSSVZBVEUgS0VZLS0tLS0K",
                "cluster_ca_certificate": "LS0tLS1CRUdJTiBDRVJUSUZJQ0FURS0tLS0tCk1JSUU2RENDQXRDZ0F3SUJBZ0lRVWlnRldGcXkxUi93cEo5VGxWd2dqekFOQmdrcWhraUc5dzBCQVFzRkFEQU4KTVFzd0NRWURWUVFERXdKallUQWdGdzB5TXpBek1qUXhOekEwTXpGYUdBOHlNRFV6TURNeU5ERTNNVFF6TVZvdwpEVEVMTUFrR0ExVUVBeE1DWTJFd2dnSWlNQTBHQ1NxR1NJYjNEUUVCQVFVQUE0SUNEd0F3Z2dJS0FvSUNBUUN4CllLMmlMRXN1bFVjTytrcWorVGd1V3V4alk2a3A2aTUwMXpvdXJDMjZnTlFWbGRGQ3ZDUWtuRSs5QnBFNVI5ZXAKZlhVSFAvMGl3bEQwYUVYVTVJMzQyT05RbUdwMi9NakZPRlM1NFAvd0J5UGVjVHVnT1lzZUt2aXhOZm5mV1BWNgpxUjcvWDllVVRCK1FkL1IwZGx0NHlsRmN6UGxOSU12S1ZHOERZNjhCUUZRZHZESDBkbUFTMWdudHlXZCtjOHJJCkJvYklKdzU1SG1CU3lTYzFXeENpVWhhT09jTGt1cjZ0M2I1N3lsaXlsY2pZb2tKWGVCYzhlc0dWbnl0THQyd00KZE02RmdQdVBLWEJHbmpyM2hESnI3RE54R3Q3OFFxWVVsMHUzNXFxWlRXdXhPalIvQ1EvaXU5Um9ockRTczRXdQpuZjl2ekI3WVpTaVUrS3pIZDQ4UURKUk0ydUtuMWRycTBIMkZNK1pSODZjcG5tR01sTFRETy9ZMzdnMlY4NjEvCm5iM2NSM05PNkFJcEFwUWxNZzF0M2RoVDYwdFNacHJBbGk4OWFickFFQkU3MysraURreG5idEZoWHNXa3c4WkUKTE41L0JEZTNsUXVjdUxKTlFOc3dEUTg4VnpsSWZ6K09YcnlMeUFSbVp2clliQnJSRXVzK0FJblNNN29EYUZwawp1T25FeFlrSjJTemQrVWNRQlRzMG1CNTR4MTVlTVFYbDV1SEZmTkZ2a2NlQStpSFVxUHBidHpET0hWY3hvNlozCjRpcmdydjFSMmk2bElNdnE3V1NRZG1EZ3hIRWdUbERBYytSZGh1ZnErQ0JqNFRWeVp6WVpJRXptUzFTSjRURmsKNXF6Rk42WnlTd0FGMXVORklWaWRkejRPQ2lUb2hhd0JUV3llWFp1QmR3SURBUUFCbzBJd1FEQU9CZ05WSFE4QgpBZjhFQkFNQ0FxUXdEd1lEVlIwVEFRSC9CQVV3QXdFQi96QWRCZ05WSFE0RUZnUVVuY05QWkgxSVBMNmdwTlVWCnNyN0xvdGV6cWQ4d0RRWUpLb1pJaHZjTkFRRUxCUUFEZ2dJQkFGQzRTbTlVTmduRUhqT2hDTU1lN2FzWitQNUoKQklacXBBQUg2VXZ5ZjgvZUNVRjNSb1czcHF2dXM1QW96RVRoZDlFU0tscFVtR2VzNUtWYmVEc3E4dktkKzJtYQo0NURqS04vbjhIQzRlUmN0RE5LVStFdURnejBGdnBWck5iM3F3bWw3UDd6ZWpKdFRCOUZWNU1vTVNvYXMwakpmCnBOOS9tRXd4VklyQjZ2SVM0N1lrUFhCR0N5clpONzBXQnBnN1B2cDNqWXBxWGdKVXpUQzVhWldwVVlpN0lwR2sKZSs0bTZ3MXU3dG5BZGo5d2g1NDZCMlRJRTF1VHRBVHJJd1BtR2tDT2tzQ1g2cW9UY29LTjlteFFWSDQzMzlsaApsNjZsaTd2bHZYQ0FqbGZKalZUS3YvRTRFTC9OMHppNTUzMng0U1R1ZFMyL2hGamkxWVZ5SE1yY2RpWElKRlJtCktRdkdjVHRXazRRUlhDZm9LU2NnQU04c2s0a2pXazF6ZWhIWXg0TWVNaHJudFNJS0V3QkFBZ1doM2lBWTVWVXEKWG1OZzY4QjJ2am9WbEJlM2luSHp1blJnUzBpTEloQ05yRnFxaWVVSVN4MzJ0YlB6aXVnNWZBZVlleTJyZ2V3Vgo5akVqK1pSNE5wcitFNWZTRGF5U2NIeWNodlNPc2JyUzdKNmx5eHVnNFJiUzRKK0hobzZteDVHOHFVNHdUYTNpCnlKdmxtbWtjYkxZOGtlbzlydWhIa2pLQ21WUGcva0hCTXJZSHY5K3VuZ01XZXFwLzhHaC9oejc3YnROYTNOc3cKckpGSE04ejh5azFLbFBpL082c1lQbmJVZFREc0JEb3czcUU0MlRrd0ZDZ1F1ZXZpQUdOSG1raFBmYVBFLzZCRQpINzZJRmI0ejhXZHI2WnlrCi0tLS0tRU5EIENFUlRJRklDQVRFLS0tLS0K",
                "host": "https://myaks-iinsizyn.hcp.eastus.azmk8s.io:443",
                "password": "906mce8k0dmygivah6c8chagvlaclftrw8nffw0r2b5ioiakxh0yo1qaxh96mtu2ubqo2raqq6ob89eu74h42tri5fwv449fhsll14polo6vznk4z8ztxf0lmo6fkii2",
                "username": "clusterUser_Rg-Production_production"
              }
            ],
            "kube_config_raw": "apiVersion: v1\nclusters:\n- cluster:\n    certificate-authority-data: LS0tLS1CRUdJTiBDRVJUSUZJQ0FURS0tLS0tCk1JSUU2RENDQXRDZ0F3SUJBZ0lRVWlnRldGcXkxUi93cEo5VGxWd2dqekFOQmdrcWhraUc5dzBCQVFzRkFEQU4KTVFzd0NRWURWUVFERXdKallUQWdGdzB5TXpBek1qUXhOekEwTXpGYUdBOHlNRFV6TURNeU5ERTNNVFF6TVZvdwpEVEVMTUFrR0ExVUVBeE1DWTJFd2dnSWlNQTBHQ1NxR1NJYjNEUUVCQVFVQUE0SUNEd0F3Z2dJS0FvSUNBUUN4CllLMmlMRXN1bFVjTytrcWorVGd1V3V4alk2a3A2aTUwMXpvdXJDMjZnTlFWbGRGQ3ZDUWtuRSs5QnBFNVI5ZXAKZlhVSFAvMGl3bEQwYUVYVTVJMzQyT05RbUdwMi9NakZPRlM1NFAvd0J5UGVjVHVnT1lzZUt2aXhOZm5mV1BWNgpxUjcvWDllVVRCK1FkL1IwZGx0NHlsRmN6UGxOSU12S1ZHOERZNjhCUUZRZHZESDBkbUFTMWdudHlXZCtjOHJJCkJvYklKdzU1SG1CU3lTYzFXeENpVWhhT09jTGt1cjZ0M2I1N3lsaXlsY2pZb2tKWGVCYzhlc0dWbnl0THQyd00KZE02RmdQdVBLWEJHbmpyM2hESnI3RE54R3Q3OFFxWVVsMHUzNXFxWlRXdXhPalIvQ1EvaXU5Um9ockRTczRXdQpuZjl2ekI3WVpTaVUrS3pIZDQ4UURKUk0ydUtuMWRycTBIMkZNK1pSODZjcG5tR01sTFRETy9ZMzdnMlY4NjEvCm5iM2NSM05PNkFJcEFwUWxNZzF0M2RoVDYwdFNacHJBbGk4OWFickFFQkU3MysraURreG5idEZoWHNXa3c4WkUKTE41L0JEZTNsUXVjdUxKTlFOc3dEUTg4VnpsSWZ6K09YcnlMeUFSbVp2clliQnJSRXVzK0FJblNNN29EYUZwawp1T25FeFlrSjJTemQrVWNRQlRzMG1CNTR4MTVlTVFYbDV1SEZmTkZ2a2NlQStpSFVxUHBidHpET0hWY3hvNlozCjRpcmdydjFSMmk2bElNdnE3V1NRZG1EZ3hIRWdUbERBYytSZGh1ZnErQ0JqNFRWeVp6WVpJRXptUzFTSjRURmsKNXF6Rk42WnlTd0FGMXVORklWaWRkejRPQ2lUb2hhd0JUV3llWFp1QmR3SURBUUFCbzBJd1FEQU9CZ05WSFE4QgpBZjhFQkFNQ0FxUXdEd1lEVlIwVEFRSC9CQVV3QXdFQi96QWRCZ05WSFE0RUZnUVVuY05QWkgxSVBMNmdwTlVWCnNyN0xvdGV6cWQ4d0RRWUpLb1pJaHZjTkFRRUxCUUFEZ2dJQkFGQzRTbTlVTmduRUhqT2hDTU1lN2FzWitQNUoKQklacXBBQUg2VXZ5ZjgvZUNVRjNSb1czcHF2dXM1QW96RVRoZDlFU0tscFVtR2VzNUtWYmVEc3E4dktkKzJtYQo0NURqS04vbjhIQzRlUmN0RE5LVStFdURnejBGdnBWck5iM3F3bWw3UDd6ZWpKdFRCOUZWNU1vTVNvYXMwakpmCnBOOS9tRXd4VklyQjZ2SVM0N1lrUFhCR0N5clpONzBXQnBnN1B2cDNqWXBxWGdKVXpUQzVhWldwVVlpN0lwR2sKZSs0bTZ3MXU3dG5BZGo5d2g1NDZCMlRJRTF1VHRBVHJJd1BtR2tDT2tzQ1g2cW9UY29LTjlteFFWSDQzMzlsaApsNjZsaTd2bHZYQ0FqbGZKalZUS3YvRTRFTC9OMHppNTUzMng0U1R1ZFMyL2hGamkxWVZ5SE1yY2RpWElKRlJtCktRdkdjVHRXazRRUlhDZm9LU2NnQU04c2s0a2pXazF6ZWhIWXg0TWVNaHJudFNJS0V3QkFBZ1doM2lBWTVWVXEKWG1OZzY4QjJ2am9WbEJlM2luSHp1blJnUzBpTEloQ05yRnFxaWVVSVN4MzJ0YlB6aXVnNWZBZVlleTJyZ2V3Vgo5akVqK1pSNE5wcitFNWZTRGF5U2NIeWNodlNPc2JyUzdKNmx5eHVnNFJiUzRKK0hobzZteDVHOHFVNHdUYTNpCnlKdmxtbWtjYkxZOGtlbzlydWhIa2pLQ21WUGcva0hCTXJZSHY5K3VuZ01XZXFwLzhHaC9oejc3YnROYTNOc3cKckpGSE04ejh5azFLbFBpL082c1lQbmJVZFREc0JEb3czcUU0MlRrd0ZDZ1F1ZXZpQUdOSG1raFBmYVBFLzZCRQpINzZJRmI0ejhXZHI2WnlrCi0tLS0tRU5EIENFUlRJRklDQVRFLS0tLS0K\n    server: https://myaks-iinsizyn.hcp.eastus.azmk8s.io:443\n  name: production\ncontexts:\n- context:\n    cluster: production\n    user: clusterUser_Rg-Production_production\n  name: production\ncurrent-context: production\nkind: Config\npreferences: {}\nusers:\n- name: clusterUser_Rg-Production_production\n  user:\n    client-certificate-data: LS0tLS1CRUdJTiBDRVJUSUZJQ0FURS0tLS0tCk1JSUZIakNDQXdhZ0F3SUJBZ0lSQUlwempyMGpqSWQ4SDBFdWRSMUk0L1V3RFFZSktvWklodmNOQVFFTEJRQXcKRFRFTE1Ba0dBMVVFQXhNQ1kyRXdIaGNOTWpNd016STBNVGN3TkRNeFdoY05NalV3TXpJME1UY3hORE14V2pBdwpNUmN3RlFZRFZRUUtFdzV6ZVhOMFpXMDZiV0Z6ZEdWeWN6RVZNQk1HQTFVRUF4TU1iV0Z6ZEdWeVkyeHBaVzUwCk1JSUNJakFOQmdrcWhraUc5dzBCQVFFRkFBT0NBZzhBTUlJQ0NnS0NBZ0VBN3lPcFRWdTJNVWdXK3FxbC9XTTIKZDg5QmVNTVd0Q1dPSmU3b2FaY3dhUWhSM242OFVHMHozcjE0NjB2QTNodm1PcHozSUlqZUs0aEw1MkxtL3FvOQphTFdPeFJCVFVaNTB4RG1xK2xkVWdKUHlMMzJMem9ucHYyVzJaOUdwMXpFS1JQalR6NUFudlBNV3o2TUsrWXFNCmFwSzJpOE94Y3p4TklWRk8yTE5QN1UvZ20zREFoREVBbGNtMDlTd3l5cGhWdEpTU1QyUTl2NFpuNGtuU1dTd1EKK0dLS3dZbktWNnFLQlZ0U2dtbzVvMHc5Z253RlgvS0tjOFE0N2FGZnRlMWdxMm9SWTlZSUdZR0RMYnpka0RvcApOOGpKUVlSTiszTEtGREZHQ3I2RFAyNVB4b1RSOEY0OUs2bHhiQUJtRG5MM3JSU0swbURSeVF5aDQwZHpRMk5BCkt4OVkxOEFObXZCRzdUcWIvSk1ETFI2bDBUSlpBK05PRWU0bmdvbWlMSkNZL1RrSDFpN0pwV2xjYjduTzhRc2YKbHJJY1drdi9KM0JZKzlDNU9sREE2eDVHVUIrNXVTc2FRQnFTQzVIQXJNRC9qeXdCUGpHNXRuNUFiTGtlZHR3aApjQWZFR0hxc2lFUWJ1L3piMnJFb0FxdFBkY21iSkhZM2pQZzdBS1AwLzlhbklaNmNWQTFjMitnN3BWaEZ4eGgwCnRWMG9pTWhYT2hmaDRpUFNPL29FWE5STDc2TEtVRmdhdi9ZMEVLZHVuWlpQOHNnN1dnZUJkam5RLy9IMDZWNEgKaWxRR0VFSGFKTmJyKzJZQ0ZTck4ySU1iMURlek1jaUFxMWtUdEt4T0pwQlNacHFqSWkvWWliK0c0RWMxSjcrRwpYUzRBUTR3aUNCdHJvNXZQK1J0bS95MENBd0VBQWFOV01GUXdEZ1lEVlIwUEFRSC9CQVFEQWdXZ01CTUdBMVVkCkpRUU1NQW9HQ0NzR0FRVUZCd01DTUF3R0ExVWRFd0VCL3dRQ01BQXdId1lEVlIwakJCZ3dGb0FVbmNOUFpIMUkKUEw2Z3BOVVZzcjdMb3RlenFkOHdEUVlKS29aSWh2Y05BUUVMQlFBRGdnSUJBSWM5MXVoOWVCTy8wSHhIYXpTWQo3YzFLRm5oTzNqQ2VieThKT3BFdmd0Ukx0eG9GZ2hKNkpTWEN6MlRhTy9hZSt3UlRCQ1ZNdFU3L0NwZzdGZVU3CnQ3ajdiWC9iNFA4c2laSkFLblFXREVicGFPcEJGOFhmcjV0S3pnNXQ3R0oyWmZ3N0Y2VDl6L3RxK1FJR1BTKzIKQlQ5dFc1b1NHbmdBUWpSaEt3dDM2cTEyaGFvVXkramNvNlZodkdiQ1BIRTh4eXlzakR5Z0J0dDJCaWpDLzkwNwpzOGdQV2Zaa2FBMjdRSTVQSHF5VW5iR2lEMjY3MkVITERYVkZObkJXZGZkMnpsc2R4WEU2OWFXT1d1akZtTk9jCmk4MVBzZXhyL1c2Qjh3Y0pRL21QRmxFbUVCdXcvL3cwVUxXYWc5T1BJcWM1Rm1pTHBkNy96dndVbzVTWCtPNjAKWTk1UU9XajB0aVp3NlRyZGVGcnRTcWxsSU5BMHlnK2RqQ1lDSFBTcVlCS3V0SHJ0bFhrK0V0Qlcrbm11cjZmZAo4Sm1rM0ZmL24rZ2VpTUtHeFNxa1RyYktieFIyM3ZiTHJtZFFyUjNpdHhoTVprT3gxQXpkRmxSQmV5aStCMTd2CkVBMkFQQlpQbU5qTWpiQnV6Z0R3SWExY0FwaGpIc3BVbyt2a3NJY2tndE5iUW9mMW9wOFkrQXNGWDl3V0h6WHIKRUY2WWVIalZLRnFYa1JqY3dKOFQweitVbW9IbTJwRThBbk8vTVVoUHhQS3JKZVRuWkFsYjlmcW9iYTl3UGtUZwpTWmphanFOUzYrcHN4MTVGcWx3V1NGa2JXZHE4bTVVdTVFamlBTGxLckJQSmVHSmJobzAwMmp0OE9hd1M2dmJ6Cm53ZlBKbnNoUHRDTS81QXVOeFZxc0EvcgotLS0tLUVORCBDRVJUSUZJQ0FURS0tLS0tCg==\n    client-key-data: LS0tLS1CRUdJTiBSU0EgUFJJVkFURSBLRVktLS0tLQpNSUlKS1FJQkFBS0NBZ0VBN3lPcFRWdTJNVWdXK3FxbC9XTTJkODlCZU1NV3RDV09KZTdvYVpjd2FRaFIzbjY4ClVHMHozcjE0NjB2QTNodm1PcHozSUlqZUs0aEw1MkxtL3FvOWFMV094UkJUVVo1MHhEbXErbGRVZ0pQeUwzMkwKem9ucHYyVzJaOUdwMXpFS1JQalR6NUFudlBNV3o2TUsrWXFNYXBLMmk4T3hjenhOSVZGTzJMTlA3VS9nbTNEQQpoREVBbGNtMDlTd3l5cGhWdEpTU1QyUTl2NFpuNGtuU1dTd1ErR0tLd1luS1Y2cUtCVnRTZ21vNW8wdzlnbndGClgvS0tjOFE0N2FGZnRlMWdxMm9SWTlZSUdZR0RMYnpka0RvcE44akpRWVJOKzNMS0ZERkdDcjZEUDI1UHhvVFIKOEY0OUs2bHhiQUJtRG5MM3JSU0swbURSeVF5aDQwZHpRMk5BS3g5WTE4QU5tdkJHN1RxYi9KTURMUjZsMFRKWgpBK05PRWU0bmdvbWlMSkNZL1RrSDFpN0pwV2xjYjduTzhRc2ZsckljV2t2L0ozQlkrOUM1T2xEQTZ4NUdVQis1CnVTc2FRQnFTQzVIQXJNRC9qeXdCUGpHNXRuNUFiTGtlZHR3aGNBZkVHSHFzaUVRYnUvemIyckVvQXF0UGRjbWIKSkhZM2pQZzdBS1AwLzlhbklaNmNWQTFjMitnN3BWaEZ4eGgwdFYwb2lNaFhPaGZoNGlQU08vb0VYTlJMNzZMSwpVRmdhdi9ZMEVLZHVuWlpQOHNnN1dnZUJkam5RLy9IMDZWNEhpbFFHRUVIYUpOYnIrMllDRlNyTjJJTWIxRGV6Ck1jaUFxMWtUdEt4T0pwQlNacHFqSWkvWWliK0c0RWMxSjcrR1hTNEFRNHdpQ0J0cm81dlArUnRtL3kwQ0F3RUEKQVFLQ0FnQXNIWTRNQVZFNUFpMkxESlFXaklqdHpVUXN2UUNoTnhSa0Z4QzArZmtxUnlpalBRb01aRGpmYkdDMApONE5hOWhhZzFYZ1pmbVpON1pUakdMRzRaVHR5NTV0dzZ6UVRxSUd0K1YxN1ZVVDNlMU9BUTA3WlNVUGYxU216Ck9WQjFyRXhTc1B5U0crdll4WmQ5c254QjBMZGFxYm9YU29DZjI0MzNDWUxjSXlncGhVVFFLQnE3eURadGE0cUEKZUNqZWl2KzBrbnZ6UFhET3RrTFAwZ0tHQk1VVXJVa2Zyd1d1Nm4wUHcrc1N0L251RUJDQTA5UkNBUUpkbk9OTApveXQrNmsyZEViSW5rc0pud2lhcTkxNkFUdHB2dWhDMmoydTdhVSt5TGV6WDZwRlgwRWZUUFlsbEtGMXNncE96Cjh0Ymc3NENWWTJiQXJLL0d3UmZVVDhnSnRIT1BwYWxYVnovZ3VnVURqcUdTdmMrQlFtMGRXdjNtblV4WVl5a0UKQkJRSk9QenFQSzl2OW45NlVGa3o5aWZnSG9TbW1ZUm1naHRmVDRpQTBqZ3lCVi9Zb1BXTmRqYVR6ei9EODUyWQpsdTYxUzM1akhpejh6bFM3VEp6OEZwNnplV1NKYVF3NUJWVngxVHJKckdvZVk3LzBBc0pxRGxrMjFQVGF0S3FkClBIQVVYajBNaUFRWkwwdStTWkpLMjRJQkNLQmpmTW5CSStWTWhna1l5aFBYRnZ4TnBIWVBjZXBhUGhxZ1UxL3IKUHptdWE3N3BjajlKNHFJVkJDa2Z2NnhxVlVTWHRwR2NndCtOaHJUV1V1Rld1RUtPVnpqNUt5S0UzZmtHVFdpMgpLaElGSXRrWlBDQUxZMjg2emdQOXEvQVJaQnhsNXRVZ3R2OVZvdlJ2dTdUVXAyRzZRUUtDQVFFQTgxUU0rR1RCCktjQVIwSE1YeXdkckF2UzI5cVZ4NzFueGJXeDBrV1RLVG5XTDVJVlU4WmhOUnlvNHVqUVMyU3FPWktUNkh3VlIKb0VYTGhXRnhHVGVhQU56VVBmRS9Ic1ZHeWtvaFVCS0R3c3AyS2VMUjJQREhTNkgwdUxVNXozU2Zhd01CRzYwaQpISTdoSFp6eHdqcnU5VHdoUEZjU2VOdkcwOHFhQVEvV3pjeWhMOGhBdkRBNWZSMXdCV3NOM0IzZTlWZjNVVi9ICmxtVkE0V0xKaFFSeE1vMU5JaC9VRk5idy9tTkFRNXBMODBNWG43eEVxVklWK3hSMjBaLyt5S0diQWxSRVI0bGcKREljZ0JwOVhQY1lJZW9BU0hodjZOdkkzNHEwRkNUeEZERGVURG03SCt5S0pZQk82V0NERWJmd2lTb25XQmJUSgpmZjVnc0xQZk43U0RaUUtDQVFFQSs1ZkRzZk40WC9aL2hsY2NHaUtuZzdGeUpjZkhhaFpQTHBZUEZ3YkVzcjNkCkhlM0M0YVZkREx4RUkrYkxRYnl2UFM3Zm9yVjBMZGIxOXVDY1ZnZlFPc3huQWtPVnY0VU9sZjg5WUdYelAyNkMKa3BHNENmdXRKYWQ1YUZHbDUxMkZQV1JZYmJtcTlSbHZSNjdTUjROV0pFMFR2ZHNQM2wyYUp0NExiOENDNUh6dgp0Q1AyY3FjZDRXTDVYSk9RMGtSZTlNK05xU1FUQmRYdE5YYVVVWnZXR2pFUVcwYXFWQytrSnpMM1NOVlh2MCtvClcyMUFjRVRQM3p5RU1tbEpQWXZ4aWYyZS9pcjhJcVJHSS9vbDhaUERkZTBFaXhlL0V6dEZqQVVmZHRxQlVxMncKN0M3RnlKU3E3YTd6bis5TjdhOTBYMXFvRElDMk05bGRLL29BcFJqa0tRS0NBUUVBcGd5ZWlVZWdkZEJIbDl0aQp5ajgycko2NDJOb1FSVWs0c3ZhSEdjMFJMYmVUam8vYVpzQUxSRnd3dUFqZkwrbVZvR0xnK1JoVkdxMW1kSkFKCmNTNzdYa2xVWVN6bmFTVXc2TXpyck12bHRLRWJQL3cwUGZvWjFxZ2Y2NGhvZWdUWTRWcjhmNW1IcEx0d0xoZ3kKOXR2bXc5MlR4S3lhdzNVZld0cHdlL2NHSEF6ZmxrN3V0ajJtalpYd0l4SnFNK01DaXFUTDluRUpMNzNMSjhPVgpSN3UvVDhNVGR3MEhXbTFQcWhtcStqY3FTMGhtcjYvM255Q1FOWFpDbTB5MnZzMWhqWlpadmdPbVV3WkhPWjIxCkdFZXk4MzNBWDJHeVA1ck52bGRhRDNKY29EaXdsdkhNY0xtaHk3bkt1V2NyQk85QnEySWlkbVJuK0I0R2Q2OVgKelpqVzdRS0NBUUErOUcvY2hHN1huR2UycHU5NlByZXFCV25wdUQ3VzlmUWtWUm83aWM4SVp1Z0FpREVlbzNGUQpNWC9mZCszZWFpZHphTm8rN2FhL25hMTRkQ1hLaFRQK3NvMElEUDlZcUNQSk50QVY0Z3puRDNFTzJmV3lVYzYyCndGeHAxUnh0YzRKV3BWaFhSSUZaeVY2R0VtRzkwVWhwMXZ1Y28wY3FQa1BIZkFKaW1VcG5nRGUrM016YlRhUDEKZFAydXc2SVdhMU5UY09naXJjc3d4NklPb2JobFgxaEl2NFEzUXN4Mk9tR2FDVy9GUXRVdEl2S2V4Z3k4eXdzMAo4Z0NtV0tBaURYV0lNUFZxNWppbk5uSHlxTEo3NjV5YVVvK3plbUt1bmtNOTBUNVpVRDNTQVhKbTl5RTRtckxXCnZOTnJic2NTTmJncDhCWmk0b1kxSFN2cVNDbUhKbDVaQW9JQkFRQ2RWaHQ0L0R5Z2tsSW9lZ2VlTDZaSGxqd28KSTFEOVpOQ3VMeUlhRWxEOEJXeEpVL0JpcDMvZXZPckpSVjNHUG0xWS9mQ01INjY2Z3ZuT3BwK1A5QnNtZ20vTgpsOFBrZGNFdHVMdW5aSFRqNHc1dDhDNHlpbHlQNE1LdEdrZjRmZVhjdUhPNUlweGloNVFrR1QvWmpEdWpVamROCm44NUZsSzdMZFcrNWhpaXdiRGxqWjhLb0VEV1NrUEtyNlRSNHVOemE1ZDErNFpVeFcvT2ZpbnFJMW12MEtoNWkKclBrUTZCK1p2N2o4VDdJMVJ3YnUzdzBsbWxWZVVUZjA0aDh3QlowNG5iaUxvVnZVS2lLdzQ5SWhzQlM0ZWpERQp2ekZ1Z1FEa1hrNlphUFR3RVU0UkdIR0NUZ3d2Vms0elorT1FZR2JFUys2TnpQYjdzOUo5b09HOFpqWmYKLS0tLS1FTkQgUlNBIFBSSVZBVEUgS0VZLS0tLS0K\n    token: 906mce8k0dmygivah6c8chagvlaclftrw8nffw0r2b5ioiakxh0yo1qaxh96mtu2ubqo2raqq6ob89eu74h42tri5fwv449fhsll14polo6vznk4z8ztxf0lmo6fkii2\n",
            "kubelet_identity": [
              {
                "client_id": "e732a028-710c-4e25-a84b-3fd92900a227",
                "object_id": "9ab5097a-fe26-467e-8516-dde6e1773f33",
                "user_assigned_identity_id": "/subscriptions/645e3697-d061-4897-b45f-c300b23e9b77/resourceGroups/rg-produciton-aks-nodes/providers/Microsoft.ManagedIdentity/userAssignedIdentities/production-agentpool"
              }
            ],
            "kubernetes_version": "1.24.9",
            "linux_profile": [],
            "local_account_disabled": false,
            "location": "eastus",
            "maintenance_window": [],
            "microsoft_defender": [],
            "monitor_metrics": [],
            "name": "production",
            "network_profile": [
              {
                "dns_service_ip": "10.0.0.10",
                "docker_bridge_cidr": "172.17.0.1/16",
                "ebpf_data_plane": "",
                "ip_versions": [
                  "IPv4"
                ],
                "load_balancer_profile": [
                  {
                    "effective_outbound_ips": [
                      "/subscriptions/645e3697-d061-4897-b45f-c300b23e9b77/resourceGroups/rg-produciton-aks-nodes/providers/Microsoft.Network/publicIPAddresses/dcd01875-b0fc-421d-98cc-3eaa69f252e2"
                    ],
                    "idle_timeout_in_minutes": 0,
                    "managed_outbound_ip_count": 1,
                    "managed_outbound_ipv6_count": 0,
                    "outbound_ip_address_ids": [],
                    "outbound_ip_prefix_ids": [],
                    "outbound_ports_allocated": 0
                  }
                ],
                "load_balancer_sku": "standard",
                "nat_gateway_profile": [],
                "network_mode": "",
                "network_plugin": "kubenet",
                "network_plugin_mode": "",
                "network_policy": "",
                "outbound_type": "loadBalancer",
                "pod_cidr": "10.244.0.0/16",
                "pod_cidrs": [
                  "10.244.0.0/16"
                ],
                "service_cidr": "10.0.0.0/16",
                "service_cidrs": [
                  "10.0.0.0/16"
                ]
              }
            ],
            "node_resource_group": "rg-produciton-aks-nodes",
            "oidc_issuer_enabled": false,
            "oidc_issuer_url": "",
            "oms_agent": [],
            "open_service_mesh_enabled": null,
            "portal_fqdn": "myaks-iinsizyn.portal.hcp.eastus.azmk8s.io",
            "private_cluster_enabled": false,
            "private_cluster_public_fqdn_enabled": false,
            "private_dns_zone_id": null,
            "private_fqdn": "",
            "public_network_access_enabled": true,
            "resource_group_name": "Rg-Production",
            "role_based_access_control_enabled": true,
            "run_command_enabled": true,
            "service_principal": [],
            "sku_tier": "Free",
            "storage_profile": [],
            "tags": {
              "environment": "dev"
            },
            "timeouts": null,
            "web_app_routing": [],
            "windows_profile": [],
            "workload_autoscaler_profile": [],
            "workload_identity_enabled": false
          },
          "sensitive_attributes": [],
          "private": "eyJlMmJmYjczMC1lY2FhLTExZTYtOGY4OC0zNDM2M2JjN2M0YzAiOnsiY3JlYXRlIjo1NDAwMDAwMDAwMDAwLCJkZWxldGUiOjU0MDAwMDAwMDAwMDAsInJlYWQiOjMwMDAwMDAwMDAwMCwidXBkYXRlIjo1NDAwMDAwMDAwMDAwfSwic2NoZW1hX3ZlcnNpb24iOiIyIn0=",
          "dependencies": [
            "module.Rg-Production.azurerm_resource_group.main",
            "module.vnet-Production.azurerm_subnet.subnets",
            "module.vnet-Production.azurerm_virtual_network.vnet"
          ]
        }
      ]
    },
    {
      "module": "module.aks-Production",
      "mode": "managed",
      "type": "azurerm_kubernetes_cluster_node_pool",
      "name": "additional_node_pools",
      "provider": "provider[\"registry.terraform.io/hashicorp/azurerm\"]",
      "instances": [
        {
          "index_key": 0,
          "schema_version": 1,
          "attributes": {
            "capacity_reservation_group_id": "",
            "custom_ca_trust_enabled": false,
            "enable_auto_scaling": false,
            "enable_host_encryption": false,
            "enable_node_public_ip": false,
            "eviction_policy": "",
            "fips_enabled": false,
            "host_group_id": "",
            "id": "/subscriptions/645e3697-d061-4897-b45f-c300b23e9b77/resourceGroups/Rg-Production/providers/Microsoft.ContainerService/managedClusters/production/agentPools/standard",
            "kubelet_config": [],
            "kubelet_disk_type": "OS",
            "kubernetes_cluster_id": "/subscriptions/645e3697-d061-4897-b45f-c300b23e9b77/resourceGroups/Rg-Production/providers/Microsoft.ContainerService/managedClusters/production",
            "linux_os_config": [],
            "max_count": 0,
            "max_pods": 110,
            "message_of_the_day": "",
            "min_count": 0,
            "mode": "User",
            "name": "standard",
            "node_count": 3,
            "node_labels": {},
            "node_network_profile": [],
            "node_public_ip_prefix_id": "",
            "node_taints": [],
            "orchestrator_version": "1.24.9",
            "os_disk_size_gb": 128,
            "os_disk_type": "Managed",
            "os_sku": "Ubuntu",
            "os_type": "Linux",
            "pod_subnet_id": "",
            "priority": "Regular",
            "proximity_placement_group_id": "",
            "scale_down_mode": "Delete",
            "spot_max_price": -1,
            "tags": {},
            "timeouts": null,
            "ultra_ssd_enabled": false,
            "upgrade_settings": [],
            "vm_size": "Standard_D2s_v3",
            "vnet_subnet_id": "/subscriptions/645e3697-d061-4897-b45f-c300b23e9b77/resourceGroups/Rg-Production/providers/Microsoft.Network/virtualNetworks/vnet-Production/subnets/subnet1-production",
            "windows_profile": [],
            "workload_runtime": null,
            "zones": []
          },
          "sensitive_attributes": [],
          "private": "eyJlMmJmYjczMC1lY2FhLTExZTYtOGY4OC0zNDM2M2JjN2M0YzAiOnsiY3JlYXRlIjozNjAwMDAwMDAwMDAwLCJkZWxldGUiOjM2MDAwMDAwMDAwMDAsInJlYWQiOjMwMDAwMDAwMDAwMCwidXBkYXRlIjozNjAwMDAwMDAwMDAwfSwic2NoZW1hX3ZlcnNpb24iOiIxIn0=",
          "dependencies": [
            "module.Rg-Production.azurerm_resource_group.main",
            "module.aks-Production.azurerm_kubernetes_cluster.aks",
            "module.vnet-Production.azurerm_subnet.subnets",
            "module.vnet-Production.azurerm_virtual_network.vnet"
          ]
        }
      ]
    },
    {
      "module": "module.aks-dev",
      "mode": "managed",
      "type": "azurerm_kubernetes_cluster",
      "name": "aks",
      "provider": "provider[\"registry.terraform.io/hashicorp/azurerm\"]",
      "instances": [
        {
          "schema_version": 2,
          "attributes": {
            "aci_connector_linux": [],
            "api_server_access_profile": [],
            "api_server_authorized_ip_ranges": [],
            "auto_scaler_profile": [],
            "automatic_channel_upgrade": "",
            "azure_active_directory_role_based_access_control": [],
            "azure_policy_enabled": null,
            "confidential_computing": [],
            "default_node_pool": [
              {
                "capacity_reservation_group_id": "",
                "custom_ca_trust_enabled": false,
                "enable_auto_scaling": false,
                "enable_host_encryption": false,
                "enable_node_public_ip": false,
                "fips_enabled": false,
                "host_group_id": "",
                "kubelet_config": [],
                "kubelet_disk_type": "OS",
                "linux_os_config": [],
                "max_count": 0,
                "max_pods": 110,
                "message_of_the_day": "",
                "min_count": 0,
                "name": "default",
                "node_count": 1,
                "node_labels": {},
                "node_network_profile": [],
                "node_public_ip_prefix_id": "",
                "node_taints": [],
                "only_critical_addons_enabled": false,
                "orchestrator_version": "1.24.9",
                "os_disk_size_gb": 30,
                "os_disk_type": "Managed",
                "os_sku": "Ubuntu",
                "pod_subnet_id": "",
                "proximity_placement_group_id": "",
                "scale_down_mode": "Delete",
                "tags": {},
                "type": "VirtualMachineScaleSets",
                "ultra_ssd_enabled": false,
                "upgrade_settings": [],
                "vm_size": "Standard_DS2_v2",
                "vnet_subnet_id": "/subscriptions/645e3697-d061-4897-b45f-c300b23e9b77/resourceGroups/Rg-Dev/providers/Microsoft.Network/virtualNetworks/vnet-dev/subnets/subnet1-dev",
                "workload_runtime": "",
                "zones": []
              }
            ],
            "disk_encryption_set_id": "",
            "dns_prefix": "myaks",
            "dns_prefix_private_cluster": "",
            "edge_zone": "",
            "enable_pod_security_policy": false,
            "fqdn": "myaks-i0juul94.hcp.eastus.azmk8s.io",
            "http_application_routing_enabled": null,
            "http_application_routing_zone_name": null,
            "http_proxy_config": [],
            "id": "/subscriptions/645e3697-d061-4897-b45f-c300b23e9b77/resourceGroups/Rg-Dev/providers/Microsoft.ContainerService/managedClusters/development",
            "identity": [
              {
                "identity_ids": [],
                "principal_id": "35d712ad-2f62-4337-8861-00f7b9881ebd",
                "tenant_id": "d988d051-932a-4d07-822d-318e35596111",
                "type": "SystemAssigned"
              }
            ],
            "image_cleaner_enabled": false,
            "image_cleaner_interval_hours": 48,
            "ingress_application_gateway": [],
            "key_management_service": [],
            "key_vault_secrets_provider": [],
            "kube_admin_config": [],
            "kube_admin_config_raw": "",
            "kube_config": [
              {
                "client_certificate": "LS0tLS1CRUdJTiBDRVJUSUZJQ0FURS0tLS0tCk1JSUZIakNDQXdhZ0F3SUJBZ0lSQUlYUXBuZm5LTk5HQ1NtSTJQVnVyR1V3RFFZSktvWklodmNOQVFFTEJRQXcKRFRFTE1Ba0dBMVVFQXhNQ1kyRXdIaGNOTWpNd016STBNVFkxT1RFMFdoY05NalV3TXpJME1UY3dPVEUwV2pBdwpNUmN3RlFZRFZRUUtFdzV6ZVhOMFpXMDZiV0Z6ZEdWeWN6RVZNQk1HQTFVRUF4TU1iV0Z6ZEdWeVkyeHBaVzUwCk1JSUNJakFOQmdrcWhraUc5dzBCQVFFRkFBT0NBZzhBTUlJQ0NnS0NBZ0VBdENiaDRNcnJGR2t3ZjgrRVVPQkkKeXZMLytLZ0kydStDNDlMODE4NlN4YllrUFBYcEkxYklDTFljbVNreVpRTmlPVmsrWUQ1c1ZTNWJKKzVHSFIxMQpMMGJ5eGVnbDdkR2xVdWc5aUxwSEo2QjBTWnhGVmUrOXJyaUswZEY3MUN0c3ZkWm9EUUxaZVJXU0xZQTFNZEo3Cmxnay9sd3l2cXhHQTNOUWVYcHNvWlBsTmxnUE5PdFhBTnJNRjJuREphT0NQNWkwQ2RpMWNiVUhwaTRxWnd3VkoKTnNzNnFPT3R0d1VEYUdLNDJDZThNNjdYQnlvSGZjMjVlTUsvRWpEWldoT3VHbkVoT2s2cWJwTWVROGN6YkhQZgpwby9YZ0U4aHA5UXo4NG5Wa3RXZW01YmhPMTFtUTJpWHZkOFRCWlpEUjl0RzhHQ0VGRkNVZk4rZ0RBQU9FTGdCCjJjK3Y4RlNybzhtdFRQa09XVS8vd25OZDh5NXU3SWtYdmt4UkVJU2FqTVJkNGNJd1IyVXYyMDMyR1lIMXVsYkMKUFJ2MGJUL0QydUYzcFV1SmxHL0thckZYUlVaYThsU2NDWk1RNWlLV0V6Q0tFazMzN29jd2xsWXdBMi9CQ3ZWWQpqQUlMVk9za2pCUXlUYnJ6SGtLRU9nQm1obVp5akhJbkhJRnJXZW14WU1xNzRZZ3JJY3JvZ1hIWTZKWm9hOFMwCmpjNnA2NkUvWDZCbzE1S2VMNDg1QWx5ajJJOWVSS0MrSjIrb0ZZcEJ1KzNNMng3a2FYUzQ1N29BcWVKY0g2bmsKSlBCd0Zrcm1oQXlXM0VKajFFMm91NGFnMGdGdGdLS1dSVEtoOGF2b0t4V2VGSFBJNW5GUkJoN29rUzZUaCtCWgpDRVpyRzlEejN3b0lwQjgxMzF2M2Vaa0NBd0VBQWFOV01GUXdEZ1lEVlIwUEFRSC9CQVFEQWdXZ01CTUdBMVVkCkpRUU1NQW9HQ0NzR0FRVUZCd01DTUF3R0ExVWRFd0VCL3dRQ01BQXdId1lEVlIwakJCZ3dGb0FVS3lKNmx3U2cKR3U3VXk3akVGV29nbDh5MllrWXdEUVlKS29aSWh2Y05BUUVMQlFBRGdnSUJBQmxqOU01TkNwR2dNakt4c2RTcApsVi90czd6ZzQyclFUN2xpYU5ZNlhSSFFKWFdQQlVWRkpPYTEzVnlKM2tQaGFyZkxoU3NJa252d0lTZUc3V0c4ClVGZjE1RG5JNGFncitVaXN6cmYza1c0UGJlY1FMWWlRRGgrQUVqNDltbG5VU0dJcWo1NncxV2QveGdiV21DNXcKcHUwRUlFMnNZVEIwUlE0QjB0RGZLWnJyZVo0ZVREdXV5RXBHVUVEd0I1K0w1VW9xZUVQUEg5Tm9sdHhyTXF4NApKalhFYks4SERxUzBFVWNlaThINWRUTTBpUkhjU2laUk5Xbm0zSlQ3TWtYaWVDUVBrMnl0RWZIM2JVRFFDRUkxCk9wVnRzaVg2WktQUStKQTdPNzUvajVnM2RBVVY3Y0tXRy9ib05HWDZadXhlRk9FcktTTDlVTk0wOUhYeFJHb1UKZXNUUnhOR21GTE1oTXV2MmluK0V1YkVkQXdmQmxjWWhWUG5PUzQrdHJVQldKcExQNlpQLys5ZlFxZDhDVjlZaQo3N3pNZ3pld2h0NzYrQkFRVDFMM05KcGZpSGY1Z3FNT0l4ZWtjZjV0SXM0YVl0VnBsaTltdmEvdnJ1T0hrWWZICjV1cHVDcGFxblR2MEh5Z0ROdFZxS2pRKzlMMi8rZ2ZXUnEvU3N5NzlQSjJrTEJ4c1FLeXprVEpBSGlFS1M5QS8KdmltYTFnMmxWMUhiekJsNUhEU3dsMnVkZmRqNEpvT1lGajNVa0lGTk5VdmlJQzRBZXZCSjZFd1RwM1NNelhWdAowOTRob0Z5R0wwN21Xd0k5U2U5V25DYnh2MlNrbVJxbVJ4bjB5VElEYXVtUXpEMytDUmU3Y0pPSmhVR0ZaeFpRCmgvVmVJOXh4Umpvc3AzdTZlVXp3UE9tNQotLS0tLUVORCBDRVJUSUZJQ0FURS0tLS0tCg==",
                "client_key": "LS0tLS1CRUdJTiBSU0EgUFJJVkFURSBLRVktLS0tLQpNSUlKS0FJQkFBS0NBZ0VBdENiaDRNcnJGR2t3ZjgrRVVPQkl5dkwvK0tnSTJ1K0M0OUw4MTg2U3hiWWtQUFhwCkkxYklDTFljbVNreVpRTmlPVmsrWUQ1c1ZTNWJKKzVHSFIxMUwwYnl4ZWdsN2RHbFV1ZzlpTHBISjZCMFNaeEYKVmUrOXJyaUswZEY3MUN0c3ZkWm9EUUxaZVJXU0xZQTFNZEo3bGdrL2x3eXZxeEdBM05RZVhwc29aUGxObGdQTgpPdFhBTnJNRjJuREphT0NQNWkwQ2RpMWNiVUhwaTRxWnd3VkpOc3M2cU9PdHR3VURhR0s0MkNlOE02N1hCeW9ICmZjMjVlTUsvRWpEWldoT3VHbkVoT2s2cWJwTWVROGN6YkhQZnBvL1hnRThocDlRejg0blZrdFdlbTViaE8xMW0KUTJpWHZkOFRCWlpEUjl0RzhHQ0VGRkNVZk4rZ0RBQU9FTGdCMmMrdjhGU3JvOG10VFBrT1dVLy93bk5kOHk1dQo3SWtYdmt4UkVJU2FqTVJkNGNJd1IyVXYyMDMyR1lIMXVsYkNQUnYwYlQvRDJ1RjNwVXVKbEcvS2FyRlhSVVphCjhsU2NDWk1RNWlLV0V6Q0tFazMzN29jd2xsWXdBMi9CQ3ZWWWpBSUxWT3NrakJReVRicnpIa0tFT2dCbWhtWnkKakhJbkhJRnJXZW14WU1xNzRZZ3JJY3JvZ1hIWTZKWm9hOFMwamM2cDY2RS9YNkJvMTVLZUw0ODVBbHlqMkk5ZQpSS0MrSjIrb0ZZcEJ1KzNNMng3a2FYUzQ1N29BcWVKY0g2bmtKUEJ3RmtybWhBeVczRUpqMUUyb3U0YWcwZ0Z0CmdLS1dSVEtoOGF2b0t4V2VGSFBJNW5GUkJoN29rUzZUaCtCWkNFWnJHOUR6M3dvSXBCODEzMXYzZVprQ0F3RUEKQVFLQ0FnQVpwdis2OXFvS3VmL0I4MWF2L1gvZ0JrSVVzaml3bERKYkpvd0NYdFBmZTFRbHFnNk1qYXJtTXFoWAoxdG5xTUZVb1BXRDRhMnNacGdRczUyenNjR2xqVmdMejAxNnpRb3I4QnozYjNrcUxoZm1KRWN0OXRTbVpXNFhJCjRyOXpNc3ZGTEdhY2s2OUw0cHB5Q0RPSzZLSFlkM0NxblkvV0dDUDFUZThWSVpyYTVmVDZTNGhKdkc0bVc4K1YKajBIZXdUczhWMlJtVjRjMXQ1RDk0YnFMWHBGU1VCWUdQb1ZaN2tqUjhGekp5cjZ0elZPcEhYNzdsdk8yRW1VSwp2aEgxRmFCUSs1THpyb2Z1UHR5c1lnMGNnRk4wY0Q4TGNqa2tvTDdWQ3VkeWhTQ1VueU5yUkoxdk05R0hvK0FkCmg0d0ZDMkJLa2pPOGdNemtDeVBMRWFidkVvU1F0aTBManc5dVE5emVNaURPS0lINDZxWTZOZ2JEc1prRHJjU3QKR2JuYVhEczQ5Vjc0cUwyVk5mRGh5dEFNTkhDVm4rTFo3WHloeUx2KzlqQitkWUpFTjNpSTE4Ry9BUVNyQzh6TAoxemtPVnVCemdwV0NSQThXaTlObGx2a2xkVzg3TUMvOFgvS28zYzlvOHlGNUl4ZUpKYkNoUCtIZDBnbzdYcWR5CktVQVFjQUJCQm9hQ09MN1BwL0FBTFpnOXRjcllvZVc1T1o0MlRrQXpzUGtJejZQVnlTaGplL0lYL3VNdzZHTWIKWUVqamZyQk5DRTFaWmRNS3dhQ3hIN0dFY2M0dFROem8wNWxnOGxWU2JGanE1Rm9TYWFnKzUxU3JueTNvZFM5WQpLYnZKNE5ub2NnOWZsYi9ramdZMElYZHM5Y1FkeUtlME81SWhyNGt5aURHd3RJVitRUUtDQVFFQTFZbnlRaE1lCk8zZmVTWGVJNU11OTNyMWFzYzJPQ2VFOG9CcDI4OUxLTTgwOWFiSHJ4L1k1TklnK2JJNzRndTRhNWo3RzRCOTcKUW9LVnBCWmQyYzJJVFdXODRjMkNUQzN2NGY5alU5cGZLWFBLNVJ1bHRZcE1jQWgvUityTm8vZjhvSkJLWkZjQQpkWWdyNEVCdUlJWktLNFBncjFSRVNHWmsycTBpRXduV0tQSUYrdWFUbFhBajdLdHlLbHNGc2RHczNzenV4Y2pUClA3YytUUmc1bDZ4WkNxYitQdUlSMXJXZ05BekVSUzJGV0JFcGw2bnBhdW0vSnNqVkFrQUM5Rjg5WEkyZ2diV1gKRFZmZnRpS241SWFkcDZORVhwUnQ1d0RFbjJRV0dnejg2RnIwaURMNWR3MThCMndMK3FsaE9rWi8wWXA4cEc0Kwp4c3NkSCtZS2pEVWpEUUtDQVFFQTEvbGsveGR4WW5ORGV0WWUxdlJWMzVpcjV1NlNZNmE1cXhzeXl0c3VDdnJ3CkN3YXlUd2t3VW9xQXJLc2xWdE1XNVF1RXlYWVdaTUJtSzh5Z0YxYnM0SGRsRFQ4RHcycys0SlgzQXRTUnJ4M2wKQWlBVEFoeng3T2VCUE5SNDFKaGxRcXRPajV1WWpoWjRRSFlBQUMwNVVTa2ZnR01sUllOVzlIYmZERUJaWEllcApqR2NabGgwck1FR0tQVXUra2ZBeS9weTF4VFFOMkt0bWkwcW9YcEZ6VGs2VmdTbDJyMlFvakNYcHM1SGNMZE1TCjE1aGg0cCtoSm1HUUxJVG1oV0t4Z2RRS0JHS0NQTm9mdWJOc1dUSXIwRzdqa1BsQXRyYkNxRkN4dTZva1NKZEEKZ3N4cWxteUQ1TzlaTmNyUHRidjM2OGl0SVNlcHAxZytwYWdIamt5OXZRS0NBUUVBdzlZblg0RzVFRUQyazlvVQpxZ0JRdVo1Zk53R1ZhbW91OTRaTjRYOUlBZ29RY0liRC9qZEtiMnNrRk50cC9tbndNWWtSU3lxVUdJTTZTYXBaCm1BNXZHc3hiVlpyc0RJRjBwb2RaeU9WVXNPZUpCR1UrckNlUndvMkliYVJoeENjQ2dSN1Rtd0pQWVhycEFsa1UKcHErQ0JqYUVNVWZPOTdjd2QzeWc2MlR5QzhzcXdOZ0dNZDhPazFjSTlOOVZjYWNpSzVNMnlCMU4zL2xtSWI0OQowMlEwcFJoUnc4b0JJakNnSkJ3eFJHQmpFa2xySTdTb1pXeko2Zi8xbW9LcU13UEZlc1JJbDZ5NlEzcDdxTVpQCnc3M1JpSlNyZHpJWk9PbnphVnFaQ25zdTFzblR5YlUySklFeFpuMG8zMUhINFhJV2QwM1MwZHBwcUZkTzlwbzYKd2l0WllRS0NBUUJQL0wyNi9DT3lJcDVMVUNINzJtSXpmWWVzNzQ2bitZZXFKMWlZYUxTVXZIdEttaUJQeFVkdwpTbnQ5ZDZWTWtzRlg4dndxNE9GS1R6ZUg0VEVwYzdnbktoRHk1dk90M0hwZEV5MTRqdUdseVp5WFBPbk5Ub3NMCkFuS0s1T1liVnBXcUsyZmRKL05JTEdvODlYYnFtZFV3aWRwdzRrZGJoMWtkRVNscWtDcUlhbllRMmQ1UUNsMkUKY2NHUkVneHlZRk9DbU9kNU1kNHU4TXY1cXB6UTZXMmJBdCs4Qm04K1pnbmVYZXcvNVRWMmcwWG5NemlOaGpGWQoxYWxmMDVqTXJkQ3dGS2ZoRjlyRVRzU1JNakplbG9aRG04NE1VMFAwWjV1UVd0SjRmbnNScDNMcy9tZzdiZFVyClpMblZnbGVMSnlLYTRLZStMOEpWaUFrcnNSK2JSRERCQW9JQkFGRVB0cGMzdVU1VEYyKy9GN3pBZ096YVVvWFIKUjRVN2tlRlRXM3hNYml1OXdVT2pYb3lQcm9MZVV6RzdiZEY2VThaN3FYZUV4ajJJTTE2UzlLMzF4YTM5QVF6eAoyT3dDMXFadllWRU8rMGsyRXpCQTVWUG4xL0ozUzd4SWNQN0xrNVJqc0FTMXRrTjBlRC95MjVSV045L3hIVjN5CjdmRFo3RWlBM1JmallzNjhleWRYRm5OTVdYQ1NKaU5IL2VoNGtoY3Q2V3hnVFgwVS95ZkNJYmJKcGhuenA3VWwKM2VUaHhjRlM2TTc1WVVzbFRRUlQzRW1nTk5kN2hEdGo4bzEvbUNqdUxvRFBHYUNCcllSMmhyVFNPSy9tbjNxWQpTcGQrU09jbEZWYVRMak43U1JYK2IzVzRXR2Q3UStST29PK3BRMll5VVRVU0FoUStZRFl3a0VCYXRLZz0KLS0tLS1FTkQgUlNBIFBSSVZBVEUgS0VZLS0tLS0K",
                "cluster_ca_certificate": "LS0tLS1CRUdJTiBDRVJUSUZJQ0FURS0tLS0tCk1JSUU2RENDQXRDZ0F3SUJBZ0lRWEJrMlZwT2RoWWIxL2lTQkN1Ti81REFOQmdrcWhraUc5dzBCQVFzRkFEQU4KTVFzd0NRWURWUVFERXdKallUQWdGdzB5TXpBek1qUXhOalU1TVRSYUdBOHlNRFV6TURNeU5ERTNNRGt4TkZvdwpEVEVMTUFrR0ExVUVBeE1DWTJFd2dnSWlNQTBHQ1NxR1NJYjNEUUVCQVFVQUE0SUNEd0F3Z2dJS0FvSUNBUUR2ClhMK3o0MW15dm1ja0VzTDEyc2lLUWZRQ0s0NkI4L1R0a3NKemdLbThpL0IxMHFpZWROdEdLNHBLcm4rMlRCVGUKbkFES0t1TkZwWGg3cUprZjREbVBBN3phekdiY2ZtenFYMTVQNXV6MUJyS3pGdzFOaFJuUC85WStGRTNvT0pVeQp3eGllWGQ3eTZTeU5DSFh6ellSeU9NeEM0bWNFWjdWOUVNeWlpMG1rNFpvOHdvNXlpcnA1T1NXM0FGVE54RGdyCnF0bmRWTmx1d3ZKMDdHTVZzcVJRYkNEM2xwMmtVc2ExanppcXliWS81RDJIV0FvZ2d2cEVCUmtWcFdzTjhjS0UKUFRPNUlJSGFwVnlDUmlNbzdmVmZ3Rm9VWXVKUEdJamV1ZkhsMis0dllCZ2lyNjRuSEh0L1Y2SDhWNXByMVBsUgpWZ2JybE82SmZvMHNUMzc3R1hpMG5JOWt6dzNiMG9nenpRcDNyRS9IRG1sNEJ6elFrdEhwVG16aENndzBGeDRsCnpGUHErUmJUTFRFSzJubmRrckJyYmNNTnBKQmdZbWlDWGs5UlNXcXVVWlIydC9LZFhJS2FpM2JoQzluVlg4TmwKRzFmczNGN1RGT1EzaFdaV2lMUURyNHlkR1lCRTI4dCtXWnV0N1pZRGlFNlh5ZndSZ3BDbnA0dkZ0VHp6TDhITQppbDRDZDRBejlFZEJnVzNBNWhRVEV3aVp1SEN5RzdQWkpBNklzNWNTR1BHRVB5OUZNOXAxOFhtZXVFRStqZE1MCm1zR1g1clhrSERlSXoxeHlmc20xOHdURjlYVUtNWWpWTWhDRVdPbUk0Z3daR1BXb2NZcFU2amZsN1pCZG9zVG0KRW9kTWtVaGV6bjd2KytXb3ZBVXF4eldpUWt0TzZIbXU3Q3QyYkgrbFN3SURBUUFCbzBJd1FEQU9CZ05WSFE4QgpBZjhFQkFNQ0FxUXdEd1lEVlIwVEFRSC9CQVV3QXdFQi96QWRCZ05WSFE0RUZnUVVLeUo2bHdTZ0d1N1V5N2pFCkZXb2dsOHkyWWtZd0RRWUpLb1pJaHZjTkFRRUxCUUFEZ2dJQkFLcm5ybDFvdHUvdDdxaHNmNWc0QlczVmsva3gKb3lnOURMWkpMTmJ6SVI4My9vQUVYMDI4VWVRdlYvQXZZeXQ2bm1ZcGtITEdhS2FpZ2FSVXUweTFhbDNPRGhIbgpITFI2QTMrWlk4UlRWcFhyNjk0bVgvTmxSK096YUhRRmV0WnRiTDBYY2c5VS96eUFSa0o3aVFndkIwNHJNK1U2CmpVSEtrWXBxNGpPNDBXN0RhR0FhWjljSExhQzduSEI0RFN1aGg0NmtYOGdFWEFwRWY0QWRpdFcwVDZya3hSaUkKQW9CZHo4b2l3c21wUG9tWUdKbjZOYlg1M1hxMkpTc3d0TGhOV1I0OEdTYzVFbEtKQnBUWmN1K1ZoRlUyNVY3Mgpaanc1OXNncWJ1UU5DQjlRKzNJK0hCZGM1VUNaK1VDVmVVR1cvTGRxMmVmMWFpb0tIc3VVam9WbGZrazB5c1I1CjNzWjNhV2ZaSDN2Y0QweStPdzRrcHRvQzVtOGgwRDZKOXVqeXRwL01aUzRuRVMxTTBuRWxLS0grZlIvYTJKUHQKVko2NGZXb1N4ME1ISkVvdUZoa1FCNUQ5WkpFZkVUK2s0b1V5K0tNeDgxVDBxNEl3V3dWenlpMzFVVHNPWHkrcwpaNGs1c0VlU0ozaDA4cXVRcHNiVU02VEh0Qk9RSm5lbHJGUW9QZzAyb3Z1RkMxeUlJaWhCNW5aZlRsb1lDWU1YCkt4aFVkYWZBMC9BdEwzTXlFQUZsS0lVc0VXOEpCTllJQkxiRXBDUk9EMUZ6YXNLckZGTGp2VWNkTHNlakZCL28KZWFuOEhSY2M5N2w4N1RtK0gramZTWXVwRUltVmNBNDF0OWZydEM2M0J1SmdETXhOcFRCeGhJc002OGpMQTBOTApnMGxkWGs4K1VoeDQ1RGZlCi0tLS0tRU5EIENFUlRJRklDQVRFLS0tLS0K",
                "host": "https://myaks-i0juul94.hcp.eastus.azmk8s.io:443",
                "password": "kwp80rvgrw0upm0t01a7y9ik0qqy00tqg8aw0tkmsalbh1szrm70qou9jpb6qkzvc6hzo4u7tz4fdlo0t1i9utsauzeg9zgspxa0cjlktbt9yrcgmhoueyr0dsz2kn30",
                "username": "clusterUser_Rg-Dev_development"
              }
            ],
            "kube_config_raw": "apiVersion: v1\nclusters:\n- cluster:\n    certificate-authority-data: LS0tLS1CRUdJTiBDRVJUSUZJQ0FURS0tLS0tCk1JSUU2RENDQXRDZ0F3SUJBZ0lRWEJrMlZwT2RoWWIxL2lTQkN1Ti81REFOQmdrcWhraUc5dzBCQVFzRkFEQU4KTVFzd0NRWURWUVFERXdKallUQWdGdzB5TXpBek1qUXhOalU1TVRSYUdBOHlNRFV6TURNeU5ERTNNRGt4TkZvdwpEVEVMTUFrR0ExVUVBeE1DWTJFd2dnSWlNQTBHQ1NxR1NJYjNEUUVCQVFVQUE0SUNEd0F3Z2dJS0FvSUNBUUR2ClhMK3o0MW15dm1ja0VzTDEyc2lLUWZRQ0s0NkI4L1R0a3NKemdLbThpL0IxMHFpZWROdEdLNHBLcm4rMlRCVGUKbkFES0t1TkZwWGg3cUprZjREbVBBN3phekdiY2ZtenFYMTVQNXV6MUJyS3pGdzFOaFJuUC85WStGRTNvT0pVeQp3eGllWGQ3eTZTeU5DSFh6ellSeU9NeEM0bWNFWjdWOUVNeWlpMG1rNFpvOHdvNXlpcnA1T1NXM0FGVE54RGdyCnF0bmRWTmx1d3ZKMDdHTVZzcVJRYkNEM2xwMmtVc2ExanppcXliWS81RDJIV0FvZ2d2cEVCUmtWcFdzTjhjS0UKUFRPNUlJSGFwVnlDUmlNbzdmVmZ3Rm9VWXVKUEdJamV1ZkhsMis0dllCZ2lyNjRuSEh0L1Y2SDhWNXByMVBsUgpWZ2JybE82SmZvMHNUMzc3R1hpMG5JOWt6dzNiMG9nenpRcDNyRS9IRG1sNEJ6elFrdEhwVG16aENndzBGeDRsCnpGUHErUmJUTFRFSzJubmRrckJyYmNNTnBKQmdZbWlDWGs5UlNXcXVVWlIydC9LZFhJS2FpM2JoQzluVlg4TmwKRzFmczNGN1RGT1EzaFdaV2lMUURyNHlkR1lCRTI4dCtXWnV0N1pZRGlFNlh5ZndSZ3BDbnA0dkZ0VHp6TDhITQppbDRDZDRBejlFZEJnVzNBNWhRVEV3aVp1SEN5RzdQWkpBNklzNWNTR1BHRVB5OUZNOXAxOFhtZXVFRStqZE1MCm1zR1g1clhrSERlSXoxeHlmc20xOHdURjlYVUtNWWpWTWhDRVdPbUk0Z3daR1BXb2NZcFU2amZsN1pCZG9zVG0KRW9kTWtVaGV6bjd2KytXb3ZBVXF4eldpUWt0TzZIbXU3Q3QyYkgrbFN3SURBUUFCbzBJd1FEQU9CZ05WSFE4QgpBZjhFQkFNQ0FxUXdEd1lEVlIwVEFRSC9CQVV3QXdFQi96QWRCZ05WSFE0RUZnUVVLeUo2bHdTZ0d1N1V5N2pFCkZXb2dsOHkyWWtZd0RRWUpLb1pJaHZjTkFRRUxCUUFEZ2dJQkFLcm5ybDFvdHUvdDdxaHNmNWc0QlczVmsva3gKb3lnOURMWkpMTmJ6SVI4My9vQUVYMDI4VWVRdlYvQXZZeXQ2bm1ZcGtITEdhS2FpZ2FSVXUweTFhbDNPRGhIbgpITFI2QTMrWlk4UlRWcFhyNjk0bVgvTmxSK096YUhRRmV0WnRiTDBYY2c5VS96eUFSa0o3aVFndkIwNHJNK1U2CmpVSEtrWXBxNGpPNDBXN0RhR0FhWjljSExhQzduSEI0RFN1aGg0NmtYOGdFWEFwRWY0QWRpdFcwVDZya3hSaUkKQW9CZHo4b2l3c21wUG9tWUdKbjZOYlg1M1hxMkpTc3d0TGhOV1I0OEdTYzVFbEtKQnBUWmN1K1ZoRlUyNVY3Mgpaanc1OXNncWJ1UU5DQjlRKzNJK0hCZGM1VUNaK1VDVmVVR1cvTGRxMmVmMWFpb0tIc3VVam9WbGZrazB5c1I1CjNzWjNhV2ZaSDN2Y0QweStPdzRrcHRvQzVtOGgwRDZKOXVqeXRwL01aUzRuRVMxTTBuRWxLS0grZlIvYTJKUHQKVko2NGZXb1N4ME1ISkVvdUZoa1FCNUQ5WkpFZkVUK2s0b1V5K0tNeDgxVDBxNEl3V3dWenlpMzFVVHNPWHkrcwpaNGs1c0VlU0ozaDA4cXVRcHNiVU02VEh0Qk9RSm5lbHJGUW9QZzAyb3Z1RkMxeUlJaWhCNW5aZlRsb1lDWU1YCkt4aFVkYWZBMC9BdEwzTXlFQUZsS0lVc0VXOEpCTllJQkxiRXBDUk9EMUZ6YXNLckZGTGp2VWNkTHNlakZCL28KZWFuOEhSY2M5N2w4N1RtK0gramZTWXVwRUltVmNBNDF0OWZydEM2M0J1SmdETXhOcFRCeGhJc002OGpMQTBOTApnMGxkWGs4K1VoeDQ1RGZlCi0tLS0tRU5EIENFUlRJRklDQVRFLS0tLS0K\n    server: https://myaks-i0juul94.hcp.eastus.azmk8s.io:443\n  name: development\ncontexts:\n- context:\n    cluster: development\n    user: clusterUser_Rg-Dev_development\n  name: development\ncurrent-context: development\nkind: Config\npreferences: {}\nusers:\n- name: clusterUser_Rg-Dev_development\n  user:\n    client-certificate-data: LS0tLS1CRUdJTiBDRVJUSUZJQ0FURS0tLS0tCk1JSUZIakNDQXdhZ0F3SUJBZ0lSQUlYUXBuZm5LTk5HQ1NtSTJQVnVyR1V3RFFZSktvWklodmNOQVFFTEJRQXcKRFRFTE1Ba0dBMVVFQXhNQ1kyRXdIaGNOTWpNd016STBNVFkxT1RFMFdoY05NalV3TXpJME1UY3dPVEUwV2pBdwpNUmN3RlFZRFZRUUtFdzV6ZVhOMFpXMDZiV0Z6ZEdWeWN6RVZNQk1HQTFVRUF4TU1iV0Z6ZEdWeVkyeHBaVzUwCk1JSUNJakFOQmdrcWhraUc5dzBCQVFFRkFBT0NBZzhBTUlJQ0NnS0NBZ0VBdENiaDRNcnJGR2t3ZjgrRVVPQkkKeXZMLytLZ0kydStDNDlMODE4NlN4YllrUFBYcEkxYklDTFljbVNreVpRTmlPVmsrWUQ1c1ZTNWJKKzVHSFIxMQpMMGJ5eGVnbDdkR2xVdWc5aUxwSEo2QjBTWnhGVmUrOXJyaUswZEY3MUN0c3ZkWm9EUUxaZVJXU0xZQTFNZEo3Cmxnay9sd3l2cXhHQTNOUWVYcHNvWlBsTmxnUE5PdFhBTnJNRjJuREphT0NQNWkwQ2RpMWNiVUhwaTRxWnd3VkoKTnNzNnFPT3R0d1VEYUdLNDJDZThNNjdYQnlvSGZjMjVlTUsvRWpEWldoT3VHbkVoT2s2cWJwTWVROGN6YkhQZgpwby9YZ0U4aHA5UXo4NG5Wa3RXZW01YmhPMTFtUTJpWHZkOFRCWlpEUjl0RzhHQ0VGRkNVZk4rZ0RBQU9FTGdCCjJjK3Y4RlNybzhtdFRQa09XVS8vd25OZDh5NXU3SWtYdmt4UkVJU2FqTVJkNGNJd1IyVXYyMDMyR1lIMXVsYkMKUFJ2MGJUL0QydUYzcFV1SmxHL0thckZYUlVaYThsU2NDWk1RNWlLV0V6Q0tFazMzN29jd2xsWXdBMi9CQ3ZWWQpqQUlMVk9za2pCUXlUYnJ6SGtLRU9nQm1obVp5akhJbkhJRnJXZW14WU1xNzRZZ3JJY3JvZ1hIWTZKWm9hOFMwCmpjNnA2NkUvWDZCbzE1S2VMNDg1QWx5ajJJOWVSS0MrSjIrb0ZZcEJ1KzNNMng3a2FYUzQ1N29BcWVKY0g2bmsKSlBCd0Zrcm1oQXlXM0VKajFFMm91NGFnMGdGdGdLS1dSVEtoOGF2b0t4V2VGSFBJNW5GUkJoN29rUzZUaCtCWgpDRVpyRzlEejN3b0lwQjgxMzF2M2Vaa0NBd0VBQWFOV01GUXdEZ1lEVlIwUEFRSC9CQVFEQWdXZ01CTUdBMVVkCkpRUU1NQW9HQ0NzR0FRVUZCd01DTUF3R0ExVWRFd0VCL3dRQ01BQXdId1lEVlIwakJCZ3dGb0FVS3lKNmx3U2cKR3U3VXk3akVGV29nbDh5MllrWXdEUVlKS29aSWh2Y05BUUVMQlFBRGdnSUJBQmxqOU01TkNwR2dNakt4c2RTcApsVi90czd6ZzQyclFUN2xpYU5ZNlhSSFFKWFdQQlVWRkpPYTEzVnlKM2tQaGFyZkxoU3NJa252d0lTZUc3V0c4ClVGZjE1RG5JNGFncitVaXN6cmYza1c0UGJlY1FMWWlRRGgrQUVqNDltbG5VU0dJcWo1NncxV2QveGdiV21DNXcKcHUwRUlFMnNZVEIwUlE0QjB0RGZLWnJyZVo0ZVREdXV5RXBHVUVEd0I1K0w1VW9xZUVQUEg5Tm9sdHhyTXF4NApKalhFYks4SERxUzBFVWNlaThINWRUTTBpUkhjU2laUk5Xbm0zSlQ3TWtYaWVDUVBrMnl0RWZIM2JVRFFDRUkxCk9wVnRzaVg2WktQUStKQTdPNzUvajVnM2RBVVY3Y0tXRy9ib05HWDZadXhlRk9FcktTTDlVTk0wOUhYeFJHb1UKZXNUUnhOR21GTE1oTXV2MmluK0V1YkVkQXdmQmxjWWhWUG5PUzQrdHJVQldKcExQNlpQLys5ZlFxZDhDVjlZaQo3N3pNZ3pld2h0NzYrQkFRVDFMM05KcGZpSGY1Z3FNT0l4ZWtjZjV0SXM0YVl0VnBsaTltdmEvdnJ1T0hrWWZICjV1cHVDcGFxblR2MEh5Z0ROdFZxS2pRKzlMMi8rZ2ZXUnEvU3N5NzlQSjJrTEJ4c1FLeXprVEpBSGlFS1M5QS8KdmltYTFnMmxWMUhiekJsNUhEU3dsMnVkZmRqNEpvT1lGajNVa0lGTk5VdmlJQzRBZXZCSjZFd1RwM1NNelhWdAowOTRob0Z5R0wwN21Xd0k5U2U5V25DYnh2MlNrbVJxbVJ4bjB5VElEYXVtUXpEMytDUmU3Y0pPSmhVR0ZaeFpRCmgvVmVJOXh4Umpvc3AzdTZlVXp3UE9tNQotLS0tLUVORCBDRVJUSUZJQ0FURS0tLS0tCg==\n    client-key-data: LS0tLS1CRUdJTiBSU0EgUFJJVkFURSBLRVktLS0tLQpNSUlKS0FJQkFBS0NBZ0VBdENiaDRNcnJGR2t3ZjgrRVVPQkl5dkwvK0tnSTJ1K0M0OUw4MTg2U3hiWWtQUFhwCkkxYklDTFljbVNreVpRTmlPVmsrWUQ1c1ZTNWJKKzVHSFIxMUwwYnl4ZWdsN2RHbFV1ZzlpTHBISjZCMFNaeEYKVmUrOXJyaUswZEY3MUN0c3ZkWm9EUUxaZVJXU0xZQTFNZEo3bGdrL2x3eXZxeEdBM05RZVhwc29aUGxObGdQTgpPdFhBTnJNRjJuREphT0NQNWkwQ2RpMWNiVUhwaTRxWnd3VkpOc3M2cU9PdHR3VURhR0s0MkNlOE02N1hCeW9ICmZjMjVlTUsvRWpEWldoT3VHbkVoT2s2cWJwTWVROGN6YkhQZnBvL1hnRThocDlRejg0blZrdFdlbTViaE8xMW0KUTJpWHZkOFRCWlpEUjl0RzhHQ0VGRkNVZk4rZ0RBQU9FTGdCMmMrdjhGU3JvOG10VFBrT1dVLy93bk5kOHk1dQo3SWtYdmt4UkVJU2FqTVJkNGNJd1IyVXYyMDMyR1lIMXVsYkNQUnYwYlQvRDJ1RjNwVXVKbEcvS2FyRlhSVVphCjhsU2NDWk1RNWlLV0V6Q0tFazMzN29jd2xsWXdBMi9CQ3ZWWWpBSUxWT3NrakJReVRicnpIa0tFT2dCbWhtWnkKakhJbkhJRnJXZW14WU1xNzRZZ3JJY3JvZ1hIWTZKWm9hOFMwamM2cDY2RS9YNkJvMTVLZUw0ODVBbHlqMkk5ZQpSS0MrSjIrb0ZZcEJ1KzNNMng3a2FYUzQ1N29BcWVKY0g2bmtKUEJ3RmtybWhBeVczRUpqMUUyb3U0YWcwZ0Z0CmdLS1dSVEtoOGF2b0t4V2VGSFBJNW5GUkJoN29rUzZUaCtCWkNFWnJHOUR6M3dvSXBCODEzMXYzZVprQ0F3RUEKQVFLQ0FnQVpwdis2OXFvS3VmL0I4MWF2L1gvZ0JrSVVzaml3bERKYkpvd0NYdFBmZTFRbHFnNk1qYXJtTXFoWAoxdG5xTUZVb1BXRDRhMnNacGdRczUyenNjR2xqVmdMejAxNnpRb3I4QnozYjNrcUxoZm1KRWN0OXRTbVpXNFhJCjRyOXpNc3ZGTEdhY2s2OUw0cHB5Q0RPSzZLSFlkM0NxblkvV0dDUDFUZThWSVpyYTVmVDZTNGhKdkc0bVc4K1YKajBIZXdUczhWMlJtVjRjMXQ1RDk0YnFMWHBGU1VCWUdQb1ZaN2tqUjhGekp5cjZ0elZPcEhYNzdsdk8yRW1VSwp2aEgxRmFCUSs1THpyb2Z1UHR5c1lnMGNnRk4wY0Q4TGNqa2tvTDdWQ3VkeWhTQ1VueU5yUkoxdk05R0hvK0FkCmg0d0ZDMkJLa2pPOGdNemtDeVBMRWFidkVvU1F0aTBManc5dVE5emVNaURPS0lINDZxWTZOZ2JEc1prRHJjU3QKR2JuYVhEczQ5Vjc0cUwyVk5mRGh5dEFNTkhDVm4rTFo3WHloeUx2KzlqQitkWUpFTjNpSTE4Ry9BUVNyQzh6TAoxemtPVnVCemdwV0NSQThXaTlObGx2a2xkVzg3TUMvOFgvS28zYzlvOHlGNUl4ZUpKYkNoUCtIZDBnbzdYcWR5CktVQVFjQUJCQm9hQ09MN1BwL0FBTFpnOXRjcllvZVc1T1o0MlRrQXpzUGtJejZQVnlTaGplL0lYL3VNdzZHTWIKWUVqamZyQk5DRTFaWmRNS3dhQ3hIN0dFY2M0dFROem8wNWxnOGxWU2JGanE1Rm9TYWFnKzUxU3JueTNvZFM5WQpLYnZKNE5ub2NnOWZsYi9ramdZMElYZHM5Y1FkeUtlME81SWhyNGt5aURHd3RJVitRUUtDQVFFQTFZbnlRaE1lCk8zZmVTWGVJNU11OTNyMWFzYzJPQ2VFOG9CcDI4OUxLTTgwOWFiSHJ4L1k1TklnK2JJNzRndTRhNWo3RzRCOTcKUW9LVnBCWmQyYzJJVFdXODRjMkNUQzN2NGY5alU5cGZLWFBLNVJ1bHRZcE1jQWgvUityTm8vZjhvSkJLWkZjQQpkWWdyNEVCdUlJWktLNFBncjFSRVNHWmsycTBpRXduV0tQSUYrdWFUbFhBajdLdHlLbHNGc2RHczNzenV4Y2pUClA3YytUUmc1bDZ4WkNxYitQdUlSMXJXZ05BekVSUzJGV0JFcGw2bnBhdW0vSnNqVkFrQUM5Rjg5WEkyZ2diV1gKRFZmZnRpS241SWFkcDZORVhwUnQ1d0RFbjJRV0dnejg2RnIwaURMNWR3MThCMndMK3FsaE9rWi8wWXA4cEc0Kwp4c3NkSCtZS2pEVWpEUUtDQVFFQTEvbGsveGR4WW5ORGV0WWUxdlJWMzVpcjV1NlNZNmE1cXhzeXl0c3VDdnJ3CkN3YXlUd2t3VW9xQXJLc2xWdE1XNVF1RXlYWVdaTUJtSzh5Z0YxYnM0SGRsRFQ4RHcycys0SlgzQXRTUnJ4M2wKQWlBVEFoeng3T2VCUE5SNDFKaGxRcXRPajV1WWpoWjRRSFlBQUMwNVVTa2ZnR01sUllOVzlIYmZERUJaWEllcApqR2NabGgwck1FR0tQVXUra2ZBeS9weTF4VFFOMkt0bWkwcW9YcEZ6VGs2VmdTbDJyMlFvakNYcHM1SGNMZE1TCjE1aGg0cCtoSm1HUUxJVG1oV0t4Z2RRS0JHS0NQTm9mdWJOc1dUSXIwRzdqa1BsQXRyYkNxRkN4dTZva1NKZEEKZ3N4cWxteUQ1TzlaTmNyUHRidjM2OGl0SVNlcHAxZytwYWdIamt5OXZRS0NBUUVBdzlZblg0RzVFRUQyazlvVQpxZ0JRdVo1Zk53R1ZhbW91OTRaTjRYOUlBZ29RY0liRC9qZEtiMnNrRk50cC9tbndNWWtSU3lxVUdJTTZTYXBaCm1BNXZHc3hiVlpyc0RJRjBwb2RaeU9WVXNPZUpCR1UrckNlUndvMkliYVJoeENjQ2dSN1Rtd0pQWVhycEFsa1UKcHErQ0JqYUVNVWZPOTdjd2QzeWc2MlR5QzhzcXdOZ0dNZDhPazFjSTlOOVZjYWNpSzVNMnlCMU4zL2xtSWI0OQowMlEwcFJoUnc4b0JJakNnSkJ3eFJHQmpFa2xySTdTb1pXeko2Zi8xbW9LcU13UEZlc1JJbDZ5NlEzcDdxTVpQCnc3M1JpSlNyZHpJWk9PbnphVnFaQ25zdTFzblR5YlUySklFeFpuMG8zMUhINFhJV2QwM1MwZHBwcUZkTzlwbzYKd2l0WllRS0NBUUJQL0wyNi9DT3lJcDVMVUNINzJtSXpmWWVzNzQ2bitZZXFKMWlZYUxTVXZIdEttaUJQeFVkdwpTbnQ5ZDZWTWtzRlg4dndxNE9GS1R6ZUg0VEVwYzdnbktoRHk1dk90M0hwZEV5MTRqdUdseVp5WFBPbk5Ub3NMCkFuS0s1T1liVnBXcUsyZmRKL05JTEdvODlYYnFtZFV3aWRwdzRrZGJoMWtkRVNscWtDcUlhbllRMmQ1UUNsMkUKY2NHUkVneHlZRk9DbU9kNU1kNHU4TXY1cXB6UTZXMmJBdCs4Qm04K1pnbmVYZXcvNVRWMmcwWG5NemlOaGpGWQoxYWxmMDVqTXJkQ3dGS2ZoRjlyRVRzU1JNakplbG9aRG04NE1VMFAwWjV1UVd0SjRmbnNScDNMcy9tZzdiZFVyClpMblZnbGVMSnlLYTRLZStMOEpWaUFrcnNSK2JSRERCQW9JQkFGRVB0cGMzdVU1VEYyKy9GN3pBZ096YVVvWFIKUjRVN2tlRlRXM3hNYml1OXdVT2pYb3lQcm9MZVV6RzdiZEY2VThaN3FYZUV4ajJJTTE2UzlLMzF4YTM5QVF6eAoyT3dDMXFadllWRU8rMGsyRXpCQTVWUG4xL0ozUzd4SWNQN0xrNVJqc0FTMXRrTjBlRC95MjVSV045L3hIVjN5CjdmRFo3RWlBM1JmallzNjhleWRYRm5OTVdYQ1NKaU5IL2VoNGtoY3Q2V3hnVFgwVS95ZkNJYmJKcGhuenA3VWwKM2VUaHhjRlM2TTc1WVVzbFRRUlQzRW1nTk5kN2hEdGo4bzEvbUNqdUxvRFBHYUNCcllSMmhyVFNPSy9tbjNxWQpTcGQrU09jbEZWYVRMak43U1JYK2IzVzRXR2Q3UStST29PK3BRMll5VVRVU0FoUStZRFl3a0VCYXRLZz0KLS0tLS1FTkQgUlNBIFBSSVZBVEUgS0VZLS0tLS0K\n    token: kwp80rvgrw0upm0t01a7y9ik0qqy00tqg8aw0tkmsalbh1szrm70qou9jpb6qkzvc6hzo4u7tz4fdlo0t1i9utsauzeg9zgspxa0cjlktbt9yrcgmhoueyr0dsz2kn30\n",
            "kubelet_identity": [
              {
                "client_id": "8ee94e86-a96e-4481-bef2-91003683fea9",
                "object_id": "bdbc3872-c549-49fe-8bf6-032c85cbb5af",
                "user_assigned_identity_id": "/subscriptions/645e3697-d061-4897-b45f-c300b23e9b77/resourceGroups/rg-dev-aks-nodes/providers/Microsoft.ManagedIdentity/userAssignedIdentities/development-agentpool"
              }
            ],
            "kubernetes_version": "1.24.9",
            "linux_profile": [],
            "local_account_disabled": false,
            "location": "eastus",
            "maintenance_window": [],
            "microsoft_defender": [],
            "monitor_metrics": [],
            "name": "development",
            "network_profile": [
              {
                "dns_service_ip": "10.0.0.10",
                "docker_bridge_cidr": "172.17.0.1/16",
                "ebpf_data_plane": "",
                "ip_versions": [
                  "IPv4"
                ],
                "load_balancer_profile": [
                  {
                    "effective_outbound_ips": [
                      "/subscriptions/645e3697-d061-4897-b45f-c300b23e9b77/resourceGroups/rg-dev-aks-nodes/providers/Microsoft.Network/publicIPAddresses/21d88edc-58d3-4204-85d2-b509c55438ef"
                    ],
                    "idle_timeout_in_minutes": 0,
                    "managed_outbound_ip_count": 1,
                    "managed_outbound_ipv6_count": 0,
                    "outbound_ip_address_ids": [],
                    "outbound_ip_prefix_ids": [],
                    "outbound_ports_allocated": 0
                  }
                ],
                "load_balancer_sku": "standard",
                "nat_gateway_profile": [],
                "network_mode": "",
                "network_plugin": "kubenet",
                "network_plugin_mode": "",
                "network_policy": "",
                "outbound_type": "loadBalancer",
                "pod_cidr": "10.244.0.0/16",
                "pod_cidrs": [
                  "10.244.0.0/16"
                ],
                "service_cidr": "10.0.0.0/16",
                "service_cidrs": [
                  "10.0.0.0/16"
                ]
              }
            ],
            "node_resource_group": "rg-dev-aks-nodes",
            "oidc_issuer_enabled": false,
            "oidc_issuer_url": "",
            "oms_agent": [],
            "open_service_mesh_enabled": null,
            "portal_fqdn": "myaks-i0juul94.portal.hcp.eastus.azmk8s.io",
            "private_cluster_enabled": false,
            "private_cluster_public_fqdn_enabled": false,
            "private_dns_zone_id": null,
            "private_fqdn": "",
            "public_network_access_enabled": true,
            "resource_group_name": "Rg-Dev",
            "role_based_access_control_enabled": true,
            "run_command_enabled": true,
            "service_principal": [],
            "sku_tier": "Free",
            "storage_profile": [],
            "tags": {
              "environment": "dev"
            },
            "timeouts": null,
            "web_app_routing": [],
            "windows_profile": [],
            "workload_autoscaler_profile": [],
            "workload_identity_enabled": false
          },
          "sensitive_attributes": [],
          "private": "eyJlMmJmYjczMC1lY2FhLTExZTYtOGY4OC0zNDM2M2JjN2M0YzAiOnsiY3JlYXRlIjo1NDAwMDAwMDAwMDAwLCJkZWxldGUiOjU0MDAwMDAwMDAwMDAsInJlYWQiOjMwMDAwMDAwMDAwMCwidXBkYXRlIjo1NDAwMDAwMDAwMDAwfSwic2NoZW1hX3ZlcnNpb24iOiIyIn0=",
          "dependencies": [
            "module.Rg-Dev.azurerm_resource_group.main",
            "module.vnet-dev.azurerm_subnet.subnets",
            "module.vnet-dev.azurerm_virtual_network.vnet"
          ]
        }
      ]
    },
    {
      "module": "module.azuread_users",
      "mode": "managed",
      "type": "azuread_user",
      "name": "users",
      "provider": "provider[\"registry.terraform.io/hashicorp/azuread\"]",
      "instances": [
        {
          "index_key": "anush@metabob.com",
          "schema_version": 0,
          "attributes": {
            "about_me": "",
            "account_enabled": true,
            "age_group": "",
            "business_phones": [],
            "city": "",
            "company_name": "",
            "consent_provided_for_minor": "",
            "cost_center": "",
            "country": "",
            "creation_type": "",
            "department": "",
            "disable_password_expiration": false,
            "disable_strong_password": false,
            "display_name": "Anush Krishna",
            "division": "",
            "employee_id": "",
            "employee_type": "",
            "external_user_state": "",
            "fax_number": "",
            "force_password_change": true,
            "given_name": "",
            "id": "8b74d4a0-af23-41d6-9e72-8fee8094acf3",
            "im_addresses": [],
            "job_title": "",
            "mail": "",
            "mail_nickname": "anush",
            "manager_id": "",
            "mobile_phone": "",
            "object_id": "8b74d4a0-af23-41d6-9e72-8fee8094acf3",
            "office_location": "",
            "onpremises_distinguished_name": "",
            "onpremises_domain_name": "",
            "onpremises_immutable_id": "",
            "onpremises_sam_account_name": "",
            "onpremises_security_identifier": "",
            "onpremises_sync_enabled": false,
            "onpremises_user_principal_name": "",
            "other_mails": [],
            "password": "P@ssw0rd456",
            "postal_code": "",
            "preferred_language": "",
            "proxy_addresses": [],
            "show_in_address_list": true,
            "state": "",
            "street_address": "",
            "surname": "",
            "timeouts": null,
            "usage_location": "US",
            "user_principal_name": "anush@metabob.com",
            "user_type": "Member"
          },
          "sensitive_attributes": [],
          "private": "eyJlMmJmYjczMC1lY2FhLTExZTYtOGY4OC0zNDM2M2JjN2M0YzAiOnsiY3JlYXRlIjozMDAwMDAwMDAwMDAsImRlbGV0ZSI6MzAwMDAwMDAwMDAwLCJyZWFkIjozMDAwMDAwMDAwMDAsInVwZGF0ZSI6MzAwMDAwMDAwMDAwfX0="
        },
        {
          "index_key": "arj@metabob.com",
          "schema_version": 0,
          "attributes": {
            "about_me": "",
            "account_enabled": true,
            "age_group": "",
            "business_phones": [],
            "city": "",
            "company_name": "",
            "consent_provided_for_minor": "",
            "cost_center": "",
            "country": "",
            "creation_type": "",
            "department": "",
            "disable_password_expiration": false,
            "disable_strong_password": false,
            "display_name": "Abdur-Rahman Janhangeer",
            "division": "",
            "employee_id": "",
            "employee_type": "",
            "external_user_state": "",
            "fax_number": "",
            "force_password_change": true,
            "given_name": "",
            "id": "720d74ef-4312-4491-8c64-274277bf1f4d",
            "im_addresses": [],
            "job_title": "",
            "mail": "",
            "mail_nickname": "arj",
            "manager_id": "",
            "mobile_phone": "",
            "object_id": "720d74ef-4312-4491-8c64-274277bf1f4d",
            "office_location": "",
            "onpremises_distinguished_name": "",
            "onpremises_domain_name": "",
            "onpremises_immutable_id": "",
            "onpremises_sam_account_name": "",
            "onpremises_security_identifier": "",
            "onpremises_sync_enabled": false,
            "onpremises_user_principal_name": "",
            "other_mails": [],
            "password": "P@ssw0rd789",
            "postal_code": "",
            "preferred_language": "",
            "proxy_addresses": [],
            "show_in_address_list": true,
            "state": "",
            "street_address": "",
            "surname": "",
            "timeouts": null,
            "usage_location": "US",
            "user_principal_name": "arj@metabob.com",
            "user_type": "Member"
          },
          "sensitive_attributes": [],
          "private": "eyJlMmJmYjczMC1lY2FhLTExZTYtOGY4OC0zNDM2M2JjN2M0YzAiOnsiY3JlYXRlIjozMDAwMDAwMDAwMDAsImRlbGV0ZSI6MzAwMDAwMDAwMDAwLCJyZWFkIjozMDAwMDAwMDAwMDAsInVwZGF0ZSI6MzAwMDAwMDAwMDAwfX0="
        },
        {
          "index_key": "ben@metabob.com",
          "schema_version": 0,
          "attributes": {
            "about_me": "",
            "account_enabled": true,
            "age_group": "",
            "business_phones": [],
            "city": "",
            "company_name": "",
            "consent_provided_for_minor": "",
            "cost_center": "",
            "country": "",
            "creation_type": "",
            "department": "",
            "disable_password_expiration": false,
            "disable_strong_password": false,
            "display_name": "Ben Reaves",
            "division": "",
            "employee_id": "",
            "employee_type": "",
            "external_user_state": "",
            "fax_number": "",
            "force_password_change": true,
            "given_name": "",
            "id": "898fd660-2f52-4ae3-a73d-1b60b383e198",
            "im_addresses": [],
            "job_title": "",
            "mail": "",
            "mail_nickname": "ben",
            "manager_id": "",
            "mobile_phone": "",
            "object_id": "898fd660-2f52-4ae3-a73d-1b60b383e198",
            "office_location": "",
            "onpremises_distinguished_name": "",
            "onpremises_domain_name": "",
            "onpremises_immutable_id": "",
            "onpremises_sam_account_name": "",
            "onpremises_security_identifier": "",
            "onpremises_sync_enabled": false,
            "onpremises_user_principal_name": "",
            "other_mails": [],
            "password": "P@ssw0rd456",
            "postal_code": "",
            "preferred_language": "",
            "proxy_addresses": [],
            "show_in_address_list": true,
            "state": "",
            "street_address": "",
            "surname": "",
            "timeouts": null,
            "usage_location": "US",
            "user_principal_name": "ben@metabob.com",
            "user_type": "Member"
          },
          "sensitive_attributes": [],
          "private": "eyJlMmJmYjczMC1lY2FhLTExZTYtOGY4OC0zNDM2M2JjN2M0YzAiOnsiY3JlYXRlIjozMDAwMDAwMDAwMDAsImRlbGV0ZSI6MzAwMDAwMDAwMDAwLCJyZWFkIjozMDAwMDAwMDAwMDAsInVwZGF0ZSI6MzAwMDAwMDAwMDAwfX0="
        },
        {
          "index_key": "haoxuan@metabob.com",
          "schema_version": 0,
          "attributes": {
            "about_me": "",
            "account_enabled": true,
            "age_group": "",
            "business_phones": [],
            "city": "",
            "company_name": "",
            "consent_provided_for_minor": "",
            "cost_center": "",
            "country": "",
            "creation_type": "",
            "department": "",
            "disable_password_expiration": false,
            "disable_strong_password": false,
            "display_name": "Haoxuan",
            "division": "",
            "employee_id": "",
            "employee_type": "",
            "external_user_state": "",
            "fax_number": "",
            "force_password_change": true,
            "given_name": "",
            "id": "db228edd-8886-4e78-ab6f-61a325514373",
            "im_addresses": [],
            "job_title": "",
            "mail": "",
            "mail_nickname": "haoxuan",
            "manager_id": "",
            "mobile_phone": "",
            "object_id": "db228edd-8886-4e78-ab6f-61a325514373",
            "office_location": "",
            "onpremises_distinguished_name": "",
            "onpremises_domain_name": "",
            "onpremises_immutable_id": "",
            "onpremises_sam_account_name": "",
            "onpremises_security_identifier": "",
            "onpremises_sync_enabled": false,
            "onpremises_user_principal_name": "",
            "other_mails": [],
            "password": "P@ssw0rd789",
            "postal_code": "",
            "preferred_language": "",
            "proxy_addresses": [],
            "show_in_address_list": true,
            "state": "",
            "street_address": "",
            "surname": "",
            "timeouts": null,
            "usage_location": "US",
            "user_principal_name": "haoxuan@metabob.com",
            "user_type": "Member"
          },
          "sensitive_attributes": [],
          "private": "eyJlMmJmYjczMC1lY2FhLTExZTYtOGY4OC0zNDM2M2JjN2M0YzAiOnsiY3JlYXRlIjozMDAwMDAwMDAwMDAsImRlbGV0ZSI6MzAwMDAwMDAwMDAwLCJyZWFkIjozMDAwMDAwMDAwMDAsInVwZGF0ZSI6MzAwMDAwMDAwMDAwfX0="
        },
        {
          "index_key": "junkai@metabob.com",
          "schema_version": 0,
          "attributes": {
            "about_me": "",
            "account_enabled": true,
            "age_group": "",
            "business_phones": [],
            "city": "",
            "company_name": "",
            "consent_provided_for_minor": "",
            "cost_center": "",
            "country": "",
            "creation_type": "",
            "department": "",
            "disable_password_expiration": false,
            "disable_strong_password": false,
            "display_name": "Jun Kai Lo",
            "division": "",
            "employee_id": "",
            "employee_type": "",
            "external_user_state": "",
            "fax_number": "",
            "force_password_change": true,
            "given_name": "",
            "id": "54f7ac91-2c79-4428-8140-ddd0cce4381a",
            "im_addresses": [],
            "job_title": "",
            "mail": "",
            "mail_nickname": "junkai",
            "manager_id": "",
            "mobile_phone": "",
            "object_id": "54f7ac91-2c79-4428-8140-ddd0cce4381a",
            "office_location": "",
            "onpremises_distinguished_name": "",
            "onpremises_domain_name": "",
            "onpremises_immutable_id": "",
            "onpremises_sam_account_name": "",
            "onpremises_security_identifier": "",
            "onpremises_sync_enabled": false,
            "onpremises_user_principal_name": "",
            "other_mails": [],
            "password": "P@ssw0rd789",
            "postal_code": "",
            "preferred_language": "",
            "proxy_addresses": [],
            "show_in_address_list": true,
            "state": "",
            "street_address": "",
            "surname": "",
            "timeouts": null,
            "usage_location": "US",
            "user_principal_name": "junkai@metabob.com",
            "user_type": "Member"
          },
          "sensitive_attributes": [],
          "private": "eyJlMmJmYjczMC1lY2FhLTExZTYtOGY4OC0zNDM2M2JjN2M0YzAiOnsiY3JlYXRlIjozMDAwMDAwMDAwMDAsImRlbGV0ZSI6MzAwMDAwMDAwMDAwLCJyZWFkIjozMDAwMDAwMDAwMDAsInVwZGF0ZSI6MzAwMDAwMDAwMDAwfX0="
        }
      ]
    },
    {
      "module": "module.postgresql_server-Integration",
      "mode": "managed",
      "type": "azurerm_postgresql_server",
      "name": "postgresql_server",
      "provider": "provider[\"registry.terraform.io/hashicorp/azurerm\"]",
      "instances": [
        {
          "schema_version": 1,
          "attributes": {
            "administrator_login": "dbadmin",
            "administrator_login_password": "%M6dXUZ5sU1N872wdW",
            "auto_grow_enabled": true,
            "backup_retention_days": 7,
            "create_mode": "Default",
            "creation_source_server_id": null,
            "fqdn": "postgresql-server-metabob-integration.postgres.database.azure.com",
            "geo_redundant_backup_enabled": false,
            "id": "/subscriptions/645e3697-d061-4897-b45f-c300b23e9b77/resourceGroups/Rg-Integration/providers/Microsoft.DBforPostgreSQL/servers/postgresql-server-metabob-integration",
            "identity": [],
            "infrastructure_encryption_enabled": false,
            "location": "eastus",
            "name": "postgresql-server-metabob-integration",
            "public_network_access_enabled": true,
            "resource_group_name": "Rg-Integration",
            "restore_point_in_time": null,
            "sku_name": "GP_Gen5_2",
            "ssl_enforcement_enabled": true,
            "ssl_minimal_tls_version_enforced": "TLS1_2",
            "storage_mb": 5120,
            "tags": {},
            "threat_detection_policy": [],
            "timeouts": null,
            "version": "11"
          },
          "sensitive_attributes": [],
          "private": "eyJlMmJmYjczMC1lY2FhLTExZTYtOGY4OC0zNDM2M2JjN2M0YzAiOnsiY3JlYXRlIjozNjAwMDAwMDAwMDAwLCJkZWxldGUiOjM2MDAwMDAwMDAwMDAsInJlYWQiOjMwMDAwMDAwMDAwMCwidXBkYXRlIjozNjAwMDAwMDAwMDAwfSwic2NoZW1hX3ZlcnNpb24iOiIxIn0=",
          "dependencies": [
            "module.Rg-Integration.azurerm_resource_group.main"
          ]
        }
      ]
    },
    {
      "module": "module.postgresql_server-dev",
      "mode": "managed",
      "type": "azurerm_postgresql_server",
      "name": "postgresql_server",
      "provider": "provider[\"registry.terraform.io/hashicorp/azurerm\"]",
      "instances": [
        {
          "schema_version": 1,
          "attributes": {
            "administrator_login": "dbadmin",
            "administrator_login_password": "f1TTh4vs\u0026F2SPH6q3l",
            "auto_grow_enabled": true,
            "backup_retention_days": 7,
            "create_mode": "Default",
            "creation_source_server_id": null,
            "fqdn": "postgresql-server-metabob-dev.postgres.database.azure.com",
            "geo_redundant_backup_enabled": false,
            "id": "/subscriptions/645e3697-d061-4897-b45f-c300b23e9b77/resourceGroups/Rg-Dev/providers/Microsoft.DBforPostgreSQL/servers/postgresql-server-metabob-dev",
            "identity": [],
            "infrastructure_encryption_enabled": false,
            "location": "eastus",
            "name": "postgresql-server-metabob-dev",
            "public_network_access_enabled": true,
            "resource_group_name": "Rg-Dev",
            "restore_point_in_time": null,
            "sku_name": "GP_Gen5_2",
            "ssl_enforcement_enabled": true,
            "ssl_minimal_tls_version_enforced": "TLS1_2",
            "storage_mb": 5120,
            "tags": {},
            "threat_detection_policy": [],
            "timeouts": null,
            "version": "11"
          },
          "sensitive_attributes": [],
          "private": "eyJlMmJmYjczMC1lY2FhLTExZTYtOGY4OC0zNDM2M2JjN2M0YzAiOnsiY3JlYXRlIjozNjAwMDAwMDAwMDAwLCJkZWxldGUiOjM2MDAwMDAwMDAwMDAsInJlYWQiOjMwMDAwMDAwMDAwMCwidXBkYXRlIjozNjAwMDAwMDAwMDAwfSwic2NoZW1hX3ZlcnNpb24iOiIxIn0=",
          "dependencies": [
            "module.Rg-Dev.azurerm_resource_group.main"
          ]
        }
      ]
    },
    {
      "module": "module.postgresql_server-production",
      "mode": "managed",
      "type": "azurerm_postgresql_server",
      "name": "postgresql_server",
      "provider": "provider[\"registry.terraform.io/hashicorp/azurerm\"]",
      "instances": [
        {
          "schema_version": 1,
          "attributes": {
            "administrator_login": "dbadmin",
            "administrator_login_password": "8Nb2IDf*9Uj\u0026k4nXlH",
            "auto_grow_enabled": true,
            "backup_retention_days": 7,
            "create_mode": "Default",
            "creation_source_server_id": null,
            "fqdn": "postgresql-server-metabob-production.postgres.database.azure.com",
            "geo_redundant_backup_enabled": false,
            "id": "/subscriptions/645e3697-d061-4897-b45f-c300b23e9b77/resourceGroups/Rg-Production/providers/Microsoft.DBforPostgreSQL/servers/postgresql-server-metabob-production",
            "identity": [],
            "infrastructure_encryption_enabled": false,
            "location": "eastus",
            "name": "postgresql-server-metabob-production",
            "public_network_access_enabled": true,
            "resource_group_name": "Rg-Production",
            "restore_point_in_time": null,
            "sku_name": "GP_Gen5_2",
            "ssl_enforcement_enabled": true,
            "ssl_minimal_tls_version_enforced": "TLS1_2",
            "storage_mb": 5120,
            "tags": {},
            "threat_detection_policy": [],
            "timeouts": null,
            "version": "11"
          },
          "sensitive_attributes": [],
          "private": "eyJlMmJmYjczMC1lY2FhLTExZTYtOGY4OC0zNDM2M2JjN2M0YzAiOnsiY3JlYXRlIjozNjAwMDAwMDAwMDAwLCJkZWxldGUiOjM2MDAwMDAwMDAwMDAsInJlYWQiOjMwMDAwMDAwMDAwMCwidXBkYXRlIjozNjAwMDAwMDAwMDAwfSwic2NoZW1hX3ZlcnNpb24iOiIxIn0=",
          "dependencies": [
            "module.Rg-Production.azurerm_resource_group.main"
          ]
        }
      ]
    },
    {
      "module": "module.role_assignments[0]",
      "mode": "data",
      "type": "azurerm_subscription",
      "name": "current",
      "provider": "provider[\"registry.terraform.io/hashicorp/azurerm\"]",
      "instances": [
        {
          "schema_version": 0,
          "attributes": {
            "display_name": "Microsoft Azure Sponsorship",
            "id": "/subscriptions/645e3697-d061-4897-b45f-c300b23e9b77",
            "location_placement_id": "Public_2014-09-01",
            "quota_id": "Sponsored_2016-01-01",
            "spending_limit": "Off",
            "state": "Enabled",
            "subscription_id": "645e3697-d061-4897-b45f-c300b23e9b77",
            "tags": {},
            "tenant_id": "d988d051-932a-4d07-822d-318e35596111",
            "timeouts": null
          },
          "sensitive_attributes": []
        }
      ]
    },
    {
      "module": "module.role_assignments[0]",
      "mode": "managed",
      "type": "azurerm_role_assignment",
      "name": "role_assignments",
      "provider": "provider[\"registry.terraform.io/hashicorp/azurerm\"]",
      "instances": [
        {
          "index_key": "Ben Reaves",
          "schema_version": 0,
          "attributes": {
            "condition": "",
            "condition_version": "",
            "delegated_managed_identity_resource_id": "",
            "description": "",
            "id": "/subscriptions/645e3697-d061-4897-b45f-c300b23e9b77/providers/Microsoft.Authorization/roleAssignments/d596d1da-a9a4-7605-0e96-f6c4be9ccc8f",
            "name": "d596d1da-a9a4-7605-0e96-f6c4be9ccc8f",
            "principal_id": "898fd660-2f52-4ae3-a73d-1b60b383e198",
            "principal_type": "User",
            "role_definition_id": "/subscriptions/645e3697-d061-4897-b45f-c300b23e9b77/providers/Microsoft.Authorization/roleDefinitions/acdd72a7-3385-48ef-bd42-f606fba81ae7",
            "role_definition_name": "Reader",
            "scope": "/subscriptions/645e3697-d061-4897-b45f-c300b23e9b77",
            "skip_service_principal_aad_check": null,
            "timeouts": null
          },
          "sensitive_attributes": [],
          "private": "eyJlMmJmYjczMC1lY2FhLTExZTYtOGY4OC0zNDM2M2JjN2M0YzAiOnsiY3JlYXRlIjoxODAwMDAwMDAwMDAwLCJkZWxldGUiOjE4MDAwMDAwMDAwMDAsInJlYWQiOjMwMDAwMDAwMDAwMCwidXBkYXRlIjoxODAwMDAwMDAwMDAwfX0=",
          "dependencies": [
            "module.azuread_users.azuread_user.users",
            "module.role_assignments.data.azurerm_subscription.current"
          ]
        }
      ]
    },
    {
      "module": "module.role_assignments[1]",
      "mode": "data",
      "type": "azurerm_subscription",
      "name": "current",
      "provider": "provider[\"registry.terraform.io/hashicorp/azurerm\"]",
      "instances": [
        {
          "schema_version": 0,
          "attributes": {
            "display_name": "Microsoft Azure Sponsorship",
            "id": "/subscriptions/645e3697-d061-4897-b45f-c300b23e9b77",
            "location_placement_id": "Public_2014-09-01",
            "quota_id": "Sponsored_2016-01-01",
            "spending_limit": "Off",
            "state": "Enabled",
            "subscription_id": "645e3697-d061-4897-b45f-c300b23e9b77",
            "tags": {},
            "tenant_id": "d988d051-932a-4d07-822d-318e35596111",
            "timeouts": null
          },
          "sensitive_attributes": []
        }
      ]
    },
    {
      "module": "module.role_assignments[1]",
      "mode": "managed",
      "type": "azurerm_role_assignment",
      "name": "role_assignments",
      "provider": "provider[\"registry.terraform.io/hashicorp/azurerm\"]",
      "instances": [
        {
          "index_key": "Abdur-Rahman Janhangeer",
          "schema_version": 0,
          "attributes": {
            "condition": "",
            "condition_version": "",
            "delegated_managed_identity_resource_id": "",
            "description": "",
            "id": "/subscriptions/645e3697-d061-4897-b45f-c300b23e9b77/providers/Microsoft.Authorization/roleAssignments/caa3bbda-0cd9-5210-1e0e-704d504ade6a",
            "name": "caa3bbda-0cd9-5210-1e0e-704d504ade6a",
            "principal_id": "720d74ef-4312-4491-8c64-274277bf1f4d",
            "principal_type": "User",
            "role_definition_id": "/subscriptions/645e3697-d061-4897-b45f-c300b23e9b77/providers/Microsoft.Authorization/roleDefinitions/acdd72a7-3385-48ef-bd42-f606fba81ae7",
            "role_definition_name": "Reader",
            "scope": "/subscriptions/645e3697-d061-4897-b45f-c300b23e9b77",
            "skip_service_principal_aad_check": null,
            "timeouts": null
          },
          "sensitive_attributes": [],
          "private": "eyJlMmJmYjczMC1lY2FhLTExZTYtOGY4OC0zNDM2M2JjN2M0YzAiOnsiY3JlYXRlIjoxODAwMDAwMDAwMDAwLCJkZWxldGUiOjE4MDAwMDAwMDAwMDAsInJlYWQiOjMwMDAwMDAwMDAwMCwidXBkYXRlIjoxODAwMDAwMDAwMDAwfX0=",
          "dependencies": [
            "module.azuread_users.azuread_user.users",
            "module.role_assignments.data.azurerm_subscription.current"
          ]
        }
      ]
    },
    {
      "module": "module.role_assignments[2]",
      "mode": "data",
      "type": "azurerm_subscription",
      "name": "current",
      "provider": "provider[\"registry.terraform.io/hashicorp/azurerm\"]",
      "instances": [
        {
          "schema_version": 0,
          "attributes": {
            "display_name": "Microsoft Azure Sponsorship",
            "id": "/subscriptions/645e3697-d061-4897-b45f-c300b23e9b77",
            "location_placement_id": "Public_2014-09-01",
            "quota_id": "Sponsored_2016-01-01",
            "spending_limit": "Off",
            "state": "Enabled",
            "subscription_id": "645e3697-d061-4897-b45f-c300b23e9b77",
            "tags": {},
            "tenant_id": "d988d051-932a-4d07-822d-318e35596111",
            "timeouts": null
          },
          "sensitive_attributes": []
        }
      ]
    },
    {
      "module": "module.role_assignments[2]",
      "mode": "managed",
      "type": "azurerm_role_assignment",
      "name": "role_assignments",
      "provider": "provider[\"registry.terraform.io/hashicorp/azurerm\"]",
      "instances": [
        {
          "index_key": "Anush Krishna",
          "schema_version": 0,
          "attributes": {
            "condition": "",
            "condition_version": "",
            "delegated_managed_identity_resource_id": "",
            "description": "",
            "id": "/subscriptions/645e3697-d061-4897-b45f-c300b23e9b77/providers/Microsoft.Authorization/roleAssignments/026b5c1a-b3fc-40bb-4fd3-94e03cff6e9d",
            "name": "026b5c1a-b3fc-40bb-4fd3-94e03cff6e9d",
            "principal_id": "8b74d4a0-af23-41d6-9e72-8fee8094acf3",
            "principal_type": "User",
            "role_definition_id": "/subscriptions/645e3697-d061-4897-b45f-c300b23e9b77/providers/Microsoft.Authorization/roleDefinitions/acdd72a7-3385-48ef-bd42-f606fba81ae7",
            "role_definition_name": "Reader",
            "scope": "/subscriptions/645e3697-d061-4897-b45f-c300b23e9b77",
            "skip_service_principal_aad_check": null,
            "timeouts": null
          },
          "sensitive_attributes": [],
          "private": "eyJlMmJmYjczMC1lY2FhLTExZTYtOGY4OC0zNDM2M2JjN2M0YzAiOnsiY3JlYXRlIjoxODAwMDAwMDAwMDAwLCJkZWxldGUiOjE4MDAwMDAwMDAwMDAsInJlYWQiOjMwMDAwMDAwMDAwMCwidXBkYXRlIjoxODAwMDAwMDAwMDAwfX0=",
          "dependencies": [
            "module.azuread_users.azuread_user.users",
            "module.role_assignments.data.azurerm_subscription.current"
          ]
        }
      ]
    },
    {
      "module": "module.role_assignments[3]",
      "mode": "data",
      "type": "azurerm_subscription",
      "name": "current",
      "provider": "provider[\"registry.terraform.io/hashicorp/azurerm\"]",
      "instances": [
        {
          "schema_version": 0,
          "attributes": {
            "display_name": "Microsoft Azure Sponsorship",
            "id": "/subscriptions/645e3697-d061-4897-b45f-c300b23e9b77",
            "location_placement_id": "Public_2014-09-01",
            "quota_id": "Sponsored_2016-01-01",
            "spending_limit": "Off",
            "state": "Enabled",
            "subscription_id": "645e3697-d061-4897-b45f-c300b23e9b77",
            "tags": {},
            "tenant_id": "d988d051-932a-4d07-822d-318e35596111",
            "timeouts": null
          },
          "sensitive_attributes": []
        }
      ]
    },
    {
      "module": "module.role_assignments[3]",
      "mode": "managed",
      "type": "azurerm_role_assignment",
      "name": "role_assignments",
      "provider": "provider[\"registry.terraform.io/hashicorp/azurerm\"]",
      "instances": [
        {
          "index_key": "Haoxuan",
          "schema_version": 0,
          "attributes": {
            "condition": "",
            "condition_version": "",
            "delegated_managed_identity_resource_id": "",
            "description": "",
            "id": "/subscriptions/645e3697-d061-4897-b45f-c300b23e9b77/providers/Microsoft.Authorization/roleAssignments/dddef3da-b66c-3cb7-fb86-401b75826242",
            "name": "dddef3da-b66c-3cb7-fb86-401b75826242",
            "principal_id": "db228edd-8886-4e78-ab6f-61a325514373",
            "principal_type": "User",
            "role_definition_id": "/subscriptions/645e3697-d061-4897-b45f-c300b23e9b77/providers/Microsoft.Authorization/roleDefinitions/acdd72a7-3385-48ef-bd42-f606fba81ae7",
            "role_definition_name": "Reader",
            "scope": "/subscriptions/645e3697-d061-4897-b45f-c300b23e9b77",
            "skip_service_principal_aad_check": null,
            "timeouts": null
          },
          "sensitive_attributes": [],
          "private": "eyJlMmJmYjczMC1lY2FhLTExZTYtOGY4OC0zNDM2M2JjN2M0YzAiOnsiY3JlYXRlIjoxODAwMDAwMDAwMDAwLCJkZWxldGUiOjE4MDAwMDAwMDAwMDAsInJlYWQiOjMwMDAwMDAwMDAwMCwidXBkYXRlIjoxODAwMDAwMDAwMDAwfX0=",
          "dependencies": [
            "module.azuread_users.azuread_user.users",
            "module.role_assignments.data.azurerm_subscription.current"
          ]
        }
      ]
    },
    {
      "module": "module.role_assignments[4]",
      "mode": "data",
      "type": "azurerm_subscription",
      "name": "current",
      "provider": "provider[\"registry.terraform.io/hashicorp/azurerm\"]",
      "instances": [
        {
          "schema_version": 0,
          "attributes": {
            "display_name": "Microsoft Azure Sponsorship",
            "id": "/subscriptions/645e3697-d061-4897-b45f-c300b23e9b77",
            "location_placement_id": "Public_2014-09-01",
            "quota_id": "Sponsored_2016-01-01",
            "spending_limit": "Off",
            "state": "Enabled",
            "subscription_id": "645e3697-d061-4897-b45f-c300b23e9b77",
            "tags": {},
            "tenant_id": "d988d051-932a-4d07-822d-318e35596111",
            "timeouts": null
          },
          "sensitive_attributes": []
        }
      ]
    },
    {
      "module": "module.role_assignments[4]",
      "mode": "managed",
      "type": "azurerm_role_assignment",
      "name": "role_assignments",
      "provider": "provider[\"registry.terraform.io/hashicorp/azurerm\"]",
      "instances": [
        {
          "index_key": "Jun Kai Lo",
          "schema_version": 0,
          "attributes": {
            "condition": "",
            "condition_version": "",
            "delegated_managed_identity_resource_id": "",
            "description": "",
            "id": "/subscriptions/645e3697-d061-4897-b45f-c300b23e9b77/providers/Microsoft.Authorization/roleAssignments/09be1281-d213-aed3-9a2b-565631a5db66",
            "name": "09be1281-d213-aed3-9a2b-565631a5db66",
            "principal_id": "54f7ac91-2c79-4428-8140-ddd0cce4381a",
            "principal_type": "User",
            "role_definition_id": "/subscriptions/645e3697-d061-4897-b45f-c300b23e9b77/providers/Microsoft.Authorization/roleDefinitions/acdd72a7-3385-48ef-bd42-f606fba81ae7",
            "role_definition_name": "Reader",
            "scope": "/subscriptions/645e3697-d061-4897-b45f-c300b23e9b77",
            "skip_service_principal_aad_check": null,
            "timeouts": null
          },
          "sensitive_attributes": [],
          "private": "eyJlMmJmYjczMC1lY2FhLTExZTYtOGY4OC0zNDM2M2JjN2M0YzAiOnsiY3JlYXRlIjoxODAwMDAwMDAwMDAwLCJkZWxldGUiOjE4MDAwMDAwMDAwMDAsInJlYWQiOjMwMDAwMDAwMDAwMCwidXBkYXRlIjoxODAwMDAwMDAwMDAwfX0=",
          "dependencies": [
            "module.azuread_users.azuread_user.users",
            "module.role_assignments.data.azurerm_subscription.current"
          ]
        }
      ]
    },
    {
      "module": "module.storage",
      "mode": "managed",
      "type": "azurerm_storage_account",
      "name": "example",
      "provider": "provider[\"registry.terraform.io/hashicorp/azurerm\"]",
      "instances": [
        {
          "index_key": 0,
          "schema_version": 3,
          "attributes": {
            "access_tier": "Hot",
            "account_kind": "StorageV2",
            "account_replication_type": "LRS",
            "account_tier": "Standard",
            "allow_nested_items_to_be_public": true,
            "allowed_copy_scope": "",
            "azure_files_authentication": [],
            "blob_properties": [
              {
                "change_feed_enabled": false,
                "change_feed_retention_in_days": 0,
                "container_delete_retention_policy": [],
                "cors_rule": [],
                "default_service_version": "",
                "delete_retention_policy": [],
                "last_access_time_enabled": false,
                "restore_policy": [],
                "versioning_enabled": false
              }
            ],
            "cross_tenant_replication_enabled": true,
            "custom_domain": [],
            "customer_managed_key": [],
            "default_to_oauth_authentication": false,
            "edge_zone": "",
            "enable_https_traffic_only": true,
            "id": "/subscriptions/645e3697-d061-4897-b45f-c300b23e9b77/resourceGroups/Rg-Dev/providers/Microsoft.Storage/storageAccounts/temppublicshare",
            "identity": [],
            "immutability_policy": [],
            "infrastructure_encryption_enabled": false,
            "is_hns_enabled": false,
            "large_file_share_enabled": null,
            "location": "eastus",
            "min_tls_version": "TLS1_2",
            "name": "temppublicshare",
            "network_rules": [
              {
                "bypass": [
                  "AzureServices"
                ],
                "default_action": "Allow",
                "ip_rules": [],
                "private_link_access": [],
                "virtual_network_subnet_ids": []
              }
            ],
            "nfsv3_enabled": false,
            "primary_access_key": "70AkTvLlPOJHZG9RX8Xg4KONSq26pzGYvj2PVGj+P5peV+2/6sd5qi/JliIwOxph+1pl6+fCZ/3T+ASt3Hji7Q==",
            "primary_blob_connection_string": "DefaultEndpointsProtocol=https;BlobEndpoint=https://temppublicshare.blob.core.windows.net/;AccountName=temppublicshare;AccountKey=70AkTvLlPOJHZG9RX8Xg4KONSq26pzGYvj2PVGj+P5peV+2/6sd5qi/JliIwOxph+1pl6+fCZ/3T+ASt3Hji7Q==",
            "primary_blob_endpoint": "https://temppublicshare.blob.core.windows.net/",
            "primary_blob_host": "temppublicshare.blob.core.windows.net",
            "primary_connection_string": "DefaultEndpointsProtocol=https;AccountName=temppublicshare;AccountKey=70AkTvLlPOJHZG9RX8Xg4KONSq26pzGYvj2PVGj+P5peV+2/6sd5qi/JliIwOxph+1pl6+fCZ/3T+ASt3Hji7Q==;EndpointSuffix=core.windows.net",
            "primary_dfs_endpoint": "https://temppublicshare.dfs.core.windows.net/",
            "primary_dfs_host": "temppublicshare.dfs.core.windows.net",
            "primary_file_endpoint": "https://temppublicshare.file.core.windows.net/",
            "primary_file_host": "temppublicshare.file.core.windows.net",
            "primary_location": "eastus",
            "primary_queue_endpoint": "https://temppublicshare.queue.core.windows.net/",
            "primary_queue_host": "temppublicshare.queue.core.windows.net",
            "primary_table_endpoint": "https://temppublicshare.table.core.windows.net/",
            "primary_table_host": "temppublicshare.table.core.windows.net",
            "primary_web_endpoint": "https://temppublicshare.z13.web.core.windows.net/",
            "primary_web_host": "temppublicshare.z13.web.core.windows.net",
            "public_network_access_enabled": true,
            "queue_encryption_key_type": "Service",
            "queue_properties": [
              {
                "cors_rule": [],
                "hour_metrics": [
                  {
                    "enabled": true,
                    "include_apis": true,
                    "retention_policy_days": 7,
                    "version": "1.0"
                  }
                ],
                "logging": [
                  {
                    "delete": false,
                    "read": false,
                    "retention_policy_days": 0,
                    "version": "1.0",
                    "write": false
                  }
                ],
                "minute_metrics": [
                  {
                    "enabled": false,
                    "include_apis": false,
                    "retention_policy_days": 0,
                    "version": "1.0"
                  }
                ]
              }
            ],
            "resource_group_name": "Rg-Dev",
            "routing": [],
            "sas_policy": [],
            "secondary_access_key": "jQEe/voLTG1XZFBE/h8Fi/MPc0mlzpkjk7UhK2uYLK4xqCKeXnsVJArgNaaPPcSKcrAO+ehc6/Qp+AStIG049Q==",
            "secondary_blob_connection_string": "",
            "secondary_blob_endpoint": null,
            "secondary_blob_host": null,
            "secondary_connection_string": "DefaultEndpointsProtocol=https;AccountName=temppublicshare;AccountKey=jQEe/voLTG1XZFBE/h8Fi/MPc0mlzpkjk7UhK2uYLK4xqCKeXnsVJArgNaaPPcSKcrAO+ehc6/Qp+AStIG049Q==;EndpointSuffix=core.windows.net",
            "secondary_dfs_endpoint": null,
            "secondary_dfs_host": null,
            "secondary_file_endpoint": null,
            "secondary_file_host": null,
            "secondary_location": "",
            "secondary_queue_endpoint": null,
            "secondary_queue_host": null,
            "secondary_table_endpoint": null,
            "secondary_table_host": null,
            "secondary_web_endpoint": null,
            "secondary_web_host": null,
            "sftp_enabled": false,
            "share_properties": [
              {
                "cors_rule": [],
                "retention_policy": [
                  {
                    "days": 7
                  }
                ],
                "smb": []
              }
            ],
            "shared_access_key_enabled": true,
            "static_website": [],
            "table_encryption_key_type": "Service",
            "tags": {},
            "timeouts": null
          },
          "sensitive_attributes": [],
          "private": "eyJlMmJmYjczMC1lY2FhLTExZTYtOGY4OC0zNDM2M2JjN2M0YzAiOnsiY3JlYXRlIjozNjAwMDAwMDAwMDAwLCJkZWxldGUiOjM2MDAwMDAwMDAwMDAsInJlYWQiOjMwMDAwMDAwMDAwMCwidXBkYXRlIjozNjAwMDAwMDAwMDAwfSwic2NoZW1hX3ZlcnNpb24iOiIzIn0=",
          "dependencies": [
            "module.Rg-Dev.azurerm_resource_group.main"
          ]
        },
        {
          "index_key": 1,
          "schema_version": 3,
          "attributes": {
            "access_tier": "Hot",
            "account_kind": "StorageV2",
            "account_replication_type": "LRS",
            "account_tier": "Standard",
            "allow_nested_items_to_be_public": true,
            "allowed_copy_scope": "",
            "azure_files_authentication": [],
            "blob_properties": [
              {
                "change_feed_enabled": false,
                "change_feed_retention_in_days": 0,
                "container_delete_retention_policy": [],
                "cors_rule": [],
                "default_service_version": "",
                "delete_retention_policy": [],
                "last_access_time_enabled": false,
                "restore_policy": [],
                "versioning_enabled": false
              }
            ],
            "cross_tenant_replication_enabled": true,
            "custom_domain": [],
            "customer_managed_key": [],
            "default_to_oauth_authentication": false,
            "edge_zone": "",
            "enable_https_traffic_only": true,
            "id": "/subscriptions/645e3697-d061-4897-b45f-c300b23e9b77/resourceGroups/Rg-Dev/providers/Microsoft.Storage/storageAccounts/prodmetabobartifacts",
            "identity": [],
            "immutability_policy": [],
            "infrastructure_encryption_enabled": false,
            "is_hns_enabled": false,
            "large_file_share_enabled": null,
            "location": "eastus",
            "min_tls_version": "TLS1_2",
            "name": "prodmetabobartifacts",
            "network_rules": [
              {
                "bypass": [
                  "AzureServices"
                ],
                "default_action": "Allow",
                "ip_rules": [],
                "private_link_access": [],
                "virtual_network_subnet_ids": []
              }
            ],
            "nfsv3_enabled": false,
            "primary_access_key": "CC9BIpSaeQbi1ORU7EdSthS6gIJyQ19L9cO0nq17O23h5/T7Dgrvqgf18uZ28ufFHdUeZssB4cdl+AStsyKhhA==",
            "primary_blob_connection_string": "DefaultEndpointsProtocol=https;BlobEndpoint=https://prodmetabobartifacts.blob.core.windows.net/;AccountName=prodmetabobartifacts;AccountKey=CC9BIpSaeQbi1ORU7EdSthS6gIJyQ19L9cO0nq17O23h5/T7Dgrvqgf18uZ28ufFHdUeZssB4cdl+AStsyKhhA==",
            "primary_blob_endpoint": "https://prodmetabobartifacts.blob.core.windows.net/",
            "primary_blob_host": "prodmetabobartifacts.blob.core.windows.net",
            "primary_connection_string": "DefaultEndpointsProtocol=https;AccountName=prodmetabobartifacts;AccountKey=CC9BIpSaeQbi1ORU7EdSthS6gIJyQ19L9cO0nq17O23h5/T7Dgrvqgf18uZ28ufFHdUeZssB4cdl+AStsyKhhA==;EndpointSuffix=core.windows.net",
            "primary_dfs_endpoint": "https://prodmetabobartifacts.dfs.core.windows.net/",
            "primary_dfs_host": "prodmetabobartifacts.dfs.core.windows.net",
            "primary_file_endpoint": "https://prodmetabobartifacts.file.core.windows.net/",
            "primary_file_host": "prodmetabobartifacts.file.core.windows.net",
            "primary_location": "eastus",
            "primary_queue_endpoint": "https://prodmetabobartifacts.queue.core.windows.net/",
            "primary_queue_host": "prodmetabobartifacts.queue.core.windows.net",
            "primary_table_endpoint": "https://prodmetabobartifacts.table.core.windows.net/",
            "primary_table_host": "prodmetabobartifacts.table.core.windows.net",
            "primary_web_endpoint": "https://prodmetabobartifacts.z13.web.core.windows.net/",
            "primary_web_host": "prodmetabobartifacts.z13.web.core.windows.net",
            "public_network_access_enabled": true,
            "queue_encryption_key_type": "Service",
            "queue_properties": [
              {
                "cors_rule": [],
                "hour_metrics": [
                  {
                    "enabled": true,
                    "include_apis": true,
                    "retention_policy_days": 7,
                    "version": "1.0"
                  }
                ],
                "logging": [
                  {
                    "delete": false,
                    "read": false,
                    "retention_policy_days": 0,
                    "version": "1.0",
                    "write": false
                  }
                ],
                "minute_metrics": [
                  {
                    "enabled": false,
                    "include_apis": false,
                    "retention_policy_days": 0,
                    "version": "1.0"
                  }
                ]
              }
            ],
            "resource_group_name": "Rg-Dev",
            "routing": [],
            "sas_policy": [],
            "secondary_access_key": "sjVe0ppg4hcdm8PgK6YwHX8iosoVyfGpYkqL0CFrzK8l3IDHcZFFfiqpCdiSn4FFwBisWrTYfch3+AStGdv8fQ==",
            "secondary_blob_connection_string": "",
            "secondary_blob_endpoint": null,
            "secondary_blob_host": null,
            "secondary_connection_string": "DefaultEndpointsProtocol=https;AccountName=prodmetabobartifacts;AccountKey=sjVe0ppg4hcdm8PgK6YwHX8iosoVyfGpYkqL0CFrzK8l3IDHcZFFfiqpCdiSn4FFwBisWrTYfch3+AStGdv8fQ==;EndpointSuffix=core.windows.net",
            "secondary_dfs_endpoint": null,
            "secondary_dfs_host": null,
            "secondary_file_endpoint": null,
            "secondary_file_host": null,
            "secondary_location": "",
            "secondary_queue_endpoint": null,
            "secondary_queue_host": null,
            "secondary_table_endpoint": null,
            "secondary_table_host": null,
            "secondary_web_endpoint": null,
            "secondary_web_host": null,
            "sftp_enabled": false,
            "share_properties": [
              {
                "cors_rule": [],
                "retention_policy": [
                  {
                    "days": 7
                  }
                ],
                "smb": []
              }
            ],
            "shared_access_key_enabled": true,
            "static_website": [],
            "table_encryption_key_type": "Service",
            "tags": {},
            "timeouts": null
          },
          "sensitive_attributes": [],
          "private": "eyJlMmJmYjczMC1lY2FhLTExZTYtOGY4OC0zNDM2M2JjN2M0YzAiOnsiY3JlYXRlIjozNjAwMDAwMDAwMDAwLCJkZWxldGUiOjM2MDAwMDAwMDAwMDAsInJlYWQiOjMwMDAwMDAwMDAwMCwidXBkYXRlIjozNjAwMDAwMDAwMDAwfSwic2NoZW1hX3ZlcnNpb24iOiIzIn0=",
          "dependencies": [
            "module.Rg-Dev.azurerm_resource_group.main"
          ]
        },
        {
          "index_key": 2,
          "schema_version": 3,
          "attributes": {
            "access_tier": "Hot",
            "account_kind": "StorageV2",
            "account_replication_type": "LRS",
            "account_tier": "Standard",
            "allow_nested_items_to_be_public": true,
            "allowed_copy_scope": "",
            "azure_files_authentication": [],
            "blob_properties": [
              {
                "change_feed_enabled": false,
                "change_feed_retention_in_days": 0,
                "container_delete_retention_policy": [],
                "cors_rule": [],
                "default_service_version": "",
                "delete_retention_policy": [],
                "last_access_time_enabled": false,
                "restore_policy": [],
                "versioning_enabled": false
              }
            ],
            "cross_tenant_replication_enabled": true,
            "custom_domain": [],
            "customer_managed_key": [],
            "default_to_oauth_authentication": false,
            "edge_zone": "",
            "enable_https_traffic_only": true,
            "id": "/subscriptions/645e3697-d061-4897-b45f-c300b23e9b77/resourceGroups/Rg-Dev/providers/Microsoft.Storage/storageAccounts/metabobmigrationtemp",
            "identity": [],
            "immutability_policy": [],
            "infrastructure_encryption_enabled": false,
            "is_hns_enabled": false,
            "large_file_share_enabled": null,
            "location": "eastus",
            "min_tls_version": "TLS1_2",
            "name": "metabobmigrationtemp",
            "network_rules": [
              {
                "bypass": [
                  "AzureServices"
                ],
                "default_action": "Allow",
                "ip_rules": [],
                "private_link_access": [],
                "virtual_network_subnet_ids": []
              }
            ],
            "nfsv3_enabled": false,
            "primary_access_key": "6VGBp82Y42HiSxBoOrOPRQz7095n5bCWD3PUS6V80p7I+UAIxD7SEZwj5EvZ9hWBIFdc1gssB0Cj+ASto9IZ0A==",
            "primary_blob_connection_string": "DefaultEndpointsProtocol=https;BlobEndpoint=https://metabobmigrationtemp.blob.core.windows.net/;AccountName=metabobmigrationtemp;AccountKey=6VGBp82Y42HiSxBoOrOPRQz7095n5bCWD3PUS6V80p7I+UAIxD7SEZwj5EvZ9hWBIFdc1gssB0Cj+ASto9IZ0A==",
            "primary_blob_endpoint": "https://metabobmigrationtemp.blob.core.windows.net/",
            "primary_blob_host": "metabobmigrationtemp.blob.core.windows.net",
            "primary_connection_string": "DefaultEndpointsProtocol=https;AccountName=metabobmigrationtemp;AccountKey=6VGBp82Y42HiSxBoOrOPRQz7095n5bCWD3PUS6V80p7I+UAIxD7SEZwj5EvZ9hWBIFdc1gssB0Cj+ASto9IZ0A==;EndpointSuffix=core.windows.net",
            "primary_dfs_endpoint": "https://metabobmigrationtemp.dfs.core.windows.net/",
            "primary_dfs_host": "metabobmigrationtemp.dfs.core.windows.net",
            "primary_file_endpoint": "https://metabobmigrationtemp.file.core.windows.net/",
            "primary_file_host": "metabobmigrationtemp.file.core.windows.net",
            "primary_location": "eastus",
            "primary_queue_endpoint": "https://metabobmigrationtemp.queue.core.windows.net/",
            "primary_queue_host": "metabobmigrationtemp.queue.core.windows.net",
            "primary_table_endpoint": "https://metabobmigrationtemp.table.core.windows.net/",
            "primary_table_host": "metabobmigrationtemp.table.core.windows.net",
            "primary_web_endpoint": "https://metabobmigrationtemp.z13.web.core.windows.net/",
            "primary_web_host": "metabobmigrationtemp.z13.web.core.windows.net",
            "public_network_access_enabled": true,
            "queue_encryption_key_type": "Service",
            "queue_properties": [
              {
                "cors_rule": [],
                "hour_metrics": [
                  {
                    "enabled": true,
                    "include_apis": true,
                    "retention_policy_days": 7,
                    "version": "1.0"
                  }
                ],
                "logging": [
                  {
                    "delete": false,
                    "read": false,
                    "retention_policy_days": 0,
                    "version": "1.0",
                    "write": false
                  }
                ],
                "minute_metrics": [
                  {
                    "enabled": false,
                    "include_apis": false,
                    "retention_policy_days": 0,
                    "version": "1.0"
                  }
                ]
              }
            ],
            "resource_group_name": "Rg-Dev",
            "routing": [],
            "sas_policy": [],
            "secondary_access_key": "2Gkd8jKZYNtS/fm3UDej7DlWVYqTGJpdiShKxCbV0C/xPn1BEpmnL+HaRx7JtlG9SGSSk45jfb7b+AStEoFgdA==",
            "secondary_blob_connection_string": "",
            "secondary_blob_endpoint": null,
            "secondary_blob_host": null,
            "secondary_connection_string": "DefaultEndpointsProtocol=https;AccountName=metabobmigrationtemp;AccountKey=2Gkd8jKZYNtS/fm3UDej7DlWVYqTGJpdiShKxCbV0C/xPn1BEpmnL+HaRx7JtlG9SGSSk45jfb7b+AStEoFgdA==;EndpointSuffix=core.windows.net",
            "secondary_dfs_endpoint": null,
            "secondary_dfs_host": null,
            "secondary_file_endpoint": null,
            "secondary_file_host": null,
            "secondary_location": "",
            "secondary_queue_endpoint": null,
            "secondary_queue_host": null,
            "secondary_table_endpoint": null,
            "secondary_table_host": null,
            "secondary_web_endpoint": null,
            "secondary_web_host": null,
            "sftp_enabled": false,
            "share_properties": [
              {
                "cors_rule": [],
                "retention_policy": [
                  {
                    "days": 7
                  }
                ],
                "smb": []
              }
            ],
            "shared_access_key_enabled": true,
            "static_website": [],
            "table_encryption_key_type": "Service",
            "tags": {},
            "timeouts": null
          },
          "sensitive_attributes": [],
          "private": "eyJlMmJmYjczMC1lY2FhLTExZTYtOGY4OC0zNDM2M2JjN2M0YzAiOnsiY3JlYXRlIjozNjAwMDAwMDAwMDAwLCJkZWxldGUiOjM2MDAwMDAwMDAwMDAsInJlYWQiOjMwMDAwMDAwMDAwMCwidXBkYXRlIjozNjAwMDAwMDAwMDAwfSwic2NoZW1hX3ZlcnNpb24iOiIzIn0=",
          "dependencies": [
            "module.Rg-Dev.azurerm_resource_group.main"
          ]
        },
        {
          "index_key": 3,
          "schema_version": 3,
          "attributes": {
            "access_tier": "Hot",
            "account_kind": "StorageV2",
            "account_replication_type": "LRS",
            "account_tier": "Standard",
            "allow_nested_items_to_be_public": true,
            "allowed_copy_scope": "",
            "azure_files_authentication": [],
            "blob_properties": [
              {
                "change_feed_enabled": false,
                "change_feed_retention_in_days": 0,
                "container_delete_retention_policy": [],
                "cors_rule": [],
                "default_service_version": "",
                "delete_retention_policy": [],
                "last_access_time_enabled": false,
                "restore_policy": [],
                "versioning_enabled": false
              }
            ],
            "cross_tenant_replication_enabled": true,
            "custom_domain": [],
            "customer_managed_key": [],
            "default_to_oauth_authentication": false,
            "edge_zone": "",
            "enable_https_traffic_only": true,
            "id": "/subscriptions/645e3697-d061-4897-b45f-c300b23e9b77/resourceGroups/Rg-Dev/providers/Microsoft.Storage/storageAccounts/metabobintrnldatastore",
            "identity": [],
            "immutability_policy": [],
            "infrastructure_encryption_enabled": false,
            "is_hns_enabled": false,
            "large_file_share_enabled": null,
            "location": "eastus",
            "min_tls_version": "TLS1_2",
            "name": "metabobintrnldatastore",
            "network_rules": [
              {
                "bypass": [
                  "AzureServices"
                ],
                "default_action": "Allow",
                "ip_rules": [],
                "private_link_access": [],
                "virtual_network_subnet_ids": []
              }
            ],
            "nfsv3_enabled": false,
            "primary_access_key": "/ewgF3qWrsb3SHd7MsnHk1y8Gd5grPszvhtXxhO3LvmEJnDIFsaUbM677spZUVYCDaBMXK3sIswH+ASt+QpD5g==",
            "primary_blob_connection_string": "DefaultEndpointsProtocol=https;BlobEndpoint=https://metabobintrnldatastore.blob.core.windows.net/;AccountName=metabobintrnldatastore;AccountKey=/ewgF3qWrsb3SHd7MsnHk1y8Gd5grPszvhtXxhO3LvmEJnDIFsaUbM677spZUVYCDaBMXK3sIswH+ASt+QpD5g==",
            "primary_blob_endpoint": "https://metabobintrnldatastore.blob.core.windows.net/",
            "primary_blob_host": "metabobintrnldatastore.blob.core.windows.net",
            "primary_connection_string": "DefaultEndpointsProtocol=https;AccountName=metabobintrnldatastore;AccountKey=/ewgF3qWrsb3SHd7MsnHk1y8Gd5grPszvhtXxhO3LvmEJnDIFsaUbM677spZUVYCDaBMXK3sIswH+ASt+QpD5g==;EndpointSuffix=core.windows.net",
            "primary_dfs_endpoint": "https://metabobintrnldatastore.dfs.core.windows.net/",
            "primary_dfs_host": "metabobintrnldatastore.dfs.core.windows.net",
            "primary_file_endpoint": "https://metabobintrnldatastore.file.core.windows.net/",
            "primary_file_host": "metabobintrnldatastore.file.core.windows.net",
            "primary_location": "eastus",
            "primary_queue_endpoint": "https://metabobintrnldatastore.queue.core.windows.net/",
            "primary_queue_host": "metabobintrnldatastore.queue.core.windows.net",
            "primary_table_endpoint": "https://metabobintrnldatastore.table.core.windows.net/",
            "primary_table_host": "metabobintrnldatastore.table.core.windows.net",
            "primary_web_endpoint": "https://metabobintrnldatastore.z13.web.core.windows.net/",
            "primary_web_host": "metabobintrnldatastore.z13.web.core.windows.net",
            "public_network_access_enabled": true,
            "queue_encryption_key_type": "Service",
            "queue_properties": [
              {
                "cors_rule": [],
                "hour_metrics": [
                  {
                    "enabled": true,
                    "include_apis": true,
                    "retention_policy_days": 7,
                    "version": "1.0"
                  }
                ],
                "logging": [
                  {
                    "delete": false,
                    "read": false,
                    "retention_policy_days": 0,
                    "version": "1.0",
                    "write": false
                  }
                ],
                "minute_metrics": [
                  {
                    "enabled": false,
                    "include_apis": false,
                    "retention_policy_days": 0,
                    "version": "1.0"
                  }
                ]
              }
            ],
            "resource_group_name": "Rg-Dev",
            "routing": [],
            "sas_policy": [],
            "secondary_access_key": "G5mK3auUgM2HqCtPnOvQB7ki7gLW356EYTlCz50JvYPo9H+CRAMKHHvBWuZFXxxgVEn9JyEt6ChT+AStlSPOjw==",
            "secondary_blob_connection_string": "",
            "secondary_blob_endpoint": null,
            "secondary_blob_host": null,
            "secondary_connection_string": "DefaultEndpointsProtocol=https;AccountName=metabobintrnldatastore;AccountKey=G5mK3auUgM2HqCtPnOvQB7ki7gLW356EYTlCz50JvYPo9H+CRAMKHHvBWuZFXxxgVEn9JyEt6ChT+AStlSPOjw==;EndpointSuffix=core.windows.net",
            "secondary_dfs_endpoint": null,
            "secondary_dfs_host": null,
            "secondary_file_endpoint": null,
            "secondary_file_host": null,
            "secondary_location": "",
            "secondary_queue_endpoint": null,
            "secondary_queue_host": null,
            "secondary_table_endpoint": null,
            "secondary_table_host": null,
            "secondary_web_endpoint": null,
            "secondary_web_host": null,
            "sftp_enabled": false,
            "share_properties": [
              {
                "cors_rule": [],
                "retention_policy": [
                  {
                    "days": 7
                  }
                ],
                "smb": []
              }
            ],
            "shared_access_key_enabled": true,
            "static_website": [],
            "table_encryption_key_type": "Service",
            "tags": {},
            "timeouts": null
          },
          "sensitive_attributes": [],
          "private": "eyJlMmJmYjczMC1lY2FhLTExZTYtOGY4OC0zNDM2M2JjN2M0YzAiOnsiY3JlYXRlIjozNjAwMDAwMDAwMDAwLCJkZWxldGUiOjM2MDAwMDAwMDAwMDAsInJlYWQiOjMwMDAwMDAwMDAwMCwidXBkYXRlIjozNjAwMDAwMDAwMDAwfSwic2NoZW1hX3ZlcnNpb24iOiIzIn0=",
          "dependencies": [
            "module.Rg-Dev.azurerm_resource_group.main"
          ]
        },
        {
          "index_key": 4,
          "schema_version": 3,
          "attributes": {
            "access_tier": "Hot",
            "account_kind": "StorageV2",
            "account_replication_type": "LRS",
            "account_tier": "Standard",
            "allow_nested_items_to_be_public": true,
            "allowed_copy_scope": "",
            "azure_files_authentication": [],
            "blob_properties": [
              {
                "change_feed_enabled": false,
                "change_feed_retention_in_days": 0,
                "container_delete_retention_policy": [],
                "cors_rule": [],
                "default_service_version": "",
                "delete_retention_policy": [],
                "last_access_time_enabled": false,
                "restore_policy": [],
                "versioning_enabled": false
              }
            ],
            "cross_tenant_replication_enabled": true,
            "custom_domain": [],
            "customer_managed_key": [],
            "default_to_oauth_authentication": false,
            "edge_zone": "",
            "enable_https_traffic_only": true,
            "id": "/subscriptions/645e3697-d061-4897-b45f-c300b23e9b77/resourceGroups/Rg-Dev/providers/Microsoft.Storage/storageAccounts/devmetabobusmlartifacts",
            "identity": [],
            "immutability_policy": [],
            "infrastructure_encryption_enabled": false,
            "is_hns_enabled": false,
            "large_file_share_enabled": null,
            "location": "eastus",
            "min_tls_version": "TLS1_2",
            "name": "devmetabobusmlartifacts",
            "network_rules": [
              {
                "bypass": [
                  "AzureServices"
                ],
                "default_action": "Allow",
                "ip_rules": [],
                "private_link_access": [],
                "virtual_network_subnet_ids": []
              }
            ],
            "nfsv3_enabled": false,
            "primary_access_key": "icWwiKnalFmRTBJ3McxiQrGK0fx4Qr50PhW6MwbXM/M1AF639k7TMpxPOL9yvtwfP7DEnMywVphG+AStzCb1Lg==",
            "primary_blob_connection_string": "DefaultEndpointsProtocol=https;BlobEndpoint=https://devmetabobusmlartifacts.blob.core.windows.net/;AccountName=devmetabobusmlartifacts;AccountKey=icWwiKnalFmRTBJ3McxiQrGK0fx4Qr50PhW6MwbXM/M1AF639k7TMpxPOL9yvtwfP7DEnMywVphG+AStzCb1Lg==",
            "primary_blob_endpoint": "https://devmetabobusmlartifacts.blob.core.windows.net/",
            "primary_blob_host": "devmetabobusmlartifacts.blob.core.windows.net",
            "primary_connection_string": "DefaultEndpointsProtocol=https;AccountName=devmetabobusmlartifacts;AccountKey=icWwiKnalFmRTBJ3McxiQrGK0fx4Qr50PhW6MwbXM/M1AF639k7TMpxPOL9yvtwfP7DEnMywVphG+AStzCb1Lg==;EndpointSuffix=core.windows.net",
            "primary_dfs_endpoint": "https://devmetabobusmlartifacts.dfs.core.windows.net/",
            "primary_dfs_host": "devmetabobusmlartifacts.dfs.core.windows.net",
            "primary_file_endpoint": "https://devmetabobusmlartifacts.file.core.windows.net/",
            "primary_file_host": "devmetabobusmlartifacts.file.core.windows.net",
            "primary_location": "eastus",
            "primary_queue_endpoint": "https://devmetabobusmlartifacts.queue.core.windows.net/",
            "primary_queue_host": "devmetabobusmlartifacts.queue.core.windows.net",
            "primary_table_endpoint": "https://devmetabobusmlartifacts.table.core.windows.net/",
            "primary_table_host": "devmetabobusmlartifacts.table.core.windows.net",
            "primary_web_endpoint": "https://devmetabobusmlartifacts.z13.web.core.windows.net/",
            "primary_web_host": "devmetabobusmlartifacts.z13.web.core.windows.net",
            "public_network_access_enabled": true,
            "queue_encryption_key_type": "Service",
            "queue_properties": [
              {
                "cors_rule": [],
                "hour_metrics": [
                  {
                    "enabled": true,
                    "include_apis": true,
                    "retention_policy_days": 7,
                    "version": "1.0"
                  }
                ],
                "logging": [
                  {
                    "delete": false,
                    "read": false,
                    "retention_policy_days": 0,
                    "version": "1.0",
                    "write": false
                  }
                ],
                "minute_metrics": [
                  {
                    "enabled": false,
                    "include_apis": false,
                    "retention_policy_days": 0,
                    "version": "1.0"
                  }
                ]
              }
            ],
            "resource_group_name": "Rg-Dev",
            "routing": [],
            "sas_policy": [],
            "secondary_access_key": "sPAfHFiZj0ka43I6R9wtpJ1OOysE24NKSUqmCBs+S8bSYGqr+QSfW07xYGgBmRgFbnMMMgqmMaU8+AStcGtkbg==",
            "secondary_blob_connection_string": "",
            "secondary_blob_endpoint": null,
            "secondary_blob_host": null,
            "secondary_connection_string": "DefaultEndpointsProtocol=https;AccountName=devmetabobusmlartifacts;AccountKey=sPAfHFiZj0ka43I6R9wtpJ1OOysE24NKSUqmCBs+S8bSYGqr+QSfW07xYGgBmRgFbnMMMgqmMaU8+AStcGtkbg==;EndpointSuffix=core.windows.net",
            "secondary_dfs_endpoint": null,
            "secondary_dfs_host": null,
            "secondary_file_endpoint": null,
            "secondary_file_host": null,
            "secondary_location": "",
            "secondary_queue_endpoint": null,
            "secondary_queue_host": null,
            "secondary_table_endpoint": null,
            "secondary_table_host": null,
            "secondary_web_endpoint": null,
            "secondary_web_host": null,
            "sftp_enabled": false,
            "share_properties": [
              {
                "cors_rule": [],
                "retention_policy": [
                  {
                    "days": 7
                  }
                ],
                "smb": []
              }
            ],
            "shared_access_key_enabled": true,
            "static_website": [],
            "table_encryption_key_type": "Service",
            "tags": {},
            "timeouts": null
          },
          "sensitive_attributes": [],
          "private": "eyJlMmJmYjczMC1lY2FhLTExZTYtOGY4OC0zNDM2M2JjN2M0YzAiOnsiY3JlYXRlIjozNjAwMDAwMDAwMDAwLCJkZWxldGUiOjM2MDAwMDAwMDAwMDAsInJlYWQiOjMwMDAwMDAwMDAwMCwidXBkYXRlIjozNjAwMDAwMDAwMDAwfSwic2NoZW1hX3ZlcnNpb24iOiIzIn0=",
          "dependencies": [
            "module.Rg-Dev.azurerm_resource_group.main"
          ]
        },
        {
          "index_key": 5,
          "schema_version": 3,
          "attributes": {
            "access_tier": "Hot",
            "account_kind": "StorageV2",
            "account_replication_type": "LRS",
            "account_tier": "Standard",
            "allow_nested_items_to_be_public": true,
            "allowed_copy_scope": "",
            "azure_files_authentication": [],
            "blob_properties": [
              {
                "change_feed_enabled": false,
                "change_feed_retention_in_days": 0,
                "container_delete_retention_policy": [],
                "cors_rule": [],
                "default_service_version": "",
                "delete_retention_policy": [],
                "last_access_time_enabled": false,
                "restore_policy": [],
                "versioning_enabled": false
              }
            ],
            "cross_tenant_replication_enabled": true,
            "custom_domain": [],
            "customer_managed_key": [],
            "default_to_oauth_authentication": false,
            "edge_zone": "",
            "enable_https_traffic_only": true,
            "id": "/subscriptions/645e3697-d061-4897-b45f-c300b23e9b77/resourceGroups/Rg-Dev/providers/Microsoft.Storage/storageAccounts/artifactsmetabobapps",
            "identity": [],
            "immutability_policy": [],
            "infrastructure_encryption_enabled": false,
            "is_hns_enabled": false,
            "large_file_share_enabled": null,
            "location": "eastus",
            "min_tls_version": "TLS1_2",
            "name": "artifactsmetabobapps",
            "network_rules": [
              {
                "bypass": [
                  "AzureServices"
                ],
                "default_action": "Allow",
                "ip_rules": [],
                "private_link_access": [],
                "virtual_network_subnet_ids": []
              }
            ],
            "nfsv3_enabled": false,
            "primary_access_key": "t/9tNMcb3sy5AhTzoxSBIZ6xfhIfI54cqmLIG3I7ICiLXhKFXiKkT2+FoPMgrYQMctWUQg66jqoG+AStgWEabg==",
            "primary_blob_connection_string": "DefaultEndpointsProtocol=https;BlobEndpoint=https://artifactsmetabobapps.blob.core.windows.net/;AccountName=artifactsmetabobapps;AccountKey=t/9tNMcb3sy5AhTzoxSBIZ6xfhIfI54cqmLIG3I7ICiLXhKFXiKkT2+FoPMgrYQMctWUQg66jqoG+AStgWEabg==",
            "primary_blob_endpoint": "https://artifactsmetabobapps.blob.core.windows.net/",
            "primary_blob_host": "artifactsmetabobapps.blob.core.windows.net",
            "primary_connection_string": "DefaultEndpointsProtocol=https;AccountName=artifactsmetabobapps;AccountKey=t/9tNMcb3sy5AhTzoxSBIZ6xfhIfI54cqmLIG3I7ICiLXhKFXiKkT2+FoPMgrYQMctWUQg66jqoG+AStgWEabg==;EndpointSuffix=core.windows.net",
            "primary_dfs_endpoint": "https://artifactsmetabobapps.dfs.core.windows.net/",
            "primary_dfs_host": "artifactsmetabobapps.dfs.core.windows.net",
            "primary_file_endpoint": "https://artifactsmetabobapps.file.core.windows.net/",
            "primary_file_host": "artifactsmetabobapps.file.core.windows.net",
            "primary_location": "eastus",
            "primary_queue_endpoint": "https://artifactsmetabobapps.queue.core.windows.net/",
            "primary_queue_host": "artifactsmetabobapps.queue.core.windows.net",
            "primary_table_endpoint": "https://artifactsmetabobapps.table.core.windows.net/",
            "primary_table_host": "artifactsmetabobapps.table.core.windows.net",
            "primary_web_endpoint": "https://artifactsmetabobapps.z13.web.core.windows.net/",
            "primary_web_host": "artifactsmetabobapps.z13.web.core.windows.net",
            "public_network_access_enabled": true,
            "queue_encryption_key_type": "Service",
            "queue_properties": [
              {
                "cors_rule": [],
                "hour_metrics": [
                  {
                    "enabled": true,
                    "include_apis": true,
                    "retention_policy_days": 7,
                    "version": "1.0"
                  }
                ],
                "logging": [
                  {
                    "delete": false,
                    "read": false,
                    "retention_policy_days": 0,
                    "version": "1.0",
                    "write": false
                  }
                ],
                "minute_metrics": [
                  {
                    "enabled": false,
                    "include_apis": false,
                    "retention_policy_days": 0,
                    "version": "1.0"
                  }
                ]
              }
            ],
            "resource_group_name": "Rg-Dev",
            "routing": [],
            "sas_policy": [],
            "secondary_access_key": "kkYJ8dXUvNfVhIoFV094Kq29aBVDeW+f9+wb4JDjP5uO86VuYXqmKXRsgHoiCCR7NdMsYdu3s6Za+AStqEw5ww==",
            "secondary_blob_connection_string": "",
            "secondary_blob_endpoint": null,
            "secondary_blob_host": null,
            "secondary_connection_string": "DefaultEndpointsProtocol=https;AccountName=artifactsmetabobapps;AccountKey=kkYJ8dXUvNfVhIoFV094Kq29aBVDeW+f9+wb4JDjP5uO86VuYXqmKXRsgHoiCCR7NdMsYdu3s6Za+AStqEw5ww==;EndpointSuffix=core.windows.net",
            "secondary_dfs_endpoint": null,
            "secondary_dfs_host": null,
            "secondary_file_endpoint": null,
            "secondary_file_host": null,
            "secondary_location": "",
            "secondary_queue_endpoint": null,
            "secondary_queue_host": null,
            "secondary_table_endpoint": null,
            "secondary_table_host": null,
            "secondary_web_endpoint": null,
            "secondary_web_host": null,
            "sftp_enabled": false,
            "share_properties": [
              {
                "cors_rule": [],
                "retention_policy": [
                  {
                    "days": 7
                  }
                ],
                "smb": []
              }
            ],
            "shared_access_key_enabled": true,
            "static_website": [],
            "table_encryption_key_type": "Service",
            "tags": {},
            "timeouts": null
          },
          "sensitive_attributes": [],
          "private": "eyJlMmJmYjczMC1lY2FhLTExZTYtOGY4OC0zNDM2M2JjN2M0YzAiOnsiY3JlYXRlIjozNjAwMDAwMDAwMDAwLCJkZWxldGUiOjM2MDAwMDAwMDAwMDAsInJlYWQiOjMwMDAwMDAwMDAwMCwidXBkYXRlIjozNjAwMDAwMDAwMDAwfSwic2NoZW1hX3ZlcnNpb24iOiIzIn0=",
          "dependencies": [
            "module.Rg-Dev.azurerm_resource_group.main"
          ]
        }
      ]
    },
    {
      "module": "module.vnet-Integration",
      "mode": "managed",
      "type": "azurerm_subnet",
      "name": "subnets",
      "provider": "provider[\"registry.terraform.io/hashicorp/azurerm\"]",
      "instances": [
        {
          "index_key": "subnet1-integration",
          "schema_version": 0,
          "attributes": {
            "address_prefixes": [
              "10.100.0.0/17"
            ],
            "delegation": [],
            "enforce_private_link_endpoint_network_policies": false,
            "enforce_private_link_service_network_policies": false,
            "id": "/subscriptions/645e3697-d061-4897-b45f-c300b23e9b77/resourceGroups/Rg-Integration/providers/Microsoft.Network/virtualNetworks/vnet-Integration/subnets/subnet1-integration",
            "name": "subnet1-integration",
            "private_endpoint_network_policies_enabled": true,
            "private_link_service_network_policies_enabled": true,
            "resource_group_name": "Rg-Integration",
            "service_endpoint_policy_ids": [],
            "service_endpoints": [],
            "timeouts": null,
            "virtual_network_name": "vnet-Integration"
          },
          "sensitive_attributes": [],
          "private": "eyJlMmJmYjczMC1lY2FhLTExZTYtOGY4OC0zNDM2M2JjN2M0YzAiOnsiY3JlYXRlIjoxODAwMDAwMDAwMDAwLCJkZWxldGUiOjE4MDAwMDAwMDAwMDAsInJlYWQiOjMwMDAwMDAwMDAwMCwidXBkYXRlIjoxODAwMDAwMDAwMDAwfX0=",
          "dependencies": [
            "module.Rg-Integration.azurerm_resource_group.main",
            "module.vnet-Integration.azurerm_virtual_network.vnet"
          ]
        },
        {
          "index_key": "subnet2-integration",
          "schema_version": 0,
          "attributes": {
            "address_prefixes": [
              "10.101.0.0/17"
            ],
            "delegation": [],
            "enforce_private_link_endpoint_network_policies": false,
            "enforce_private_link_service_network_policies": false,
            "id": "/subscriptions/645e3697-d061-4897-b45f-c300b23e9b77/resourceGroups/Rg-Integration/providers/Microsoft.Network/virtualNetworks/vnet-Integration/subnets/subnet2-integration",
            "name": "subnet2-integration",
            "private_endpoint_network_policies_enabled": true,
            "private_link_service_network_policies_enabled": true,
            "resource_group_name": "Rg-Integration",
            "service_endpoint_policy_ids": [],
            "service_endpoints": [],
            "timeouts": null,
            "virtual_network_name": "vnet-Integration"
          },
          "sensitive_attributes": [],
          "private": "eyJlMmJmYjczMC1lY2FhLTExZTYtOGY4OC0zNDM2M2JjN2M0YzAiOnsiY3JlYXRlIjoxODAwMDAwMDAwMDAwLCJkZWxldGUiOjE4MDAwMDAwMDAwMDAsInJlYWQiOjMwMDAwMDAwMDAwMCwidXBkYXRlIjoxODAwMDAwMDAwMDAwfX0=",
          "dependencies": [
            "module.Rg-Integration.azurerm_resource_group.main",
            "module.vnet-Integration.azurerm_virtual_network.vnet"
          ]
        },
        {
          "index_key": "subnet3-integration",
          "schema_version": 0,
          "attributes": {
            "address_prefixes": [
              "10.102.0.0/17"
            ],
            "delegation": [],
            "enforce_private_link_endpoint_network_policies": false,
            "enforce_private_link_service_network_policies": false,
            "id": "/subscriptions/645e3697-d061-4897-b45f-c300b23e9b77/resourceGroups/Rg-Integration/providers/Microsoft.Network/virtualNetworks/vnet-Integration/subnets/subnet3-integration",
            "name": "subnet3-integration",
            "private_endpoint_network_policies_enabled": true,
            "private_link_service_network_policies_enabled": true,
            "resource_group_name": "Rg-Integration",
            "service_endpoint_policy_ids": [],
            "service_endpoints": [],
            "timeouts": null,
            "virtual_network_name": "vnet-Integration"
          },
          "sensitive_attributes": [],
          "private": "eyJlMmJmYjczMC1lY2FhLTExZTYtOGY4OC0zNDM2M2JjN2M0YzAiOnsiY3JlYXRlIjoxODAwMDAwMDAwMDAwLCJkZWxldGUiOjE4MDAwMDAwMDAwMDAsInJlYWQiOjMwMDAwMDAwMDAwMCwidXBkYXRlIjoxODAwMDAwMDAwMDAwfX0=",
          "dependencies": [
            "module.Rg-Integration.azurerm_resource_group.main",
            "module.vnet-Integration.azurerm_virtual_network.vnet"
          ]
        }
      ]
    },
    {
      "module": "module.vnet-Integration",
      "mode": "managed",
      "type": "azurerm_virtual_network",
      "name": "vnet",
      "provider": "provider[\"registry.terraform.io/hashicorp/azurerm\"]",
      "instances": [
        {
          "schema_version": 0,
          "attributes": {
            "address_space": [
              "10.100.0.0/14"
            ],
            "bgp_community": "",
            "ddos_protection_plan": [],
            "dns_servers": [],
            "edge_zone": "",
            "flow_timeout_in_minutes": 0,
            "guid": "b189e459-6d9c-44af-a1ae-3f5db2aacc57",
            "id": "/subscriptions/645e3697-d061-4897-b45f-c300b23e9b77/resourceGroups/Rg-Integration/providers/Microsoft.Network/virtualNetworks/vnet-Integration",
            "location": "eastus",
            "name": "vnet-Integration",
            "resource_group_name": "Rg-Integration",
            "subnet": [
              {
                "address_prefix": "10.100.0.0/17",
                "id": "/subscriptions/645e3697-d061-4897-b45f-c300b23e9b77/resourceGroups/Rg-Integration/providers/Microsoft.Network/virtualNetworks/vnet-Integration/subnets/subnet1-integration",
                "name": "subnet1-integration",
                "security_group": ""
              },
              {
                "address_prefix": "10.101.0.0/17",
                "id": "/subscriptions/645e3697-d061-4897-b45f-c300b23e9b77/resourceGroups/Rg-Integration/providers/Microsoft.Network/virtualNetworks/vnet-Integration/subnets/subnet2-integration",
                "name": "subnet2-integration",
                "security_group": ""
              },
              {
                "address_prefix": "10.102.0.0/17",
                "id": "/subscriptions/645e3697-d061-4897-b45f-c300b23e9b77/resourceGroups/Rg-Integration/providers/Microsoft.Network/virtualNetworks/vnet-Integration/subnets/subnet3-integration",
                "name": "subnet3-integration",
                "security_group": ""
              }
            ],
            "tags": {},
            "timeouts": null
          },
          "sensitive_attributes": [],
          "private": "eyJlMmJmYjczMC1lY2FhLTExZTYtOGY4OC0zNDM2M2JjN2M0YzAiOnsiY3JlYXRlIjoxODAwMDAwMDAwMDAwLCJkZWxldGUiOjE4MDAwMDAwMDAwMDAsInJlYWQiOjMwMDAwMDAwMDAwMCwidXBkYXRlIjoxODAwMDAwMDAwMDAwfX0=",
          "dependencies": [
            "module.Rg-Integration.azurerm_resource_group.main"
          ]
        }
      ]
    },
    {
      "module": "module.vnet-Production",
      "mode": "managed",
      "type": "azurerm_subnet",
      "name": "subnets",
      "provider": "provider[\"registry.terraform.io/hashicorp/azurerm\"]",
      "instances": [
        {
          "index_key": "subnet1-production",
          "schema_version": 0,
          "attributes": {
            "address_prefixes": [
              "10.4.0.0/17"
            ],
            "delegation": [],
            "enforce_private_link_endpoint_network_policies": false,
            "enforce_private_link_service_network_policies": false,
            "id": "/subscriptions/645e3697-d061-4897-b45f-c300b23e9b77/resourceGroups/Rg-Production/providers/Microsoft.Network/virtualNetworks/vnet-Production/subnets/subnet1-production",
            "name": "subnet1-production",
            "private_endpoint_network_policies_enabled": true,
            "private_link_service_network_policies_enabled": true,
            "resource_group_name": "Rg-Production",
            "service_endpoint_policy_ids": [],
            "service_endpoints": [],
            "timeouts": null,
            "virtual_network_name": "vnet-Production"
          },
          "sensitive_attributes": [],
          "private": "eyJlMmJmYjczMC1lY2FhLTExZTYtOGY4OC0zNDM2M2JjN2M0YzAiOnsiY3JlYXRlIjoxODAwMDAwMDAwMDAwLCJkZWxldGUiOjE4MDAwMDAwMDAwMDAsInJlYWQiOjMwMDAwMDAwMDAwMCwidXBkYXRlIjoxODAwMDAwMDAwMDAwfX0=",
          "dependencies": [
            "module.Rg-Production.azurerm_resource_group.main",
            "module.vnet-Production.azurerm_virtual_network.vnet"
          ]
        },
        {
          "index_key": "subnet2-production",
          "schema_version": 0,
          "attributes": {
            "address_prefixes": [
              "10.5.0.0/17"
            ],
            "delegation": [],
            "enforce_private_link_endpoint_network_policies": false,
            "enforce_private_link_service_network_policies": false,
            "id": "/subscriptions/645e3697-d061-4897-b45f-c300b23e9b77/resourceGroups/Rg-Production/providers/Microsoft.Network/virtualNetworks/vnet-Production/subnets/subnet2-production",
            "name": "subnet2-production",
            "private_endpoint_network_policies_enabled": true,
            "private_link_service_network_policies_enabled": true,
            "resource_group_name": "Rg-Production",
            "service_endpoint_policy_ids": [],
            "service_endpoints": [],
            "timeouts": null,
            "virtual_network_name": "vnet-Production"
          },
          "sensitive_attributes": [],
          "private": "eyJlMmJmYjczMC1lY2FhLTExZTYtOGY4OC0zNDM2M2JjN2M0YzAiOnsiY3JlYXRlIjoxODAwMDAwMDAwMDAwLCJkZWxldGUiOjE4MDAwMDAwMDAwMDAsInJlYWQiOjMwMDAwMDAwMDAwMCwidXBkYXRlIjoxODAwMDAwMDAwMDAwfX0=",
          "dependencies": [
            "module.Rg-Production.azurerm_resource_group.main",
            "module.vnet-Production.azurerm_virtual_network.vnet"
          ]
        },
        {
          "index_key": "subnet3-production",
          "schema_version": 0,
          "attributes": {
            "address_prefixes": [
              "10.6.0.0/17"
            ],
            "delegation": [],
            "enforce_private_link_endpoint_network_policies": false,
            "enforce_private_link_service_network_policies": false,
            "id": "/subscriptions/645e3697-d061-4897-b45f-c300b23e9b77/resourceGroups/Rg-Production/providers/Microsoft.Network/virtualNetworks/vnet-Production/subnets/subnet3-production",
            "name": "subnet3-production",
            "private_endpoint_network_policies_enabled": true,
            "private_link_service_network_policies_enabled": true,
            "resource_group_name": "Rg-Production",
            "service_endpoint_policy_ids": [],
            "service_endpoints": [],
            "timeouts": null,
            "virtual_network_name": "vnet-Production"
          },
          "sensitive_attributes": [],
          "private": "eyJlMmJmYjczMC1lY2FhLTExZTYtOGY4OC0zNDM2M2JjN2M0YzAiOnsiY3JlYXRlIjoxODAwMDAwMDAwMDAwLCJkZWxldGUiOjE4MDAwMDAwMDAwMDAsInJlYWQiOjMwMDAwMDAwMDAwMCwidXBkYXRlIjoxODAwMDAwMDAwMDAwfX0=",
          "dependencies": [
            "module.Rg-Production.azurerm_resource_group.main",
            "module.vnet-Production.azurerm_virtual_network.vnet"
          ]
        }
      ]
    },
    {
      "module": "module.vnet-Production",
      "mode": "managed",
      "type": "azurerm_virtual_network",
      "name": "vnet",
      "provider": "provider[\"registry.terraform.io/hashicorp/azurerm\"]",
      "instances": [
        {
          "schema_version": 0,
          "attributes": {
            "address_space": [
              "10.4.0.0/14"
            ],
            "bgp_community": "",
            "ddos_protection_plan": [],
            "dns_servers": [],
            "edge_zone": "",
            "flow_timeout_in_minutes": 0,
            "guid": "50a7527d-3ec9-4b44-a90c-ab2ed0d1e9e5",
            "id": "/subscriptions/645e3697-d061-4897-b45f-c300b23e9b77/resourceGroups/Rg-Production/providers/Microsoft.Network/virtualNetworks/vnet-Production",
            "location": "eastus",
            "name": "vnet-Production",
            "resource_group_name": "Rg-Production",
            "subnet": [
              {
                "address_prefix": "10.4.0.0/17",
                "id": "/subscriptions/645e3697-d061-4897-b45f-c300b23e9b77/resourceGroups/Rg-Production/providers/Microsoft.Network/virtualNetworks/vnet-Production/subnets/subnet1-production",
                "name": "subnet1-production",
                "security_group": ""
              },
              {
                "address_prefix": "10.5.0.0/17",
                "id": "/subscriptions/645e3697-d061-4897-b45f-c300b23e9b77/resourceGroups/Rg-Production/providers/Microsoft.Network/virtualNetworks/vnet-Production/subnets/subnet2-production",
                "name": "subnet2-production",
                "security_group": ""
              },
              {
                "address_prefix": "10.6.0.0/17",
                "id": "/subscriptions/645e3697-d061-4897-b45f-c300b23e9b77/resourceGroups/Rg-Production/providers/Microsoft.Network/virtualNetworks/vnet-Production/subnets/subnet3-production",
                "name": "subnet3-production",
                "security_group": ""
              }
            ],
            "tags": {},
            "timeouts": null
          },
          "sensitive_attributes": [],
          "private": "eyJlMmJmYjczMC1lY2FhLTExZTYtOGY4OC0zNDM2M2JjN2M0YzAiOnsiY3JlYXRlIjoxODAwMDAwMDAwMDAwLCJkZWxldGUiOjE4MDAwMDAwMDAwMDAsInJlYWQiOjMwMDAwMDAwMDAwMCwidXBkYXRlIjoxODAwMDAwMDAwMDAwfX0=",
          "dependencies": [
            "module.Rg-Production.azurerm_resource_group.main"
          ]
        }
      ]
    },
    {
      "module": "module.vnet-dev",
      "mode": "managed",
      "type": "azurerm_subnet",
      "name": "subnets",
      "provider": "provider[\"registry.terraform.io/hashicorp/azurerm\"]",
      "instances": [
        {
          "index_key": "subnet1-dev",
          "schema_version": 0,
          "attributes": {
            "address_prefixes": [
              "10.9.0.0/17"
            ],
            "delegation": [],
            "enforce_private_link_endpoint_network_policies": false,
            "enforce_private_link_service_network_policies": false,
            "id": "/subscriptions/645e3697-d061-4897-b45f-c300b23e9b77/resourceGroups/Rg-Dev/providers/Microsoft.Network/virtualNetworks/vnet-dev/subnets/subnet1-dev",
            "name": "subnet1-dev",
            "private_endpoint_network_policies_enabled": true,
            "private_link_service_network_policies_enabled": true,
            "resource_group_name": "Rg-Dev",
            "service_endpoint_policy_ids": [],
            "service_endpoints": [],
            "timeouts": null,
            "virtual_network_name": "vnet-dev"
          },
          "sensitive_attributes": [],
          "private": "eyJlMmJmYjczMC1lY2FhLTExZTYtOGY4OC0zNDM2M2JjN2M0YzAiOnsiY3JlYXRlIjoxODAwMDAwMDAwMDAwLCJkZWxldGUiOjE4MDAwMDAwMDAwMDAsInJlYWQiOjMwMDAwMDAwMDAwMCwidXBkYXRlIjoxODAwMDAwMDAwMDAwfX0=",
          "dependencies": [
            "module.Rg-Dev.azurerm_resource_group.main",
            "module.vnet-dev.azurerm_virtual_network.vnet"
          ]
        },
        {
          "index_key": "subnet2-dev",
          "schema_version": 0,
          "attributes": {
            "address_prefixes": [
              "10.10.0.0/17"
            ],
            "delegation": [],
            "enforce_private_link_endpoint_network_policies": false,
            "enforce_private_link_service_network_policies": false,
            "id": "/subscriptions/645e3697-d061-4897-b45f-c300b23e9b77/resourceGroups/Rg-Dev/providers/Microsoft.Network/virtualNetworks/vnet-dev/subnets/subnet2-dev",
            "name": "subnet2-dev",
            "private_endpoint_network_policies_enabled": true,
            "private_link_service_network_policies_enabled": true,
            "resource_group_name": "Rg-Dev",
            "service_endpoint_policy_ids": [],
            "service_endpoints": [],
            "timeouts": null,
            "virtual_network_name": "vnet-dev"
          },
          "sensitive_attributes": [],
          "private": "eyJlMmJmYjczMC1lY2FhLTExZTYtOGY4OC0zNDM2M2JjN2M0YzAiOnsiY3JlYXRlIjoxODAwMDAwMDAwMDAwLCJkZWxldGUiOjE4MDAwMDAwMDAwMDAsInJlYWQiOjMwMDAwMDAwMDAwMCwidXBkYXRlIjoxODAwMDAwMDAwMDAwfX0=",
          "dependencies": [
            "module.Rg-Dev.azurerm_resource_group.main",
            "module.vnet-dev.azurerm_virtual_network.vnet"
          ]
        },
        {
          "index_key": "subnet3-dev",
          "schema_version": 0,
          "attributes": {
            "address_prefixes": [
              "10.11.0.0/17"
            ],
            "delegation": [],
            "enforce_private_link_endpoint_network_policies": false,
            "enforce_private_link_service_network_policies": false,
            "id": "/subscriptions/645e3697-d061-4897-b45f-c300b23e9b77/resourceGroups/Rg-Dev/providers/Microsoft.Network/virtualNetworks/vnet-dev/subnets/subnet3-dev",
            "name": "subnet3-dev",
            "private_endpoint_network_policies_enabled": true,
            "private_link_service_network_policies_enabled": true,
            "resource_group_name": "Rg-Dev",
            "service_endpoint_policy_ids": [],
            "service_endpoints": [],
            "timeouts": null,
            "virtual_network_name": "vnet-dev"
          },
          "sensitive_attributes": [],
          "private": "eyJlMmJmYjczMC1lY2FhLTExZTYtOGY4OC0zNDM2M2JjN2M0YzAiOnsiY3JlYXRlIjoxODAwMDAwMDAwMDAwLCJkZWxldGUiOjE4MDAwMDAwMDAwMDAsInJlYWQiOjMwMDAwMDAwMDAwMCwidXBkYXRlIjoxODAwMDAwMDAwMDAwfX0=",
          "dependencies": [
            "module.Rg-Dev.azurerm_resource_group.main",
            "module.vnet-dev.azurerm_virtual_network.vnet"
          ]
        }
      ]
    },
    {
      "module": "module.vnet-dev",
      "mode": "managed",
      "type": "azurerm_virtual_network",
      "name": "vnet",
      "provider": "provider[\"registry.terraform.io/hashicorp/azurerm\"]",
      "instances": [
        {
          "schema_version": 0,
          "attributes": {
            "address_space": [
              "10.8.0.0/14"
            ],
            "bgp_community": "",
            "ddos_protection_plan": [],
            "dns_servers": [],
            "edge_zone": "",
            "flow_timeout_in_minutes": 0,
            "guid": "f2c6a02a-acd0-4a73-ae74-be618d8a7232",
            "id": "/subscriptions/645e3697-d061-4897-b45f-c300b23e9b77/resourceGroups/Rg-Dev/providers/Microsoft.Network/virtualNetworks/vnet-dev",
            "location": "eastus",
            "name": "vnet-dev",
            "resource_group_name": "Rg-Dev",
            "subnet": [
              {
                "address_prefix": "10.10.0.0/17",
                "id": "/subscriptions/645e3697-d061-4897-b45f-c300b23e9b77/resourceGroups/Rg-Dev/providers/Microsoft.Network/virtualNetworks/vnet-dev/subnets/subnet2-dev",
                "name": "subnet2-dev",
                "security_group": ""
              },
              {
                "address_prefix": "10.11.0.0/17",
                "id": "/subscriptions/645e3697-d061-4897-b45f-c300b23e9b77/resourceGroups/Rg-Dev/providers/Microsoft.Network/virtualNetworks/vnet-dev/subnets/subnet3-dev",
                "name": "subnet3-dev",
                "security_group": ""
              },
              {
                "address_prefix": "10.9.0.0/17",
                "id": "/subscriptions/645e3697-d061-4897-b45f-c300b23e9b77/resourceGroups/Rg-Dev/providers/Microsoft.Network/virtualNetworks/vnet-dev/subnets/subnet1-dev",
                "name": "subnet1-dev",
                "security_group": ""
              }
            ],
            "tags": {},
            "timeouts": null
          },
          "sensitive_attributes": [],
          "private": "eyJlMmJmYjczMC1lY2FhLTExZTYtOGY4OC0zNDM2M2JjN2M0YzAiOnsiY3JlYXRlIjoxODAwMDAwMDAwMDAwLCJkZWxldGUiOjE4MDAwMDAwMDAwMDAsInJlYWQiOjMwMDAwMDAwMDAwMCwidXBkYXRlIjoxODAwMDAwMDAwMDAwfX0=",
          "dependencies": [
            "module.Rg-Dev.azurerm_resource_group.main"
          ]
        }
      ]
    }
  ],
  "check_results": null
}
