{
  "version": 4,
  "terraform_version": "1.4.0",
  "serial": 35,
  "lineage": "ff5d267d-af46-414c-3f9e-1a65c167c052",
  "outputs": {},
  "resources": [
    {
      "module": "module.app",
      "mode": "managed",
      "type": "azurerm_linux_web_app",
      "name": "example",
      "provider": "provider[\"registry.terraform.io/hashicorp/azurerm\"]",
      "instances": [
        {
          "schema_version": 0,
          "attributes": {
            "app_settings": {},
            "auth_settings": [],
            "auth_settings_v2": [],
            "backup": [],
            "client_affinity_enabled": false,
            "client_certificate_enabled": false,
            "client_certificate_exclusion_paths": "",
            "client_certificate_mode": "Required",
            "connection_string": [],
            "custom_domain_verification_id": "C799C90913DCC4411C1803A6236266B984F757E321FCE2343A092C9663827BFE",
            "default_hostname": "appdevqumulus.azurewebsites.net",
            "enabled": true,
            "https_only": false,
            "id": "/subscriptions/0cf4b9c0-6ddb-4a25-b37d-b23996c00682/resourceGroups/dev-rg/providers/Microsoft.Web/sites/appdevqumulus",
            "identity": [],
            "key_vault_reference_identity_id": "SystemAssigned",
            "kind": "app",
            "location": "westindia",
            "logs": [],
            "name": "appdevqumulus",
            "outbound_ip_address_list": [
              "40.81.88.4",
              "40.81.92.203",
              "40.81.92.220",
              "40.81.93.200",
              "40.81.94.13",
              "40.81.94.50",
              "52.136.50.1"
            ],
            "outbound_ip_addresses": "40.81.88.4,40.81.92.203,40.81.92.220,40.81.93.200,40.81.94.13,40.81.94.50,52.136.50.1",
            "possible_outbound_ip_address_list": [
              "40.81.88.4",
              "40.81.92.203",
              "40.81.92.220",
              "40.81.93.200",
              "40.81.94.13",
              "40.81.94.50",
              "40.81.94.62",
              "40.81.91.121",
              "40.81.94.145",
              "40.81.94.155",
              "40.81.94.222",
              "40.81.94.224",
              "40.81.94.242",
              "40.81.95.59",
              "40.81.95.60",
              "40.81.90.23",
              "40.81.91.154",
              "40.81.91.241",
              "52.136.50.1"
            ],
            "possible_outbound_ip_addresses": "40.81.88.4,40.81.92.203,40.81.92.220,40.81.93.200,40.81.94.13,40.81.94.50,40.81.94.62,40.81.91.121,40.81.94.145,40.81.94.155,40.81.94.222,40.81.94.224,40.81.94.242,40.81.95.59,40.81.95.60,40.81.90.23,40.81.91.154,40.81.91.241,52.136.50.1",
            "resource_group_name": "dev-rg",
            "service_plan_id": "/subscriptions/0cf4b9c0-6ddb-4a25-b37d-b23996c00682/resourceGroups/dev-rg/providers/Microsoft.Web/serverfarms/dev-asp",
            "site_config": [
              {
                "always_on": true,
                "api_definition_url": "",
                "api_management_api_id": "",
                "app_command_line": "",
                "application_stack": [
                  {
                    "docker_image": "",
                    "docker_image_tag": "",
                    "dotnet_version": "",
                    "go_version": "",
                    "java_server": "",
                    "java_server_version": "",
                    "java_version": "",
                    "node_version": "",
                    "php_version": "",
                    "python_version": "",
                    "ruby_version": ""
                  }
                ],
                "auto_heal_enabled": false,
                "auto_heal_setting": [],
                "container_registry_managed_identity_client_id": "",
                "container_registry_use_managed_identity": false,
                "cors": [],
                "default_documents": [
                  "Default.htm",
                  "Default.html",
                  "Default.asp",
                  "index.htm",
                  "index.html",
                  "iisstart.htm",
                  "default.aspx",
                  "index.php",
                  "hostingstart.html"
                ],
                "detailed_error_logging_enabled": false,
                "ftps_state": "Disabled",
                "health_check_eviction_time_in_min": 0,
                "health_check_path": "",
                "http2_enabled": false,
                "ip_restriction": [],
                "linux_fx_version": "",
                "load_balancing_mode": "LeastRequests",
                "local_mysql_enabled": false,
                "managed_pipeline_mode": "Integrated",
                "minimum_tls_version": "1.2",
                "remote_debugging_enabled": false,
                "remote_debugging_version": "VS2019",
                "scm_ip_restriction": [],
                "scm_minimum_tls_version": "1.2",
                "scm_type": "None",
                "scm_use_main_ip_restriction": false,
                "use_32_bit_worker": true,
                "vnet_route_all_enabled": false,
                "websockets_enabled": false,
                "worker_count": 1
              }
            ],
            "site_credential": [
              {
                "name": "$appdevqumulus",
                "password": "nciQcRSregyx7F0jlCkLXkmNsNj9uJSwf05RoHwRj0LyasNgdov4RK60ilc2"
              }
            ],
            "sticky_settings": [],
            "storage_account": [],
            "tags": {},
            "timeouts": null,
            "virtual_network_subnet_id": "",
            "zip_deploy_file": ""
          },
          "sensitive_attributes": [],
          "private": "eyJlMmJmYjczMC1lY2FhLTExZTYtOGY4OC0zNDM2M2JjN2M0YzAiOnsiY3JlYXRlIjoxODAwMDAwMDAwMDAwLCJkZWxldGUiOjE4MDAwMDAwMDAwMDAsInJlYWQiOjMwMDAwMDAwMDAwMCwidXBkYXRlIjoxODAwMDAwMDAwMDAwfX0=",
          "dependencies": [
            "module.asp-plan.azurerm_app_service_plan.asp"
          ]
        }
      ]
    },
    {
      "module": "module.asp-plan",
      "mode": "managed",
      "type": "azurerm_app_service_plan",
      "name": "asp",
      "provider": "provider[\"registry.terraform.io/hashicorp/azurerm\"]",
      "instances": [
        {
          "schema_version": 0,
          "attributes": {
            "app_service_environment_id": "",
            "id": "/subscriptions/0cf4b9c0-6ddb-4a25-b37d-b23996c00682/resourceGroups/dev-rg/providers/Microsoft.Web/serverfarms/dev-asp",
            "is_xenon": false,
            "kind": "Windows",
            "location": "westindia",
            "maximum_elastic_worker_count": 1,
            "maximum_number_of_workers": 10,
            "name": "dev-asp",
            "per_site_scaling": false,
            "reserved": false,
            "resource_group_name": "dev-rg",
            "sku": [
              {
                "capacity": 1,
                "size": "S1",
                "tier": "Standard"
              }
            ],
            "tags": {},
            "timeouts": null,
            "zone_redundant": false
          },
          "sensitive_attributes": [],
          "private": "eyJlMmJmYjczMC1lY2FhLTExZTYtOGY4OC0zNDM2M2JjN2M0YzAiOnsiY3JlYXRlIjozNjAwMDAwMDAwMDAwLCJkZWxldGUiOjM2MDAwMDAwMDAwMDAsInJlYWQiOjMwMDAwMDAwMDAwMCwidXBkYXRlIjozNjAwMDAwMDAwMDAwfX0="
        }
      ]
    },
    {
      "module": "module.cosmosdb",
      "mode": "managed",
      "type": "azurerm_cosmosdb_account",
      "name": "db",
      "provider": "provider[\"registry.terraform.io/hashicorp/azurerm\"]",
      "instances": [
        {
          "schema_version": 0,
          "attributes": {
            "access_key_metadata_writes_enabled": true,
            "analytical_storage": [
              {
                "schema_type": "FullFidelity"
              }
            ],
            "analytical_storage_enabled": false,
            "backup": [
              {
                "interval_in_minutes": 240,
                "retention_in_hours": 8,
                "storage_redundancy": "Geo",
                "type": "Periodic"
              }
            ],
            "capabilities": [
              {
                "name": "EnableAggregationPipeline"
              },
              {
                "name": "EnableMongo"
              },
              {
                "name": "MongoDBv3.4"
              },
              {
                "name": "mongoEnableDocLevelTTL"
              }
            ],
            "capacity": [],
            "connection_strings": [
              "mongodb://dev-qumulus-cosmosdb:abplh4P4sxxO3Pd6E9MZEHT3SUgTy9ckIL8z1YNXmIBN5aj15IckjGLZEXsQ4qWpRKdR4FtnXaKQACDbvHnUrg==@dev-qumulus-cosmosdb.mongo.cosmos.azure.com:10255/?ssl=true\u0026replicaSet=globaldb\u0026retrywrites=false\u0026maxIdleTimeMS=120000\u0026appName=@dev-qumulus-cosmosdb@",
              "mongodb://dev-qumulus-cosmosdb:xjUPbM6I9L3gmTwl5RHD1fTUlfaRe0V4zF6qK9fx1I6T6RxDer7xDdFwr6ZCHIuU7zAFk4ojff3MACDb4QrkSw==@dev-qumulus-cosmosdb.mongo.cosmos.azure.com:10255/?ssl=true\u0026replicaSet=globaldb\u0026retrywrites=false\u0026maxIdleTimeMS=120000\u0026appName=@dev-qumulus-cosmosdb@",
              "mongodb://dev-qumulus-cosmosdb:KPRKjk68MNoFI2Y0OCLmio1TQ3DN0j4Xpb7hBPKAURADm0hwbPsWfdCV716Ig58iEVaKBoLkajt8ACDbUZd2JA==@dev-qumulus-cosmosdb.mongo.cosmos.azure.com:10255/?ssl=true\u0026replicaSet=globaldb\u0026retrywrites=false\u0026maxIdleTimeMS=120000\u0026appName=@dev-qumulus-cosmosdb@",
              "mongodb://dev-qumulus-cosmosdb:IxRNRVavv5AH7fMokFlLpUniRO5ykpyQfFbdjnJiig7a2EJVdjz2o22WiPIL4FhYBGnykzv5rI3dACDbC7c7BA==@dev-qumulus-cosmosdb.mongo.cosmos.azure.com:10255/?ssl=true\u0026replicaSet=globaldb\u0026retrywrites=false\u0026maxIdleTimeMS=120000\u0026appName=@dev-qumulus-cosmosdb@"
            ],
            "consistency_policy": [
              {
                "consistency_level": "BoundedStaleness",
                "max_interval_in_seconds": 300,
                "max_staleness_prefix": 100000
              }
            ],
            "cors_rule": [],
            "create_mode": "",
            "default_identity_type": "FirstPartyIdentity",
            "enable_automatic_failover": true,
            "enable_free_tier": false,
            "enable_multiple_write_locations": false,
            "endpoint": "https://dev-qumulus-cosmosdb.documents.azure.com:443/",
            "geo_location": [
              {
                "failover_priority": 0,
                "id": "dev-qumulus-cosmosdb-westus",
                "location": "westus",
                "zone_redundant": false
              },
              {
                "failover_priority": 1,
                "id": "dev-qumulus-cosmosdb-eastus",
                "location": "eastus",
                "zone_redundant": false
              }
            ],
            "id": "/subscriptions/0cf4b9c0-6ddb-4a25-b37d-b23996c00682/resourceGroups/dev-rg/providers/Microsoft.DocumentDB/databaseAccounts/dev-qumulus-cosmosdb",
            "identity": [],
            "ip_range_filter": "",
            "is_virtual_network_filter_enabled": false,
            "key_vault_key_id": null,
            "kind": "MongoDB",
            "local_authentication_disabled": false,
            "location": "westindia",
            "mongo_server_version": "3.6",
            "name": "dev-qumulus-cosmosdb",
            "network_acl_bypass_for_azure_services": false,
            "network_acl_bypass_ids": [],
            "offer_type": "Standard",
            "primary_key": "abplh4P4sxxO3Pd6E9MZEHT3SUgTy9ckIL8z1YNXmIBN5aj15IckjGLZEXsQ4qWpRKdR4FtnXaKQACDbvHnUrg==",
            "primary_readonly_key": "KPRKjk68MNoFI2Y0OCLmio1TQ3DN0j4Xpb7hBPKAURADm0hwbPsWfdCV716Ig58iEVaKBoLkajt8ACDbUZd2JA==",
            "primary_readonly_sql_connection_string": null,
            "primary_sql_connection_string": null,
            "public_network_access_enabled": true,
            "read_endpoints": [
              "https://dev-qumulus-cosmosdb-westus.documents.azure.com:443/",
              "https://dev-qumulus-cosmosdb-eastus.documents.azure.com:443/"
            ],
            "resource_group_name": "dev-rg",
            "restore": [],
            "secondary_key": "xjUPbM6I9L3gmTwl5RHD1fTUlfaRe0V4zF6qK9fx1I6T6RxDer7xDdFwr6ZCHIuU7zAFk4ojff3MACDb4QrkSw==",
            "secondary_readonly_key": "IxRNRVavv5AH7fMokFlLpUniRO5ykpyQfFbdjnJiig7a2EJVdjz2o22WiPIL4FhYBGnykzv5rI3dACDbC7c7BA==",
            "secondary_readonly_sql_connection_string": null,
            "secondary_sql_connection_string": null,
            "tags": {},
            "timeouts": null,
            "virtual_network_rule": [],
            "write_endpoints": [
              "https://dev-qumulus-cosmosdb-westus.documents.azure.com:443/"
            ]
          },
          "sensitive_attributes": [],
          "private": "eyJlMmJmYjczMC1lY2FhLTExZTYtOGY4OC0zNDM2M2JjN2M0YzAiOnsiY3JlYXRlIjoxMDgwMDAwMDAwMDAwMCwiZGVsZXRlIjoxMDgwMDAwMDAwMDAwMCwicmVhZCI6MzAwMDAwMDAwMDAwLCJ1cGRhdGUiOjEwODAwMDAwMDAwMDAwfX0="
        }
      ]
    },
    {
      "module": "module.dev_apim",
      "mode": "managed",
      "type": "azurerm_api_management",
      "name": "main",
      "provider": "provider[\"registry.terraform.io/hashicorp/azurerm\"]",
      "instances": [
        {
          "schema_version": 0,
          "attributes": {
            "additional_location": [],
            "certificate": [],
            "client_certificate_enabled": false,
            "delegation": [
              {
                "subscriptions_enabled": false,
                "url": "",
                "user_registration_enabled": false,
                "validation_key": ""
              }
            ],
            "developer_portal_url": "https://dev-apim-011.developer.azure-api.net",
            "gateway_disabled": false,
            "gateway_regional_url": "https://dev-apim-011-westindia-01.regional.azure-api.net",
            "gateway_url": "https://dev-apim-011.azure-api.net",
            "hostname_configuration": [
              {
                "developer_portal": [],
                "management": [],
                "portal": [],
                "proxy": [
                  {
                    "certificate": "",
                    "certificate_password": "",
                    "certificate_source": "BuiltIn",
                    "certificate_status": "",
                    "default_ssl_binding": true,
                    "expiry": "",
                    "host_name": "dev-apim-011.azure-api.net",
                    "key_vault_id": "",
                    "negotiate_client_certificate": false,
                    "ssl_keyvault_identity_client_id": "",
                    "subject": "",
                    "thumbprint": ""
                  }
                ],
                "scm": []
              }
            ],
            "id": "/subscriptions/0cf4b9c0-6ddb-4a25-b37d-b23996c00682/resourceGroups/dev-rg/providers/Microsoft.ApiManagement/service/dev-apim-011",
            "identity": [],
            "location": "westindia",
            "management_api_url": "https://dev-apim-011.management.azure-api.net",
            "min_api_version": "",
            "name": "dev-apim-011",
            "notification_sender_email": "apimgmt-noreply@mail.windowsazure.com",
            "policy": [
              {
                "xml_content": "\u003c!--\r\n    IMPORTANT:\r\n    - Policy elements can appear only within the \u003cinbound\u003e, \u003coutbound\u003e, \u003cbackend\u003e section elements.\r\n    - Only the \u003cforward-request\u003e policy element can appear within the \u003cbackend\u003e section element.\r\n    - To apply a policy to the incoming request (before it is forwarded to the backend service), place a corresponding policy element within the \u003cinbound\u003e section element.\r\n    - To apply a policy to the outgoing response (before it is sent back to the caller), place a corresponding policy element within the \u003coutbound\u003e section element.\r\n    - To add a policy position the cursor at the desired insertion point and click on the round button associated with the policy.\r\n    - To remove a policy, delete the corresponding policy statement from the policy document.\r\n    - Policies are applied in the order of their appearance, from the top down.\r\n--\u003e\r\n\u003cpolicies\u003e\r\n\t\u003cinbound /\u003e\r\n\t\u003cbackend\u003e\r\n\t\t\u003cforward-request /\u003e\r\n\t\u003c/backend\u003e\r\n\t\u003coutbound /\u003e\r\n\u003c/policies\u003e",
                "xml_link": ""
              }
            ],
            "portal_url": "https://dev-apim-011.portal.azure-api.net",
            "private_ip_addresses": [],
            "protocols": [
              {
                "enable_http2": false
              }
            ],
            "public_ip_address_id": "",
            "public_ip_addresses": [
              "52.183.132.210"
            ],
            "public_network_access_enabled": true,
            "publisher_email": "company@terraform.io",
            "publisher_name": "main",
            "resource_group_name": "dev-rg",
            "scm_url": "https://dev-apim-011.scm.azure-api.net",
            "security": [
              {
                "enable_backend_ssl30": false,
                "enable_backend_tls10": false,
                "enable_backend_tls11": false,
                "enable_frontend_ssl30": false,
                "enable_frontend_tls10": false,
                "enable_frontend_tls11": false,
                "tls_ecdhe_ecdsa_with_aes128_cbc_sha_ciphers_enabled": false,
                "tls_ecdhe_ecdsa_with_aes256_cbc_sha_ciphers_enabled": false,
                "tls_ecdhe_rsa_with_aes128_cbc_sha_ciphers_enabled": false,
                "tls_ecdhe_rsa_with_aes256_cbc_sha_ciphers_enabled": false,
                "tls_rsa_with_aes128_cbc_sha256_ciphers_enabled": false,
                "tls_rsa_with_aes128_cbc_sha_ciphers_enabled": false,
                "tls_rsa_with_aes128_gcm_sha256_ciphers_enabled": false,
                "tls_rsa_with_aes256_cbc_sha256_ciphers_enabled": false,
                "tls_rsa_with_aes256_cbc_sha_ciphers_enabled": false,
                "tls_rsa_with_aes256_gcm_sha384_ciphers_enabled": false,
                "triple_des_ciphers_enabled": false
              }
            ],
            "sign_in": [
              {
                "enabled": false
              }
            ],
            "sign_up": [
              {
                "enabled": false,
                "terms_of_service": [
                  {
                    "consent_required": false,
                    "enabled": false,
                    "text": ""
                  }
                ]
              }
            ],
            "sku_name": "Developer_1",
            "tags": null,
            "tenant_access": [
              {
                "enabled": false,
                "primary_key": "64Poz+y8lLfUrp8d0JPpxL03ZUTUpbVyoAv0RHA96JKWvDUZSe3DAzPs2bsbcZhNLKEcQoWKut42IDm/vyYFoQ==",
                "secondary_key": "eBdsYX7QuEMeNqghU8EWyatroeMiHdgVGuW3jLbXk2h/IV7/e8WYwEu6ArZbwV0TZLwEPFvgLa6ti60t8qcIGg==",
                "tenant_id": "/tenant/access"
              }
            ],
            "timeouts": {
              "create": "2h",
              "delete": "2h",
              "read": null,
              "update": "2h"
            },
            "virtual_network_configuration": [],
            "virtual_network_type": "None",
            "zones": null
          },
          "sensitive_attributes": [],
          "private": "eyJlMmJmYjczMC1lY2FhLTExZTYtOGY4OC0zNDM2M2JjN2M0YzAiOnsiY3JlYXRlIjo3MjAwMDAwMDAwMDAwLCJkZWxldGUiOjcyMDAwMDAwMDAwMDAsInJlYWQiOjMwMDAwMDAwMDAwMCwidXBkYXRlIjo3MjAwMDAwMDAwMDAwfX0="
        }
      ]
    },
    {
      "module": "module.eventgrid",
      "mode": "managed",
      "type": "azurerm_eventgrid_topic",
      "name": "example",
      "provider": "provider[\"registry.terraform.io/hashicorp/azurerm\"]",
      "instances": [
        {
          "schema_version": 0,
          "attributes": {
            "endpoint": "https://dev-eventgrid-qumulus.westindia-1.eventgrid.azure.net/api/events",
            "id": "/subscriptions/0cf4b9c0-6ddb-4a25-b37d-b23996c00682/resourceGroups/dev-rg/providers/Microsoft.EventGrid/topics/dev-eventgrid-qumulus",
            "identity": [],
            "inbound_ip_rule": [],
            "input_mapping_default_values": [],
            "input_mapping_fields": [],
            "input_schema": "EventGridSchema",
            "local_auth_enabled": true,
            "location": "westindia",
            "name": "dev-eventgrid-qumulus",
            "primary_access_key": "Kv6pHf3AEApdi4tbmbXZjoiqtLyg3ofSJyxkAvPOsZ0=",
            "public_network_access_enabled": true,
            "resource_group_name": "dev-rg",
            "secondary_access_key": "SRLyNKxfDocgez77cn3RHSpz5QHLWAB+G83XpTaKWh4=",
            "tags": {},
            "timeouts": null
          },
          "sensitive_attributes": [],
          "private": "eyJlMmJmYjczMC1lY2FhLTExZTYtOGY4OC0zNDM2M2JjN2M0YzAiOnsiY3JlYXRlIjoxODAwMDAwMDAwMDAwLCJkZWxldGUiOjE4MDAwMDAwMDAwMDAsInJlYWQiOjMwMDAwMDAwMDAwMCwidXBkYXRlIjoxODAwMDAwMDAwMDAwfX0="
        }
      ]
    },
    {
      "module": "module.storage",
      "mode": "managed",
      "type": "azurerm_storage_account",
      "name": "example",
      "provider": "provider[\"registry.terraform.io/hashicorp/azurerm\"]",
      "instances": [
        {
          "schema_version": 3,
          "attributes": {
            "access_tier": "Hot",
            "account_kind": "StorageV2",
            "account_replication_type": "LRS",
            "account_tier": "Standard",
            "allow_nested_items_to_be_public": true,
            "allowed_copy_scope": "",
            "azure_files_authentication": [],
            "blob_properties": [
              {
                "change_feed_enabled": false,
                "change_feed_retention_in_days": 0,
                "container_delete_retention_policy": [],
                "cors_rule": [],
                "default_service_version": "",
                "delete_retention_policy": [],
                "last_access_time_enabled": false,
                "restore_policy": [],
                "versioning_enabled": false
              }
            ],
            "cross_tenant_replication_enabled": true,
            "custom_domain": [],
            "customer_managed_key": [],
            "default_to_oauth_authentication": false,
            "edge_zone": "",
            "enable_https_traffic_only": true,
            "id": "/subscriptions/0cf4b9c0-6ddb-4a25-b37d-b23996c00682/resourceGroups/dev-rg/providers/Microsoft.Storage/storageAccounts/devstqumukus",
            "identity": [],
            "immutability_policy": [],
            "infrastructure_encryption_enabled": false,
            "is_hns_enabled": false,
            "large_file_share_enabled": null,
            "location": "westindia",
            "min_tls_version": "TLS1_2",
            "name": "devstqumukus",
            "network_rules": [
              {
                "bypass": [
                  "AzureServices"
                ],
                "default_action": "Allow",
                "ip_rules": [],
                "private_link_access": [],
                "virtual_network_subnet_ids": []
              }
            ],
            "nfsv3_enabled": false,
            "primary_access_key": "suJqgjJgsNmnFEJ+nxGg/wFsrbIbZxLno8e+WIDvRI1dfmHKrb1uJA1kgc+UB08rsxAD/GNRH5z3+AStOoS5GA==",
            "primary_blob_connection_string": "DefaultEndpointsProtocol=https;BlobEndpoint=https://devstqumukus.blob.core.windows.net/;AccountName=devstqumukus;AccountKey=suJqgjJgsNmnFEJ+nxGg/wFsrbIbZxLno8e+WIDvRI1dfmHKrb1uJA1kgc+UB08rsxAD/GNRH5z3+AStOoS5GA==",
            "primary_blob_endpoint": "https://devstqumukus.blob.core.windows.net/",
            "primary_blob_host": "devstqumukus.blob.core.windows.net",
            "primary_connection_string": "DefaultEndpointsProtocol=https;AccountName=devstqumukus;AccountKey=suJqgjJgsNmnFEJ+nxGg/wFsrbIbZxLno8e+WIDvRI1dfmHKrb1uJA1kgc+UB08rsxAD/GNRH5z3+AStOoS5GA==;EndpointSuffix=core.windows.net",
            "primary_dfs_endpoint": "https://devstqumukus.dfs.core.windows.net/",
            "primary_dfs_host": "devstqumukus.dfs.core.windows.net",
            "primary_file_endpoint": "https://devstqumukus.file.core.windows.net/",
            "primary_file_host": "devstqumukus.file.core.windows.net",
            "primary_location": "westindia",
            "primary_queue_endpoint": "https://devstqumukus.queue.core.windows.net/",
            "primary_queue_host": "devstqumukus.queue.core.windows.net",
            "primary_table_endpoint": "https://devstqumukus.table.core.windows.net/",
            "primary_table_host": "devstqumukus.table.core.windows.net",
            "primary_web_endpoint": "https://devstqumukus.z10.web.core.windows.net/",
            "primary_web_host": "devstqumukus.z10.web.core.windows.net",
            "public_network_access_enabled": true,
            "queue_encryption_key_type": "Service",
            "queue_properties": [
              {
                "cors_rule": [],
                "hour_metrics": [
                  {
                    "enabled": true,
                    "include_apis": true,
                    "retention_policy_days": 7,
                    "version": "1.0"
                  }
                ],
                "logging": [
                  {
                    "delete": false,
                    "read": false,
                    "retention_policy_days": 0,
                    "version": "1.0",
                    "write": false
                  }
                ],
                "minute_metrics": [
                  {
                    "enabled": false,
                    "include_apis": false,
                    "retention_policy_days": 0,
                    "version": "1.0"
                  }
                ]
              }
            ],
            "resource_group_name": "dev-rg",
            "routing": [],
            "sas_policy": [],
            "secondary_access_key": "7cahsppRow9aZn3/BztD6hXV30NAsz64xTTIwU67LGrn4b39P81gdb11OuObmZdfyyE7oKdAZclX+AStnc1Ucg==",
            "secondary_blob_connection_string": "",
            "secondary_blob_endpoint": null,
            "secondary_blob_host": null,
            "secondary_connection_string": "DefaultEndpointsProtocol=https;AccountName=devstqumukus;AccountKey=7cahsppRow9aZn3/BztD6hXV30NAsz64xTTIwU67LGrn4b39P81gdb11OuObmZdfyyE7oKdAZclX+AStnc1Ucg==;EndpointSuffix=core.windows.net",
            "secondary_dfs_endpoint": null,
            "secondary_dfs_host": null,
            "secondary_file_endpoint": null,
            "secondary_file_host": null,
            "secondary_location": "",
            "secondary_queue_endpoint": null,
            "secondary_queue_host": null,
            "secondary_table_endpoint": null,
            "secondary_table_host": null,
            "secondary_web_endpoint": null,
            "secondary_web_host": null,
            "sftp_enabled": false,
            "share_properties": [
              {
                "cors_rule": [],
                "retention_policy": [
                  {
                    "days": 7
                  }
                ],
                "smb": []
              }
            ],
            "shared_access_key_enabled": true,
            "static_website": [],
            "table_encryption_key_type": "Service",
            "tags": {},
            "timeouts": null
          },
          "sensitive_attributes": [],
          "private": "eyJlMmJmYjczMC1lY2FhLTExZTYtOGY4OC0zNDM2M2JjN2M0YzAiOnsiY3JlYXRlIjozNjAwMDAwMDAwMDAwLCJkZWxldGUiOjM2MDAwMDAwMDAwMDAsInJlYWQiOjMwMDAwMDAwMDAwMCwidXBkYXRlIjozNjAwMDAwMDAwMDAwfSwic2NoZW1hX3ZlcnNpb24iOiIzIn0="
        }
      ]
    }
  ],
  "check_results": null
}
