{"format_version":"1.1","terraform_version":"1.4.0","variables":{"azure_client_id":{"value":"29ebb4db-5e70-4a08-91bc-ce8110dce1ba"},"azure_client_secret":{"value":"VxG8Q~QnjFdBBN1W_JpysUshqc5Yr~ApbfSnybLs"},"azure_subscription_id":{"value":"0cf4b9c0-6ddb-4a25-b37d-b23996c00682"},"azure_tenant_id":{"value":"b9f3d99d-e628-46c4-ae5e-62780b3a2d4b"}},"planned_values":{"root_module":{"child_modules":[{"resources":[{"address":"module.app.azurerm_linux_web_app.example","mode":"managed","type":"azurerm_linux_web_app","name":"example","provider_name":"registry.terraform.io/hashicorp/azurerm","schema_version":0,"values":{"app_settings":null,"auth_settings":[],"auth_settings_v2":[],"backup":[],"client_affinity_enabled":false,"client_certificate_enabled":false,"client_certificate_exclusion_paths":null,"client_certificate_mode":"Required","connection_string":[],"enabled":true,"https_only":false,"identity":[],"location":"westindia","logs":[],"name":"appdevqumulus","resource_group_name":"dev-rg","site_config":[{"always_on":true,"api_definition_url":null,"api_management_api_id":null,"app_command_line":null,"auto_heal_enabled":null,"auto_heal_setting":[],"container_registry_managed_identity_client_id":null,"container_registry_use_managed_identity":false,"cors":[],"ftps_state":"Disabled","health_check_path":null,"http2_enabled":false,"load_balancing_mode":"LeastRequests","local_mysql_enabled":false,"managed_pipeline_mode":"Integrated","minimum_tls_version":"1.2","remote_debugging_enabled":false,"scm_minimum_tls_version":"1.2","scm_use_main_ip_restriction":false,"use_32_bit_worker":true,"vnet_route_all_enabled":false,"websockets_enabled":false}],"sticky_settings":[],"storage_account":[],"tags":null,"timeouts":null,"virtual_network_subnet_id":null},"sensitive_values":{"auth_settings":[],"auth_settings_v2":[],"backup":[],"connection_string":[],"identity":[],"logs":[],"outbound_ip_address_list":[],"possible_outbound_ip_address_list":[],"site_config":[{"application_stack":[],"auto_heal_setting":[],"cors":[],"default_documents":[],"ip_restriction":[],"scm_ip_restriction":[]}],"site_credential":[],"sticky_settings":[],"storage_account":[]}}],"address":"module.app"},{"resources":[{"address":"module.asp-plan.azurerm_app_service_plan.asp","mode":"managed","type":"azurerm_app_service_plan","name":"asp","provider_name":"registry.terraform.io/hashicorp/azurerm","schema_version":0,"values":{"app_service_environment_id":null,"is_xenon":null,"kind":"Windows","location":"westindia","name":"dev-asp","per_site_scaling":null,"reserved":null,"resource_group_name":"dev-rg","sku":[{"size":"S1","tier":"Standard"}],"tags":null,"timeouts":null,"zone_redundant":null},"sensitive_values":{"sku":[{}]}}],"address":"module.asp-plan"},{"resources":[{"address":"module.cosmosdb.azurerm_cosmosdb_account.db","mode":"managed","type":"azurerm_cosmosdb_account","name":"db","provider_name":"registry.terraform.io/hashicorp/azurerm","schema_version":0,"values":{"access_key_metadata_writes_enabled":true,"analytical_storage_enabled":false,"capabilities":[{"name":"EnableAggregationPipeline"},{"name":"EnableMongo"},{"name":"MongoDBv3.4"},{"name":"mongoEnableDocLevelTTL"}],"consistency_policy":[{"consistency_level":"BoundedStaleness","max_interval_in_seconds":300,"max_staleness_prefix":100000}],"cors_rule":[],"enable_automatic_failover":true,"enable_free_tier":false,"enable_multiple_write_locations":false,"geo_location":[{"failover_priority":0,"location":"westus","zone_redundant":false},{"failover_priority":1,"location":"eastus","zone_redundant":false}],"identity":[],"ip_range_filter":null,"is_virtual_network_filter_enabled":false,"key_vault_key_id":null,"kind":"MongoDB","local_authentication_disabled":false,"location":"westindia","name":"dev-qumulus-cosmosdb","network_acl_bypass_for_azure_services":false,"network_acl_bypass_ids":null,"offer_type":"Standard","public_network_access_enabled":true,"resource_group_name":"dev-rg","restore":[],"tags":null,"timeouts":null,"virtual_network_rule":[]},"sensitive_values":{"analytical_storage":[],"backup":[],"capabilities":[{},{},{},{}],"capacity":[],"connection_strings":[],"consistency_policy":[{}],"cors_rule":[],"geo_location":[{},{}],"identity":[],"read_endpoints":[],"restore":[],"virtual_network_rule":[],"write_endpoints":[]}}],"address":"module.cosmosdb"},{"resources":[{"address":"module.dev_apim.azurerm_api_management.main","mode":"managed","type":"azurerm_api_management","name":"main","provider_name":"registry.terraform.io/hashicorp/azurerm","schema_version":0,"values":{"additional_location":[],"certificate":[],"client_certificate_enabled":false,"gateway_disabled":false,"identity":[],"location":"westindia","min_api_version":null,"name":"dev-apim-01","public_ip_address_id":null,"public_network_access_enabled":true,"publisher_email":"company@terraform.io","publisher_name":"main","resource_group_name":"dev-rg","sku_name":"Developer_1","tags":null,"timeouts":null,"virtual_network_configuration":[],"virtual_network_type":"None","zones":null},"sensitive_values":{"additional_location":[],"certificate":[],"delegation":[],"hostname_configuration":[],"identity":[],"policy":[],"private_ip_addresses":[],"protocols":[],"public_ip_addresses":[],"security":[],"sign_in":[],"sign_up":[],"tenant_access":[],"virtual_network_configuration":[]}}],"address":"module.dev_apim"},{"resources":[{"address":"module.eventgrid.azurerm_eventgrid_topic.example","mode":"managed","type":"azurerm_eventgrid_topic","name":"example","provider_name":"registry.terraform.io/hashicorp/azurerm","schema_version":0,"values":{"identity":[],"inbound_ip_rule":null,"input_mapping_default_values":[],"input_mapping_fields":[],"input_schema":"EventGridSchema","local_auth_enabled":true,"location":"westindia","name":"dev-eventgrid-qumulus","public_network_access_enabled":true,"resource_group_name":"dev-rg","tags":null,"timeouts":null},"sensitive_values":{"identity":[],"input_mapping_default_values":[],"input_mapping_fields":[]}}],"address":"module.eventgrid"},{"resources":[{"address":"module.storage.azurerm_storage_account.example","mode":"managed","type":"azurerm_storage_account","name":"example","provider_name":"registry.terraform.io/hashicorp/azurerm","schema_version":3,"values":{"account_kind":"StorageV2","account_replication_type":"LRS","account_tier":"Standard","allow_nested_items_to_be_public":true,"allowed_copy_scope":null,"azure_files_authentication":[],"cross_tenant_replication_enabled":true,"custom_domain":[],"customer_managed_key":[],"default_to_oauth_authentication":false,"edge_zone":null,"enable_https_traffic_only":true,"identity":[],"immutability_policy":[],"infrastructure_encryption_enabled":false,"is_hns_enabled":false,"location":"westindia","min_tls_version":"TLS1_2","name":"devstqumukus","nfsv3_enabled":false,"public_network_access_enabled":true,"queue_encryption_key_type":"Service","resource_group_name":"dev-rg","sas_policy":[],"sftp_enabled":false,"shared_access_key_enabled":true,"static_website":[],"table_encryption_key_type":"Service","tags":null,"timeouts":null},"sensitive_values":{"azure_files_authentication":[],"blob_properties":[],"custom_domain":[],"customer_managed_key":[],"identity":[],"immutability_policy":[],"network_rules":[],"queue_properties":[],"routing":[],"sas_policy":[],"share_properties":[],"static_website":[]}}],"address":"module.storage"}]}},"resource_changes":[{"address":"module.app.azurerm_linux_web_app.example","module_address":"module.app","mode":"managed","type":"azurerm_linux_web_app","name":"example","provider_name":"registry.terraform.io/hashicorp/azurerm","change":{"actions":["create"],"before":null,"after":{"app_settings":null,"auth_settings":[],"auth_settings_v2":[],"backup":[],"client_affinity_enabled":false,"client_certificate_enabled":false,"client_certificate_exclusion_paths":null,"client_certificate_mode":"Required","connection_string":[],"enabled":true,"https_only":false,"identity":[],"location":"westindia","logs":[],"name":"appdevqumulus","resource_group_name":"dev-rg","site_config":[{"always_on":true,"api_definition_url":null,"api_management_api_id":null,"app_command_line":null,"auto_heal_enabled":null,"auto_heal_setting":[],"container_registry_managed_identity_client_id":null,"container_registry_use_managed_identity":false,"cors":[],"ftps_state":"Disabled","health_check_path":null,"http2_enabled":false,"load_balancing_mode":"LeastRequests","local_mysql_enabled":false,"managed_pipeline_mode":"Integrated","minimum_tls_version":"1.2","remote_debugging_enabled":false,"scm_minimum_tls_version":"1.2","scm_use_main_ip_restriction":false,"use_32_bit_worker":true,"vnet_route_all_enabled":false,"websockets_enabled":false}],"sticky_settings":[],"storage_account":[],"tags":null,"timeouts":null,"virtual_network_subnet_id":null},"after_unknown":{"auth_settings":[],"auth_settings_v2":[],"backup":[],"connection_string":[],"custom_domain_verification_id":true,"default_hostname":true,"id":true,"identity":[],"key_vault_reference_identity_id":true,"kind":true,"logs":[],"outbound_ip_address_list":true,"outbound_ip_addresses":true,"possible_outbound_ip_address_list":true,"possible_outbound_ip_addresses":true,"service_plan_id":true,"site_config":[{"application_stack":true,"auto_heal_setting":[],"cors":[],"default_documents":true,"detailed_error_logging_enabled":true,"health_check_eviction_time_in_min":true,"ip_restriction":true,"linux_fx_version":true,"remote_debugging_version":true,"scm_ip_restriction":true,"scm_type":true,"worker_count":true}],"site_credential":true,"sticky_settings":[],"storage_account":[],"zip_deploy_file":true},"before_sensitive":false,"after_sensitive":{"auth_settings":[],"auth_settings_v2":[],"backup":[],"connection_string":[],"custom_domain_verification_id":true,"identity":[],"logs":[],"outbound_ip_address_list":[],"possible_outbound_ip_address_list":[],"site_config":[{"application_stack":[],"auto_heal_setting":[],"cors":[],"default_documents":[],"ip_restriction":[],"scm_ip_restriction":[]}],"site_credential":[],"sticky_settings":[],"storage_account":[]}}},{"address":"module.asp-plan.azurerm_app_service_plan.asp","module_address":"module.asp-plan","mode":"managed","type":"azurerm_app_service_plan","name":"asp","provider_name":"registry.terraform.io/hashicorp/azurerm","change":{"actions":["create"],"before":null,"after":{"app_service_environment_id":null,"is_xenon":null,"kind":"Windows","location":"westindia","name":"dev-asp","per_site_scaling":null,"reserved":null,"resource_group_name":"dev-rg","sku":[{"size":"S1","tier":"Standard"}],"tags":null,"timeouts":null,"zone_redundant":null},"after_unknown":{"id":true,"maximum_elastic_worker_count":true,"maximum_number_of_workers":true,"sku":[{"capacity":true}]},"before_sensitive":false,"after_sensitive":{"sku":[{}]}}},{"address":"module.cosmosdb.azurerm_cosmosdb_account.db","module_address":"module.cosmosdb","mode":"managed","type":"azurerm_cosmosdb_account","name":"db","provider_name":"registry.terraform.io/hashicorp/azurerm","change":{"actions":["create"],"before":null,"after":{"access_key_metadata_writes_enabled":true,"analytical_storage_enabled":false,"capabilities":[{"name":"EnableAggregationPipeline"},{"name":"EnableMongo"},{"name":"MongoDBv3.4"},{"name":"mongoEnableDocLevelTTL"}],"consistency_policy":[{"consistency_level":"BoundedStaleness","max_interval_in_seconds":300,"max_staleness_prefix":100000}],"cors_rule":[],"enable_automatic_failover":true,"enable_free_tier":false,"enable_multiple_write_locations":false,"geo_location":[{"failover_priority":0,"location":"westus","zone_redundant":false},{"failover_priority":1,"location":"eastus","zone_redundant":false}],"identity":[],"ip_range_filter":null,"is_virtual_network_filter_enabled":false,"key_vault_key_id":null,"kind":"MongoDB","local_authentication_disabled":false,"location":"westindia","name":"dev-qumulus-cosmosdb","network_acl_bypass_for_azure_services":false,"network_acl_bypass_ids":null,"offer_type":"Standard","public_network_access_enabled":true,"resource_group_name":"dev-rg","restore":[],"tags":null,"timeouts":null,"virtual_network_rule":[]},"after_unknown":{"analytical_storage":true,"backup":true,"capabilities":[{},{},{},{}],"capacity":true,"connection_strings":true,"consistency_policy":[{}],"cors_rule":[],"create_mode":true,"default_identity_type":true,"endpoint":true,"geo_location":[{"id":true},{"id":true}],"id":true,"identity":[],"mongo_server_version":true,"primary_key":true,"primary_readonly_key":true,"primary_readonly_sql_connection_string":true,"primary_sql_connection_string":true,"read_endpoints":true,"restore":[],"secondary_key":true,"secondary_readonly_key":true,"secondary_readonly_sql_connection_string":true,"secondary_sql_connection_string":true,"virtual_network_rule":[],"write_endpoints":true},"before_sensitive":false,"after_sensitive":{"analytical_storage":[],"backup":[],"capabilities":[{},{},{},{}],"capacity":[],"connection_strings":true,"consistency_policy":[{}],"cors_rule":[],"geo_location":[{},{}],"identity":[],"primary_key":true,"primary_readonly_key":true,"primary_readonly_sql_connection_string":true,"primary_sql_connection_string":true,"read_endpoints":[],"restore":[],"secondary_key":true,"secondary_readonly_key":true,"secondary_readonly_sql_connection_string":true,"secondary_sql_connection_string":true,"virtual_network_rule":[],"write_endpoints":[]}}},{"address":"module.dev_apim.azurerm_api_management.main","module_address":"module.dev_apim","mode":"managed","type":"azurerm_api_management","name":"main","provider_name":"registry.terraform.io/hashicorp/azurerm","change":{"actions":["create"],"before":null,"after":{"additional_location":[],"certificate":[],"client_certificate_enabled":false,"gateway_disabled":false,"identity":[],"location":"westindia","min_api_version":null,"name":"dev-apim-01","public_ip_address_id":null,"public_network_access_enabled":true,"publisher_email":"company@terraform.io","publisher_name":"main","resource_group_name":"dev-rg","sku_name":"Developer_1","tags":null,"timeouts":null,"virtual_network_configuration":[],"virtual_network_type":"None","zones":null},"after_unknown":{"additional_location":[],"certificate":[],"delegation":true,"developer_portal_url":true,"gateway_regional_url":true,"gateway_url":true,"hostname_configuration":true,"id":true,"identity":[],"management_api_url":true,"notification_sender_email":true,"policy":true,"portal_url":true,"private_ip_addresses":true,"protocols":true,"public_ip_addresses":true,"scm_url":true,"security":true,"sign_in":true,"sign_up":true,"tenant_access":true,"virtual_network_configuration":[]},"before_sensitive":false,"after_sensitive":{"additional_location":[],"certificate":[],"delegation":[],"hostname_configuration":[],"identity":[],"policy":[],"private_ip_addresses":[],"protocols":[],"public_ip_addresses":[],"security":[],"sign_in":[],"sign_up":[],"tenant_access":[],"virtual_network_configuration":[]}}},{"address":"module.eventgrid.azurerm_eventgrid_topic.example","module_address":"module.eventgrid","mode":"managed","type":"azurerm_eventgrid_topic","name":"example","provider_name":"registry.terraform.io/hashicorp/azurerm","change":{"actions":["create"],"before":null,"after":{"identity":[],"inbound_ip_rule":null,"input_mapping_default_values":[],"input_mapping_fields":[],"input_schema":"EventGridSchema","local_auth_enabled":true,"location":"westindia","name":"dev-eventgrid-qumulus","public_network_access_enabled":true,"resource_group_name":"dev-rg","tags":null,"timeouts":null},"after_unknown":{"endpoint":true,"id":true,"identity":[],"input_mapping_default_values":[],"input_mapping_fields":[],"primary_access_key":true,"secondary_access_key":true},"before_sensitive":false,"after_sensitive":{"identity":[],"input_mapping_default_values":[],"input_mapping_fields":[],"primary_access_key":true,"secondary_access_key":true}}},{"address":"module.storage.azurerm_storage_account.example","module_address":"module.storage","mode":"managed","type":"azurerm_storage_account","name":"example","provider_name":"registry.terraform.io/hashicorp/azurerm","change":{"actions":["create"],"before":null,"after":{"account_kind":"StorageV2","account_replication_type":"LRS","account_tier":"Standard","allow_nested_items_to_be_public":true,"allowed_copy_scope":null,"azure_files_authentication":[],"cross_tenant_replication_enabled":true,"custom_domain":[],"customer_managed_key":[],"default_to_oauth_authentication":false,"edge_zone":null,"enable_https_traffic_only":true,"identity":[],"immutability_policy":[],"infrastructure_encryption_enabled":false,"is_hns_enabled":false,"location":"westindia","min_tls_version":"TLS1_2","name":"devstqumukus","nfsv3_enabled":false,"public_network_access_enabled":true,"queue_encryption_key_type":"Service","resource_group_name":"dev-rg","sas_policy":[],"sftp_enabled":false,"shared_access_key_enabled":true,"static_website":[],"table_encryption_key_type":"Service","tags":null,"timeouts":null},"after_unknown":{"access_tier":true,"azure_files_authentication":[],"blob_properties":true,"custom_domain":[],"customer_managed_key":[],"id":true,"identity":[],"immutability_policy":[],"large_file_share_enabled":true,"network_rules":true,"primary_access_key":true,"primary_blob_connection_string":true,"primary_blob_endpoint":true,"primary_blob_host":true,"primary_connection_string":true,"primary_dfs_endpoint":true,"primary_dfs_host":true,"primary_file_endpoint":true,"primary_file_host":true,"primary_location":true,"primary_queue_endpoint":true,"primary_queue_host":true,"primary_table_endpoint":true,"primary_table_host":true,"primary_web_endpoint":true,"primary_web_host":true,"queue_properties":true,"routing":true,"sas_policy":[],"secondary_access_key":true,"secondary_blob_connection_string":true,"secondary_blob_endpoint":true,"secondary_blob_host":true,"secondary_connection_string":true,"secondary_dfs_endpoint":true,"secondary_dfs_host":true,"secondary_file_endpoint":true,"secondary_file_host":true,"secondary_location":true,"secondary_queue_endpoint":true,"secondary_queue_host":true,"secondary_table_endpoint":true,"secondary_table_host":true,"secondary_web_endpoint":true,"secondary_web_host":true,"share_properties":true,"static_website":[]},"before_sensitive":false,"after_sensitive":{"azure_files_authentication":[],"blob_properties":[],"custom_domain":[],"customer_managed_key":[],"identity":[],"immutability_policy":[],"network_rules":[],"primary_access_key":true,"primary_blob_connection_string":true,"primary_connection_string":true,"queue_properties":[],"routing":[],"sas_policy":[],"secondary_access_key":true,"secondary_blob_connection_string":true,"secondary_connection_string":true,"share_properties":[],"static_website":[]}}}],"configuration":{"provider_config":{"azurerm":{"name":"azurerm","full_name":"registry.terraform.io/hashicorp/azurerm","expressions":{"client_id":{"references":["var.azure_client_id"]},"client_secret":{"references":["var.azure_client_secret"]},"features":[{}],"subscription_id":{"references":["var.azure_subscription_id"]},"tenant_id":{"references":["var.azure_tenant_id"]}}}},"root_module":{"module_calls":{"app":{"source":"./modules/azure_app_service","expressions":{"appname":{"constant_value":"appdevqumulus"},"aspid":{"references":["module.asp-plan.asp_id","module.asp-plan"]},"location":{"constant_value":"westindia"},"rgname":{"constant_value":"dev-rg"}},"module":{"resources":[{"address":"azurerm_linux_web_app.example","mode":"managed","type":"azurerm_linux_web_app","name":"example","provider_config_key":"azurerm","expressions":{"location":{"references":["var.location"]},"name":{"references":["var.appname"]},"resource_group_name":{"references":["var.rgname"]},"service_plan_id":{"references":["var.aspid"]},"site_config":[{}]},"schema_version":0}],"variables":{"appname":{"default":"RG-git-DEMO-LINUXVM"},"aspid":{"default":""},"location":{"default":"West US"},"rgname":{"default":"RG-git-DEMO-LINUXVM"}}}},"asp-plan":{"source":"./modules/azure_app_service_plan","expressions":{"aspname":{"constant_value":"dev-asp"},"location":{"constant_value":"westindia"},"rgname":{"constant_value":"dev-rg"},"skusize":{"constant_value":"S1"},"skutier":{"constant_value":"Standard"}},"module":{"outputs":{"asp_id":{"expression":{"references":["azurerm_app_service_plan.asp.id","azurerm_app_service_plan.asp"]},"description":"ID of app service plan"}},"resources":[{"address":"azurerm_app_service_plan.asp","mode":"managed","type":"azurerm_app_service_plan","name":"asp","provider_config_key":"azurerm","expressions":{"location":{"references":["var.location"]},"name":{"references":["var.aspname"]},"resource_group_name":{"references":["var.rgname"]},"sku":[{"size":{"references":["var.skusize"]},"tier":{"references":["var.skutier"]}}]},"schema_version":0}],"variables":{"aspname":{"default":"RG-git-DEMO-LINUXVM"},"location":{"default":"West US"},"rgname":{"default":"RG-git-DEMO-LINUXVM"},"skusize":{"default":"S1"},"skutier":{"default":"Standard"}}}},"cosmosdb":{"source":"./modules/azure_cosmos_db","expressions":{"cosmosdb_name":{"constant_value":"dev-qumulus-cosmosdb"},"kind":{"constant_value":"MongoDB"},"location":{"constant_value":"westindia"},"rgname":{"constant_value":"dev-rg"}},"module":{"resources":[{"address":"azurerm_cosmosdb_account.db","mode":"managed","type":"azurerm_cosmosdb_account","name":"db","provider_config_key":"azurerm","expressions":{"capabilities":[{"name":{"constant_value":"EnableAggregationPipeline"}},{"name":{"constant_value":"mongoEnableDocLevelTTL"}},{"name":{"constant_value":"MongoDBv3.4"}},{"name":{"constant_value":"EnableMongo"}}],"consistency_policy":[{"consistency_level":{"constant_value":"BoundedStaleness"},"max_interval_in_seconds":{"constant_value":300},"max_staleness_prefix":{"constant_value":100000}}],"enable_automatic_failover":{"constant_value":true},"geo_location":[{"failover_priority":{"constant_value":1},"location":{"constant_value":"eastus"}},{"failover_priority":{"constant_value":0},"location":{"constant_value":"westus"}}],"kind":{"references":["var.kind"]},"location":{"references":["var.location"]},"name":{"references":["var.cosmosdb_name"]},"offer_type":{"references":["var.offer_type"]},"resource_group_name":{"references":["var.rgname"]}},"schema_version":0}],"variables":{"cosmosdb_name":{"default":"dev-cosmos"},"kind":{"default":"MongoDB"},"location":{"default":"West US"},"offer_type":{"default":"Standard"},"rgname":{"default":"RG-git-DEMO-LINUXVM"}}}},"dev_apim":{"source":"./modules/azure_apim","expressions":{"apimname":{"constant_value":"dev-apim-01"},"location":{"constant_value":"westindia"},"rgname":{"constant_value":"dev-rg"},"sku":{"constant_value":"Developer_1"}},"module":{"resources":[{"address":"azurerm_api_management.main","mode":"managed","type":"azurerm_api_management","name":"main","provider_config_key":"azurerm","expressions":{"location":{"references":["var.location"]},"name":{"references":["var.apimname"]},"publisher_email":{"constant_value":"company@terraform.io"},"publisher_name":{"constant_value":"main"},"resource_group_name":{"references":["var.rgname"]},"sku_name":{"references":["var.sku"]}},"schema_version":0}],"variables":{"apimname":{"default":"RG-git-DEMO-LINUXVM"},"location":{"default":"West US"},"rgname":{"default":"RG-git-DEMO-LINUXVM"},"sku":{"default":"developer"}}}},"eventgrid":{"source":"./modules/azure_event_grid","expressions":{"eventgridname":{"constant_value":"dev-eventgrid-qumulus"},"location":{"constant_value":"westindia"},"rgname":{"constant_value":"dev-rg"}},"module":{"resources":[{"address":"azurerm_eventgrid_topic.example","mode":"managed","type":"azurerm_eventgrid_topic","name":"example","provider_config_key":"azurerm","expressions":{"location":{"references":["var.location"]},"name":{"references":["var.eventgridname"]},"resource_group_name":{"references":["var.rgname"]}},"schema_version":0}],"variables":{"eventgridname":{"default":"dev-eventgrid"},"location":{"default":"West US"},"rgname":{"default":"RG-git-DEMO-LINUXVM"}}}},"storage":{"source":"./modules/azure_storage","expressions":{"accounttype":{"constant_value":"Standard"},"location":{"constant_value":"westindia"},"replicationtype":{"constant_value":"LRS"},"rgname":{"constant_value":"dev-rg"},"storagename":{"constant_value":"devstqumukus"}},"module":{"resources":[{"address":"azurerm_storage_account.example","mode":"managed","type":"azurerm_storage_account","name":"example","provider_config_key":"azurerm","expressions":{"account_replication_type":{"references":["var.replicationtype"]},"account_tier":{"references":["var.accounttype"]},"location":{"references":["var.location"]},"name":{"references":["var.storagename"]},"resource_group_name":{"references":["var.rgname"]}},"schema_version":3}],"variables":{"accounttype":{"default":"Standard"},"location":{"default":"West US"},"replicationtype":{"default":"LRS"},"rgname":{"default":"RG-git-DEMO-LINUXVM"},"storagename":{"default":"RG-git-DEMO-LINUXVM"}}}}},"variables":{"azure_client_id":{"default":"29ebb4db-5e70-4a08-91bc-ce8110dce1ba","description":"description"},"azure_client_secret":{"default":"VxG8Q~QnjFdBBN1W_JpysUshqc5Yr~ApbfSnybLs","description":"description"},"azure_subscription_id":{"default":"0cf4b9c0-6ddb-4a25-b37d-b23996c00682","description":"description"},"azure_tenant_id":{"default":"b9f3d99d-e628-46c4-ae5e-62780b3a2d4b","description":"description"}}}},"relevant_attributes":[{"resource":"module.asp-plan.azurerm_app_service_plan.asp","attribute":["id"]}]}
